// !$*UTF8*$!
{
	archiveVersion = 1;
	classes = {
	};
	objectVersion = 77;
	objects = {

/* Begin PBXBuildFile section */
		D3137DBB2D3976580070033A /* PlayolaAlert.swift in Sources */ = {isa = PBXBuildFile; fileRef = D3137DBA2D3976550070033A /* PlayolaAlert.swift */; };
		D3137DC02D39818E0070033A /* MailServiceMock.swift in Sources */ = {isa = PBXBuildFile; fileRef = D3137DBF2D3981880070033A /* MailServiceMock.swift */; };
		D3137DC22D39B5070070033A /* StationListPageTests.swift in Sources */ = {isa = PBXBuildFile; fileRef = D3137DC12D39B4FC0070033A /* StationListPageTests.swift */; };
		D3137DC62D39BEE00070033A /* URLStreamPlayerMock.swift in Sources */ = {isa = PBXBuildFile; fileRef = D3137DC52D39BEDD0070033A /* URLStreamPlayerMock.swift */; };
		D3137DCF2D3AA1E40070033A /* PlayolaSheet.swift in Sources */ = {isa = PBXBuildFile; fileRef = D3137DCE2D3AA1E10070033A /* PlayolaSheet.swift */; };
		D3137DD22D3ABB520070033A /* GenericNowPlaying.swift in Sources */ = {isa = PBXBuildFile; fileRef = D3137DD12D3ABB4F0070033A /* GenericNowPlaying.swift */; };
		D3137DD42D3AC9BE0070033A /* EnumTypeEquatableProtocol.swift in Sources */ = {isa = PBXBuildFile; fileRef = D3137DD32D3AC9B40070033A /* EnumTypeEquatableProtocol.swift */; };
		D31C43A82D3C19640021AAE4 /* StationPlayer.swift in Sources */ = {isa = PBXBuildFile; fileRef = D31C43A72D3C195B0021AAE4 /* StationPlayer.swift */; };
		D31C43AA2D3C39110021AAE4 /* StationPlayerMock.swift in Sources */ = {isa = PBXBuildFile; fileRef = D31C43A92D3C390C0021AAE4 /* StationPlayerMock.swift */; };
		D31C43AC2D3C65840021AAE4 /* NavigationCoordinatorMock.swift in Sources */ = {isa = PBXBuildFile; fileRef = D31C43AB2D3C657F0021AAE4 /* NavigationCoordinatorMock.swift */; };
		D31C43D42D3C783B0021AAE4 /* PlayolaPlayer in Frameworks */ = {isa = PBXBuildFile; productRef = D31C43D32D3C783B0021AAE4 /* PlayolaPlayer */; };
		D31CD5232DFBA1F2009B9780 /* ViewModel.swift in Sources */ = {isa = PBXBuildFile; fileRef = D31CD5222DFBA1EC009B9780 /* ViewModel.swift */; };
		D31CD5272DFBB4DF009B9780 /* MainContainerTests.swift in Sources */ = {isa = PBXBuildFile; fileRef = D31CD5252DFBB47D009B9780 /* MainContainerTests.swift */; };
		D339E5672BFD10AE00B9E35B /* StationListPage.swift in Sources */ = {isa = PBXBuildFile; fileRef = D339E5662BFD10AE00B9E35B /* StationListPage.swift */; };
		D339E5692BFD1C0800B9E35B /* APIClient.swift in Sources */ = {isa = PBXBuildFile; fileRef = D339E5682BFD1C0800B9E35B /* APIClient.swift */; };
		D339E56D2BFD2FAB00B9E35B /* URLStreamPlayer.swift in Sources */ = {isa = PBXBuildFile; fileRef = D339E56C2BFD2FAB00B9E35B /* URLStreamPlayer.swift */; };
		D339E56F2BFD306600B9E35B /* FRadioPlayerMetadata+Equatable.swift in Sources */ = {isa = PBXBuildFile; fileRef = D339E56E2BFD306600B9E35B /* FRadioPlayerMetadata+Equatable.swift */; };
		D339E57C2BFD698600B9E35B /* Mail.swift in Sources */ = {isa = PBXBuildFile; fileRef = D339E57B2BFD698600B9E35B /* Mail.swift */; };
		D339E57E2BFD750700B9E35B /* MailService.swift in Sources */ = {isa = PBXBuildFile; fileRef = D339E57D2BFD750700B9E35B /* MailService.swift */; };
		D342A0C72DFCB368002BAC30 /* HomePageTests.swift in Sources */ = {isa = PBXBuildFile; fileRef = D37257B32DF88BD9001BC6F9 /* HomePageTests.swift */; };
		D34D5C392D7106CD00148048 /* AuthServiceMock.swift in Sources */ = {isa = PBXBuildFile; fileRef = D34D5C382D7106CA00148048 /* AuthServiceMock.swift */; };
		D3536A052BFA4F49006942D6 /* PlayolaRadioApp.swift in Sources */ = {isa = PBXBuildFile; fileRef = D3536A042BFA4F49006942D6 /* PlayolaRadioApp.swift */; };
		D3536A072BFA4F49006942D6 /* ContentView.swift in Sources */ = {isa = PBXBuildFile; fileRef = D3536A062BFA4F49006942D6 /* ContentView.swift */; };
		D3536A092BFA4F4A006942D6 /* Assets.xcassets in Resources */ = {isa = PBXBuildFile; fileRef = D3536A082BFA4F4A006942D6 /* Assets.xcassets */; };
		D3536A0C2BFA4F4A006942D6 /* Preview Assets.xcassets in Resources */ = {isa = PBXBuildFile; fileRef = D3536A0B2BFA4F4A006942D6 /* Preview Assets.xcassets */; };
		D3536A302BFA5523006942D6 /* ComposableArchitecture in Frameworks */ = {isa = PBXBuildFile; productRef = D3536A2F2BFA5523006942D6 /* ComposableArchitecture */; };
		D3536A322BFA64AB006942D6 /* StationList.swift in Sources */ = {isa = PBXBuildFile; fileRef = D3536A312BFA64AB006942D6 /* StationList.swift */; };
		D3536A3A2BFA6520006942D6 /* Bundle+Misc.swift in Sources */ = {isa = PBXBuildFile; fileRef = D3536A362BFA6520006942D6 /* Bundle+Misc.swift */; };
		D3536A3B2BFA6520006942D6 /* Color+Hex.swift in Sources */ = {isa = PBXBuildFile; fileRef = D3536A372BFA6520006942D6 /* Color+Hex.swift */; };
		D3536A3C2BFA6520006942D6 /* UIImage+Cache.swift in Sources */ = {isa = PBXBuildFile; fileRef = D3536A382BFA6520006942D6 /* UIImage+Cache.swift */; };
		D35673B02D3DC55900E4E926 /* CarPlaySceneDelegate.swift in Sources */ = {isa = PBXBuildFile; fileRef = D35673AF2D3DC54F00E4E926 /* CarPlaySceneDelegate.swift */; };
		D35673B22D3DC59300E4E926 /* RadioStation.swift in Sources */ = {isa = PBXBuildFile; fileRef = D35673B12D3DC59100E4E926 /* RadioStation.swift */; };
		D35673B72D3DC6EC00E4E926 /* Mixpanel in Frameworks */ = {isa = PBXBuildFile; productRef = D35673B62D3DC6EC00E4E926 /* Mixpanel */; };
		D35673BA2D3DC9EE00E4E926 /* Config.swift in Sources */ = {isa = PBXBuildFile; fileRef = D35673B92D3DC9ED00E4E926 /* Config.swift */; };
		D35673BE2D3DCA2600E4E926 /* Secrets.xcconfig in Resources */ = {isa = PBXBuildFile; fileRef = D35673BD2D3DCA1E00E4E926 /* Secrets.xcconfig */; };
		D35673C02D3DCA3F00E4E926 /* Secrets-Example.xcconfig in Resources */ = {isa = PBXBuildFile; fileRef = D35673BF2D3DCA3600E4E926 /* Secrets-Example.xcconfig */; };
		D35673C32D3E872600E4E926 /* CPListItem+InitWithRemoteUrl.swift in Sources */ = {isa = PBXBuildFile; fileRef = D35673C22D3E871800E4E926 /* CPListItem+InitWithRemoteUrl.swift */; };
		D35673C62D3E91BD00E4E926 /* MainSceneDelegate.swift in Sources */ = {isa = PBXBuildFile; fileRef = D35673C52D3E91B900E4E926 /* MainSceneDelegate.swift */; };
		D35673C82D3EBFBA00E4E926 /* NowPlayingUpdater.swift in Sources */ = {isa = PBXBuildFile; fileRef = D35673C72D3EBFB000E4E926 /* NowPlayingUpdater.swift */; };
		D35673CB2D3EE5E900E4E926 /* Secrets-Development.xcconfig in Resources */ = {isa = PBXBuildFile; fileRef = D35673CA2D3EE5E100E4E926 /* Secrets-Development.xcconfig */; };
		D35905EC2DFCDA140064A9C1 /* StationListModel.swift in Sources */ = {isa = PBXBuildFile; fileRef = D35905EB2DFCDA110064A9C1 /* StationListModel.swift */; };
		D36FBCC02E37FC8100D1241C /* PrizeTierRow.swift in Sources */ = {isa = PBXBuildFile; fileRef = D36FBCBF2E37FC7800D1241C /* PrizeTierRow.swift */; };
		D37257AB2DF87C72001BC6F9 /* LaunchScreen.storyboard in Resources */ = {isa = PBXBuildFile; fileRef = D37257AA2DF87C72001BC6F9 /* LaunchScreen.storyboard */; };
		D37257B02DF88BB7001BC6F9 /* HomePageView.swift in Sources */ = {isa = PBXBuildFile; fileRef = D37257AF2DF88BB2001BC6F9 /* HomePageView.swift */; };
		D37257B22DF88BC1001BC6F9 /* HomePageModel.swift in Sources */ = {isa = PBXBuildFile; fileRef = D37257B12DF88BBD001BC6F9 /* HomePageModel.swift */; };
		D37257B72DF88DCD001BC6F9 /* CircleSection.swift in Sources */ = {isa = PBXBuildFile; fileRef = D37257B62DF88DBF001BC6F9 /* CircleSection.swift */; };
		D37257BB2DF891D5001BC6F9 /* SpaceGrotesk.ttf in Resources */ = {isa = PBXBuildFile; fileRef = D37257BA2DF891D5001BC6F9 /* SpaceGrotesk.ttf */; };
		D37257BD2DF893C6001BC6F9 /* View+ListInstalledFonts.swift in Sources */ = {isa = PBXBuildFile; fileRef = D37257BC2DF893BB001BC6F9 /* View+ListInstalledFonts.swift */; };
		D37257C02DF8E407001BC6F9 /* Inter-Italic.ttf in Resources */ = {isa = PBXBuildFile; fileRef = D37257BF2DF8E407001BC6F9 /* Inter-Italic.ttf */; };
		D37257C12DF8E407001BC6F9 /* Inter.ttf in Resources */ = {isa = PBXBuildFile; fileRef = D37257BE2DF8E407001BC6F9 /* Inter.ttf */; };
		D37257C42DF8F885001BC6F9 /* circleBackground.swift in Sources */ = {isa = PBXBuildFile; fileRef = D37257C32DF8F87F001BC6F9 /* circleBackground.swift */; };
		D37257C62DF9F064001BC6F9 /* HomePageStationList.swift in Sources */ = {isa = PBXBuildFile; fileRef = D37257C52DF9EF8D001BC6F9 /* HomePageStationList.swift */; };
		D37257C92DFA247D001BC6F9 /* MainContainer.swift in Sources */ = {isa = PBXBuildFile; fileRef = D37257C82DFA247A001BC6F9 /* MainContainer.swift */; };
		D37257CC2DFA3F83001BC6F9 /* FontNames.swift in Sources */ = {isa = PBXBuildFile; fileRef = D37257CB2DFA3F7F001BC6F9 /* FontNames.swift */; };
		D37257D02DFB4368001BC6F9 /* PlayerPage.swift in Sources */ = {isa = PBXBuildFile; fileRef = D37257CF2DFB4364001BC6F9 /* PlayerPage.swift */; };
		D378CCCE2E56011A00497A4A /* SignInPageModel.swift in Sources */ = {isa = PBXBuildFile; fileRef = D378CCCD2E56011500497A4A /* SignInPageModel.swift */; };
		D378CCD02E57947800497A4A /* ShareSheet.swift in Sources */ = {isa = PBXBuildFile; fileRef = D378CCCF2E57947800497A4A /* ShareSheet.swift */; };
		D38031352E00AFD20011DD64 /* PlayerPageTests.swift in Sources */ = {isa = PBXBuildFile; fileRef = D38031332E00AD9F0011DD64 /* PlayerPageTests.swift */; };
		D382671C2E00C1460006BAC2 /* SmallPlayer.swift in Sources */ = {isa = PBXBuildFile; fileRef = D382671B2E00C13E0006BAC2 /* SmallPlayer.swift */; };
		D395910F2E38069200720CF8 /* SDWebImageSwiftUI in Frameworks */ = {isa = PBXBuildFile; productRef = D395910E2E38069200720CF8 /* SDWebImageSwiftUI */; };
		D39591122E3808A900720CF8 /* SDWebImageSVGCoder in Frameworks */ = {isa = PBXBuildFile; productRef = D39591112E3808A900720CF8 /* SDWebImageSVGCoder */; };
		D39591152E39932000720CF8 /* ContactPageView.swift in Sources */ = {isa = PBXBuildFile; fileRef = D39591142E39931D00720CF8 /* ContactPageView.swift */; };
		D39591172E39932600720CF8 /* ContactPageModel.swift in Sources */ = {isa = PBXBuildFile; fileRef = D39591162E39932300720CF8 /* ContactPageModel.swift */; };
		D395911A2E39933800720CF8 /* ContactPageTests.swift in Sources */ = {isa = PBXBuildFile; fileRef = D39591182E39932800720CF8 /* ContactPageTests.swift */; };
		D39591262E3BB70000720CF8 /* EditProfilePageView.swift in Sources */ = {isa = PBXBuildFile; fileRef = D39591252E3BB6FC00720CF8 /* EditProfilePageView.swift */; };
		D39591282E3BB70B00720CF8 /* EditProfilePageModel.swift in Sources */ = {isa = PBXBuildFile; fileRef = D39591272E3BB70500720CF8 /* EditProfilePageModel.swift */; };
		D395912A2E3BD02B00720CF8 /* MainContainerNavigationCoordinator.swift in Sources */ = {isa = PBXBuildFile; fileRef = D39591292E3BD02300720CF8 /* MainContainerNavigationCoordinator.swift */; };
		D395912D2E3D1E1E00720CF8 /* EditProfilePageTests.swift in Sources */ = {isa = PBXBuildFile; fileRef = D395912B2E3D1E0F00720CF8 /* EditProfilePageTests.swift */; };
		D3A08A2F2E4E2A35002468E0 /* AnalyticsClient.swift in Sources */ = {isa = PBXBuildFile; fileRef = D3A08A2E2E4E2A31002468E0 /* AnalyticsClient.swift */; };
		D3A08A312E4E2E2A002468E0 /* AnalyticsEvent.swift in Sources */ = {isa = PBXBuildFile; fileRef = D3A08A302E4E2E0F002468E0 /* AnalyticsEvent.swift */; };
		D3A08A352E4E6F66002468E0 /* NowPlayingUpdaterTests.swift in Sources */ = {isa = PBXBuildFile; fileRef = D3A08A332E4E6F5D002468E0 /* NowPlayingUpdaterTests.swift */; };
		D3A08A382E53A774002468E0 /* InvitationCodePageModel.swift in Sources */ = {isa = PBXBuildFile; fileRef = D3A08A372E53A771002468E0 /* InvitationCodePageModel.swift */; };
		D3A08A3A2E53A788002468E0 /* InvitationCodePageView.swift in Sources */ = {isa = PBXBuildFile; fileRef = D3A08A392E53A784002468E0 /* InvitationCodePageView.swift */; };
		D3A08A3D2E53A7C6002468E0 /* InvitationCodePageTests.swift in Sources */ = {isa = PBXBuildFile; fileRef = D3A08A3B2E53A78C002468E0 /* InvitationCodePageTests.swift */; };
		D3A2761E2D43C747006055AF /* GoogleSignIn in Frameworks */ = {isa = PBXBuildFile; productRef = D3A2761D2D43C747006055AF /* GoogleSignIn */; };
		D3A276202D43C747006055AF /* GoogleSignInSwift in Frameworks */ = {isa = PBXBuildFile; productRef = D3A2761F2D43C747006055AF /* GoogleSignInSwift */; };
		D3A276692D49628C006055AF /* UIApplication+keyWindow.swift in Sources */ = {isa = PBXBuildFile; fileRef = D3A276682D496282006055AF /* UIApplication+keyWindow.swift */; };
		D3B662682D3F58E700975D2F /* FRadioPlayer in Frameworks */ = {isa = PBXBuildFile; productRef = D3B662672D3F58E700975D2F /* FRadioPlayer */; };
		D3B6626A2D40103C00975D2F /* SignInPageView.swift in Sources */ = {isa = PBXBuildFile; fileRef = D3B662692D40103800975D2F /* SignInPageView.swift */; };
		D3B6626D2D4016C200975D2F /* NavigationCoordinator.swift in Sources */ = {isa = PBXBuildFile; fileRef = D3B6626C2D4016BF00975D2F /* NavigationCoordinator.swift */; };
		D3B662702D40352500975D2F /* Alamofire in Frameworks */ = {isa = PBXBuildFile; productRef = D3B6626F2D40352500975D2F /* Alamofire */; };
		D3B662722D4161E100975D2F /* AppleSignInInfo.swift in Sources */ = {isa = PBXBuildFile; fileRef = D3B662712D41618500975D2F /* AppleSignInInfo.swift */; };
		D3B662742D419C3300975D2F /* LoggedInUser.swift in Sources */ = {isa = PBXBuildFile; fileRef = D3B662732D419C3100975D2F /* LoggedInUser.swift */; };
		D3B662762D41B0D200975D2F /* SignInPageTests.swift in Sources */ = {isa = PBXBuildFile; fileRef = D3B662752D41B0C700975D2F /* SignInPageTests.swift */; };
		D3B662C32D4272F900975D2F /* Secrets-Local.xcconfig in Resources */ = {isa = PBXBuildFile; fileRef = D3B662C22D4272ED00975D2F /* Secrets-Local.xcconfig */; };
		D3B744A12E2ED6AC0042A427 /* Dependencies in Frameworks */ = {isa = PBXBuildFile; productRef = D3B744A02E2ED6AC0042A427 /* Dependencies */; };
		D3B744A32E2ED6AC0042A427 /* DependenciesMacros in Frameworks */ = {isa = PBXBuildFile; productRef = D3B744A22E2ED6AC0042A427 /* DependenciesMacros */; };
		D3B744A82E2F185F0042A427 /* SmallPlayerTests.swift in Sources */ = {isa = PBXBuildFile; fileRef = D3B744A62E2F18530042A427 /* SmallPlayerTests.swift */; };
		D3B744AD2E2FCD930042A427 /* MainContainerModel.swift in Sources */ = {isa = PBXBuildFile; fileRef = D3B744AC2E2FCD8E0042A427 /* MainContainerModel.swift */; };
		D3B744B02E2FE6FB0042A427 /* RewardsProfile.swift in Sources */ = {isa = PBXBuildFile; fileRef = D3B744AF2E2FE6F80042A427 /* RewardsProfile.swift */; };
		D3B744B42E2FECE10042A427 /* LocalListeningSession.swift in Sources */ = {isa = PBXBuildFile; fileRef = D3B744B32E2FECC80042A427 /* LocalListeningSession.swift */; };
		D3B744B72E2FED940042A427 /* ListeningTracker.swift in Sources */ = {isa = PBXBuildFile; fileRef = D3B744B62E2FED8D0042A427 /* ListeningTracker.swift */; };
		D3B744B92E2FF16F0042A427 /* ListeningTimeTile.swift in Sources */ = {isa = PBXBuildFile; fileRef = D3B744B82E2FF1600042A427 /* ListeningTimeTile.swift */; };
		D3B744BC2E312FB60042A427 /* ListeningTrackerTests.swift in Sources */ = {isa = PBXBuildFile; fileRef = D3B744BA2E312FA80042A427 /* ListeningTrackerTests.swift */; };
		D3B744C02E3131730042A427 /* RewardsPageModel.swift in Sources */ = {isa = PBXBuildFile; fileRef = D3B744BF2E31316D0042A427 /* RewardsPageModel.swift */; };
		D3B744C22E31317B0042A427 /* RewardsPageView.swift in Sources */ = {isa = PBXBuildFile; fileRef = D3B744C12E3131770042A427 /* RewardsPageView.swift */; };
		D3B744C52E31318A0042A427 /* RewardsPageTests.swift in Sources */ = {isa = PBXBuildFile; fileRef = D3B744C32E31317F0042A427 /* RewardsPageTests.swift */; };
		D3B744C82E31399E0042A427 /* ListeningTimeTileModel.swift in Sources */ = {isa = PBXBuildFile; fileRef = D3B744C72E3139960042A427 /* ListeningTimeTileModel.swift */; };
		D3B744CB2E313B230042A427 /* ListeningTimeTileTests.swift in Sources */ = {isa = PBXBuildFile; fileRef = D3B744C92E313B170042A427 /* ListeningTimeTileTests.swift */; };
		D3B744CD2E368DB50042A427 /* Prize.swift in Sources */ = {isa = PBXBuildFile; fileRef = D3B744CC2E368D790042A427 /* Prize.swift */; };
		D3BECAC42E2017DE0009E618 /* PlayolaTokenProviderTests.swift in Sources */ = {isa = PBXBuildFile; fileRef = D3BECAC32E2017DE0009E618 /* PlayolaTokenProviderTests.swift */; };
		D3BECAC62E201A380009E618 /* PlayolaTokenProvider.swift in Sources */ = {isa = PBXBuildFile; fileRef = D3BECAC52E201A380009E618 /* PlayolaTokenProvider.swift */; };
		D3BEE95D2D49A3BD00469CDC /* Testing in Frameworks */ = {isa = PBXBuildFile; productRef = D3BEE95C2D49A3BD00469CDC /* Testing */; };
		D3CE19032D3C825C0091B888 /* PlayolaPlayer in Frameworks */ = {isa = PBXBuildFile; productRef = D3CE19022D3C825C0091B888 /* PlayolaPlayer */; };
		D3CE19052D3CA6180091B888 /* SharedUserDefaults.swift in Sources */ = {isa = PBXBuildFile; fileRef = D3CE19042D3CA6150091B888 /* SharedUserDefaults.swift */; };
		D3D6CE5F2D5ECED50059BDCA /* UrlStreamListeningSessionReporter.swift in Sources */ = {isa = PBXBuildFile; fileRef = D3D6CE5E2D5ECECB0059BDCA /* UrlStreamListeningSessionReporter.swift */; };
		D3FA612A2E00584200E9DF49 /* PlayerPageModel.swift in Sources */ = {isa = PBXBuildFile; fileRef = D3FA61292E00583F00E9DF49 /* PlayerPageModel.swift */; };
		D3FE88842E37EF29009AE7B7 /* PrizeTier.swift in Sources */ = {isa = PBXBuildFile; fileRef = D3FE88832E37EF24009AE7B7 /* PrizeTier.swift */; };
/* End PBXBuildFile section */

/* Begin PBXContainerItemProxy section */
		D3536A122BFA4F4A006942D6 /* PBXContainerItemProxy */ = {
			isa = PBXContainerItemProxy;
			containerPortal = D35369F92BFA4F49006942D6 /* Project object */;
			proxyType = 1;
			remoteGlobalIDString = D3536A002BFA4F49006942D6;
			remoteInfo = PlayolaRadio;
		};
/* End PBXContainerItemProxy section */

/* Begin PBXFileReference section */
		D3137DBA2D3976550070033A /* PlayolaAlert.swift */ = {isa = PBXFileReference; lastKnownFileType = sourcecode.swift; path = PlayolaAlert.swift; sourceTree = "<group>"; };
		D3137DBF2D3981880070033A /* MailServiceMock.swift */ = {isa = PBXFileReference; lastKnownFileType = sourcecode.swift; path = MailServiceMock.swift; sourceTree = "<group>"; };
		D3137DC12D39B4FC0070033A /* StationListPageTests.swift */ = {isa = PBXFileReference; lastKnownFileType = sourcecode.swift; path = StationListPageTests.swift; sourceTree = "<group>"; };
		D3137DC52D39BEDD0070033A /* URLStreamPlayerMock.swift */ = {isa = PBXFileReference; lastKnownFileType = sourcecode.swift; path = URLStreamPlayerMock.swift; sourceTree = "<group>"; };
		D3137DCE2D3AA1E10070033A /* PlayolaSheet.swift */ = {isa = PBXFileReference; lastKnownFileType = sourcecode.swift; path = PlayolaSheet.swift; sourceTree = "<group>"; };
		D3137DD12D3ABB4F0070033A /* GenericNowPlaying.swift */ = {isa = PBXFileReference; lastKnownFileType = sourcecode.swift; path = GenericNowPlaying.swift; sourceTree = "<group>"; };
		D3137DD32D3AC9B40070033A /* EnumTypeEquatableProtocol.swift */ = {isa = PBXFileReference; lastKnownFileType = sourcecode.swift; path = EnumTypeEquatableProtocol.swift; sourceTree = "<group>"; };
		D31C43A72D3C195B0021AAE4 /* StationPlayer.swift */ = {isa = PBXFileReference; lastKnownFileType = sourcecode.swift; path = StationPlayer.swift; sourceTree = "<group>"; };
		D31C43A92D3C390C0021AAE4 /* StationPlayerMock.swift */ = {isa = PBXFileReference; lastKnownFileType = sourcecode.swift; path = StationPlayerMock.swift; sourceTree = "<group>"; };
		D31C43AB2D3C657F0021AAE4 /* NavigationCoordinatorMock.swift */ = {isa = PBXFileReference; lastKnownFileType = sourcecode.swift; path = NavigationCoordinatorMock.swift; sourceTree = "<group>"; };
		D31CD5222DFBA1EC009B9780 /* ViewModel.swift */ = {isa = PBXFileReference; lastKnownFileType = sourcecode.swift; path = ViewModel.swift; sourceTree = "<group>"; };
		D31CD5252DFBB47D009B9780 /* MainContainerTests.swift */ = {isa = PBXFileReference; lastKnownFileType = sourcecode.swift; path = MainContainerTests.swift; sourceTree = "<group>"; };
		D339E5662BFD10AE00B9E35B /* StationListPage.swift */ = {isa = PBXFileReference; lastKnownFileType = sourcecode.swift; path = StationListPage.swift; sourceTree = "<group>"; };
		D339E5682BFD1C0800B9E35B /* APIClient.swift */ = {isa = PBXFileReference; lastKnownFileType = sourcecode.swift; path = APIClient.swift; sourceTree = "<group>"; };
		D339E56C2BFD2FAB00B9E35B /* URLStreamPlayer.swift */ = {isa = PBXFileReference; lastKnownFileType = sourcecode.swift; path = URLStreamPlayer.swift; sourceTree = "<group>"; };
		D339E56E2BFD306600B9E35B /* FRadioPlayerMetadata+Equatable.swift */ = {isa = PBXFileReference; lastKnownFileType = sourcecode.swift; path = "FRadioPlayerMetadata+Equatable.swift"; sourceTree = "<group>"; };
		D339E57B2BFD698600B9E35B /* Mail.swift */ = {isa = PBXFileReference; lastKnownFileType = sourcecode.swift; path = Mail.swift; sourceTree = "<group>"; };
		D339E57D2BFD750700B9E35B /* MailService.swift */ = {isa = PBXFileReference; lastKnownFileType = sourcecode.swift; path = MailService.swift; sourceTree = "<group>"; };
		D34D5C382D7106CA00148048 /* AuthServiceMock.swift */ = {isa = PBXFileReference; lastKnownFileType = sourcecode.swift; path = AuthServiceMock.swift; sourceTree = "<group>"; };
		D3536A012BFA4F49006942D6 /* PlayolaRadio.app */ = {isa = PBXFileReference; explicitFileType = wrapper.application; includeInIndex = 0; path = PlayolaRadio.app; sourceTree = BUILT_PRODUCTS_DIR; };
		D3536A042BFA4F49006942D6 /* PlayolaRadioApp.swift */ = {isa = PBXFileReference; lastKnownFileType = sourcecode.swift; path = PlayolaRadioApp.swift; sourceTree = "<group>"; };
		D3536A062BFA4F49006942D6 /* ContentView.swift */ = {isa = PBXFileReference; lastKnownFileType = sourcecode.swift; path = ContentView.swift; sourceTree = "<group>"; };
		D3536A082BFA4F4A006942D6 /* Assets.xcassets */ = {isa = PBXFileReference; lastKnownFileType = folder.assetcatalog; path = Assets.xcassets; sourceTree = "<group>"; };
		D3536A0B2BFA4F4A006942D6 /* Preview Assets.xcassets */ = {isa = PBXFileReference; lastKnownFileType = folder.assetcatalog; path = "Preview Assets.xcassets"; sourceTree = "<group>"; };
		D3536A112BFA4F4A006942D6 /* PlayolaRadioTests.xctest */ = {isa = PBXFileReference; explicitFileType = wrapper.cfbundle; includeInIndex = 0; path = PlayolaRadioTests.xctest; sourceTree = BUILT_PRODUCTS_DIR; };
		D3536A312BFA64AB006942D6 /* StationList.swift */ = {isa = PBXFileReference; lastKnownFileType = sourcecode.swift; path = StationList.swift; sourceTree = "<group>"; };
		D3536A362BFA6520006942D6 /* Bundle+Misc.swift */ = {isa = PBXFileReference; fileEncoding = 4; lastKnownFileType = sourcecode.swift; path = "Bundle+Misc.swift"; sourceTree = "<group>"; };
		D3536A372BFA6520006942D6 /* Color+Hex.swift */ = {isa = PBXFileReference; fileEncoding = 4; lastKnownFileType = sourcecode.swift; path = "Color+Hex.swift"; sourceTree = "<group>"; };
		D3536A382BFA6520006942D6 /* UIImage+Cache.swift */ = {isa = PBXFileReference; fileEncoding = 4; lastKnownFileType = sourcecode.swift; path = "UIImage+Cache.swift"; sourceTree = "<group>"; };
		D35673AF2D3DC54F00E4E926 /* CarPlaySceneDelegate.swift */ = {isa = PBXFileReference; lastKnownFileType = sourcecode.swift; path = CarPlaySceneDelegate.swift; sourceTree = "<group>"; };
		D35673B12D3DC59100E4E926 /* RadioStation.swift */ = {isa = PBXFileReference; lastKnownFileType = sourcecode.swift; path = RadioStation.swift; sourceTree = "<group>"; };
		D35673B92D3DC9ED00E4E926 /* Config.swift */ = {isa = PBXFileReference; lastKnownFileType = sourcecode.swift; path = Config.swift; sourceTree = "<group>"; };
		D35673BD2D3DCA1E00E4E926 /* Secrets.xcconfig */ = {isa = PBXFileReference; lastKnownFileType = text.xcconfig; path = Secrets.xcconfig; sourceTree = "<group>"; };
		D35673BF2D3DCA3600E4E926 /* Secrets-Example.xcconfig */ = {isa = PBXFileReference; lastKnownFileType = text.xcconfig; path = "Secrets-Example.xcconfig"; sourceTree = "<group>"; };
		D35673C12D3DCF6000E4E926 /* Info.plist */ = {isa = PBXFileReference; lastKnownFileType = text.plist; path = Info.plist; sourceTree = "<group>"; };
		D35673C22D3E871800E4E926 /* CPListItem+InitWithRemoteUrl.swift */ = {isa = PBXFileReference; lastKnownFileType = sourcecode.swift; path = "CPListItem+InitWithRemoteUrl.swift"; sourceTree = "<group>"; };
		D35673C42D3E8E1E00E4E926 /* PlayolaRadio.entitlements */ = {isa = PBXFileReference; lastKnownFileType = text.plist.entitlements; path = PlayolaRadio.entitlements; sourceTree = "<group>"; };
		D35673C52D3E91B900E4E926 /* MainSceneDelegate.swift */ = {isa = PBXFileReference; lastKnownFileType = sourcecode.swift; path = MainSceneDelegate.swift; sourceTree = "<group>"; };
		D35673C72D3EBFB000E4E926 /* NowPlayingUpdater.swift */ = {isa = PBXFileReference; lastKnownFileType = sourcecode.swift; path = NowPlayingUpdater.swift; sourceTree = "<group>"; };
		D35673CA2D3EE5E100E4E926 /* Secrets-Development.xcconfig */ = {isa = PBXFileReference; lastKnownFileType = text.xcconfig; path = "Secrets-Development.xcconfig"; sourceTree = "<group>"; };
		D35905EB2DFCDA110064A9C1 /* StationListModel.swift */ = {isa = PBXFileReference; lastKnownFileType = sourcecode.swift; path = StationListModel.swift; sourceTree = "<group>"; };
		D36FBCBF2E37FC7800D1241C /* PrizeTierRow.swift */ = {isa = PBXFileReference; lastKnownFileType = sourcecode.swift; path = PrizeTierRow.swift; sourceTree = "<group>"; };
		D37257AA2DF87C72001BC6F9 /* LaunchScreen.storyboard */ = {isa = PBXFileReference; lastKnownFileType = file.storyboard; path = LaunchScreen.storyboard; sourceTree = "<group>"; };
		D37257AF2DF88BB2001BC6F9 /* HomePageView.swift */ = {isa = PBXFileReference; lastKnownFileType = sourcecode.swift; path = HomePageView.swift; sourceTree = "<group>"; };
		D37257B12DF88BBD001BC6F9 /* HomePageModel.swift */ = {isa = PBXFileReference; lastKnownFileType = sourcecode.swift; path = HomePageModel.swift; sourceTree = "<group>"; };
		D37257B32DF88BD9001BC6F9 /* HomePageTests.swift */ = {isa = PBXFileReference; lastKnownFileType = sourcecode.swift; path = HomePageTests.swift; sourceTree = "<group>"; };
		D37257B62DF88DBF001BC6F9 /* CircleSection.swift */ = {isa = PBXFileReference; lastKnownFileType = sourcecode.swift; path = CircleSection.swift; sourceTree = "<group>"; };
		D37257BA2DF891D5001BC6F9 /* SpaceGrotesk.ttf */ = {isa = PBXFileReference; lastKnownFileType = file; path = SpaceGrotesk.ttf; sourceTree = "<group>"; };
		D37257BC2DF893BB001BC6F9 /* View+ListInstalledFonts.swift */ = {isa = PBXFileReference; lastKnownFileType = sourcecode.swift; path = "View+ListInstalledFonts.swift"; sourceTree = "<group>"; };
		D37257BE2DF8E407001BC6F9 /* Inter.ttf */ = {isa = PBXFileReference; lastKnownFileType = file; path = Inter.ttf; sourceTree = "<group>"; };
		D37257BF2DF8E407001BC6F9 /* Inter-Italic.ttf */ = {isa = PBXFileReference; lastKnownFileType = file; path = "Inter-Italic.ttf"; sourceTree = "<group>"; };
		D37257C32DF8F87F001BC6F9 /* circleBackground.swift */ = {isa = PBXFileReference; lastKnownFileType = sourcecode.swift; path = circleBackground.swift; sourceTree = "<group>"; };
		D37257C52DF9EF8D001BC6F9 /* HomePageStationList.swift */ = {isa = PBXFileReference; lastKnownFileType = sourcecode.swift; path = HomePageStationList.swift; sourceTree = "<group>"; };
		D37257C82DFA247A001BC6F9 /* MainContainer.swift */ = {isa = PBXFileReference; lastKnownFileType = sourcecode.swift; path = MainContainer.swift; sourceTree = "<group>"; };
		D37257CB2DFA3F7F001BC6F9 /* FontNames.swift */ = {isa = PBXFileReference; lastKnownFileType = sourcecode.swift; path = FontNames.swift; sourceTree = "<group>"; };
		D37257CF2DFB4364001BC6F9 /* PlayerPage.swift */ = {isa = PBXFileReference; lastKnownFileType = sourcecode.swift; path = PlayerPage.swift; sourceTree = "<group>"; };
		D378CCCD2E56011500497A4A /* SignInPageModel.swift */ = {isa = PBXFileReference; lastKnownFileType = sourcecode.swift; path = SignInPageModel.swift; sourceTree = "<group>"; };
		D378CCCF2E57947800497A4A /* ShareSheet.swift */ = {isa = PBXFileReference; lastKnownFileType = sourcecode.swift; path = ShareSheet.swift; sourceTree = "<group>"; };
		D38031332E00AD9F0011DD64 /* PlayerPageTests.swift */ = {isa = PBXFileReference; lastKnownFileType = sourcecode.swift; path = PlayerPageTests.swift; sourceTree = "<group>"; };
		D382671B2E00C13E0006BAC2 /* SmallPlayer.swift */ = {isa = PBXFileReference; lastKnownFileType = sourcecode.swift; path = SmallPlayer.swift; sourceTree = "<group>"; };
		D39591142E39931D00720CF8 /* ContactPageView.swift */ = {isa = PBXFileReference; lastKnownFileType = sourcecode.swift; path = ContactPageView.swift; sourceTree = "<group>"; };
		D39591162E39932300720CF8 /* ContactPageModel.swift */ = {isa = PBXFileReference; lastKnownFileType = sourcecode.swift; path = ContactPageModel.swift; sourceTree = "<group>"; };
		D39591182E39932800720CF8 /* ContactPageTests.swift */ = {isa = PBXFileReference; lastKnownFileType = sourcecode.swift; path = ContactPageTests.swift; sourceTree = "<group>"; };
		D39591252E3BB6FC00720CF8 /* EditProfilePageView.swift */ = {isa = PBXFileReference; lastKnownFileType = sourcecode.swift; path = EditProfilePageView.swift; sourceTree = "<group>"; };
		D39591272E3BB70500720CF8 /* EditProfilePageModel.swift */ = {isa = PBXFileReference; lastKnownFileType = sourcecode.swift; path = EditProfilePageModel.swift; sourceTree = "<group>"; };
		D39591292E3BD02300720CF8 /* MainContainerNavigationCoordinator.swift */ = {isa = PBXFileReference; lastKnownFileType = sourcecode.swift; path = MainContainerNavigationCoordinator.swift; sourceTree = "<group>"; };
		D395912B2E3D1E0F00720CF8 /* EditProfilePageTests.swift */ = {isa = PBXFileReference; lastKnownFileType = sourcecode.swift; path = EditProfilePageTests.swift; sourceTree = "<group>"; };
		D3A08A2E2E4E2A31002468E0 /* AnalyticsClient.swift */ = {isa = PBXFileReference; lastKnownFileType = sourcecode.swift; path = AnalyticsClient.swift; sourceTree = "<group>"; };
		D3A08A302E4E2E0F002468E0 /* AnalyticsEvent.swift */ = {isa = PBXFileReference; lastKnownFileType = sourcecode.swift; path = AnalyticsEvent.swift; sourceTree = "<group>"; };
		D3A08A332E4E6F5D002468E0 /* NowPlayingUpdaterTests.swift */ = {isa = PBXFileReference; lastKnownFileType = sourcecode.swift; path = NowPlayingUpdaterTests.swift; sourceTree = "<group>"; };
		D3A08A372E53A771002468E0 /* InvitationCodePageModel.swift */ = {isa = PBXFileReference; lastKnownFileType = sourcecode.swift; path = InvitationCodePageModel.swift; sourceTree = "<group>"; };
		D3A08A392E53A784002468E0 /* InvitationCodePageView.swift */ = {isa = PBXFileReference; lastKnownFileType = sourcecode.swift; path = InvitationCodePageView.swift; sourceTree = "<group>"; };
		D3A08A3B2E53A78C002468E0 /* InvitationCodePageTests.swift */ = {isa = PBXFileReference; lastKnownFileType = sourcecode.swift; path = InvitationCodePageTests.swift; sourceTree = "<group>"; };
		D3A276682D496282006055AF /* UIApplication+keyWindow.swift */ = {isa = PBXFileReference; lastKnownFileType = sourcecode.swift; path = "UIApplication+keyWindow.swift"; sourceTree = "<group>"; };
		D3B662692D40103800975D2F /* SignInPageView.swift */ = {isa = PBXFileReference; lastKnownFileType = sourcecode.swift; path = SignInPageView.swift; sourceTree = "<group>"; };
		D3B6626C2D4016BF00975D2F /* NavigationCoordinator.swift */ = {isa = PBXFileReference; lastKnownFileType = sourcecode.swift; path = NavigationCoordinator.swift; sourceTree = "<group>"; };
		D3B662712D41618500975D2F /* AppleSignInInfo.swift */ = {isa = PBXFileReference; lastKnownFileType = sourcecode.swift; path = AppleSignInInfo.swift; sourceTree = "<group>"; };
		D3B662732D419C3100975D2F /* LoggedInUser.swift */ = {isa = PBXFileReference; lastKnownFileType = sourcecode.swift; path = LoggedInUser.swift; sourceTree = "<group>"; };
		D3B662752D41B0C700975D2F /* SignInPageTests.swift */ = {isa = PBXFileReference; lastKnownFileType = sourcecode.swift; path = SignInPageTests.swift; sourceTree = "<group>"; };
		D3B662C22D4272ED00975D2F /* Secrets-Local.xcconfig */ = {isa = PBXFileReference; lastKnownFileType = text.xcconfig; path = "Secrets-Local.xcconfig"; sourceTree = "<group>"; };
		D3B744A62E2F18530042A427 /* SmallPlayerTests.swift */ = {isa = PBXFileReference; lastKnownFileType = sourcecode.swift; path = SmallPlayerTests.swift; sourceTree = "<group>"; };
		D3B744AC2E2FCD8E0042A427 /* MainContainerModel.swift */ = {isa = PBXFileReference; lastKnownFileType = sourcecode.swift; path = MainContainerModel.swift; sourceTree = "<group>"; };
		D3B744AF2E2FE6F80042A427 /* RewardsProfile.swift */ = {isa = PBXFileReference; lastKnownFileType = sourcecode.swift; path = RewardsProfile.swift; sourceTree = "<group>"; };
		D3B744B32E2FECC80042A427 /* LocalListeningSession.swift */ = {isa = PBXFileReference; lastKnownFileType = sourcecode.swift; path = LocalListeningSession.swift; sourceTree = "<group>"; };
		D3B744B62E2FED8D0042A427 /* ListeningTracker.swift */ = {isa = PBXFileReference; lastKnownFileType = sourcecode.swift; path = ListeningTracker.swift; sourceTree = "<group>"; };
		D3B744B82E2FF1600042A427 /* ListeningTimeTile.swift */ = {isa = PBXFileReference; lastKnownFileType = sourcecode.swift; path = ListeningTimeTile.swift; sourceTree = "<group>"; };
		D3B744BA2E312FA80042A427 /* ListeningTrackerTests.swift */ = {isa = PBXFileReference; lastKnownFileType = sourcecode.swift; path = ListeningTrackerTests.swift; sourceTree = "<group>"; };
		D3B744BF2E31316D0042A427 /* RewardsPageModel.swift */ = {isa = PBXFileReference; lastKnownFileType = sourcecode.swift; path = RewardsPageModel.swift; sourceTree = "<group>"; };
		D3B744C12E3131770042A427 /* RewardsPageView.swift */ = {isa = PBXFileReference; lastKnownFileType = sourcecode.swift; path = RewardsPageView.swift; sourceTree = "<group>"; };
		D3B744C32E31317F0042A427 /* RewardsPageTests.swift */ = {isa = PBXFileReference; lastKnownFileType = sourcecode.swift; path = RewardsPageTests.swift; sourceTree = "<group>"; };
		D3B744C72E3139960042A427 /* ListeningTimeTileModel.swift */ = {isa = PBXFileReference; lastKnownFileType = sourcecode.swift; path = ListeningTimeTileModel.swift; sourceTree = "<group>"; };
		D3B744C92E313B170042A427 /* ListeningTimeTileTests.swift */ = {isa = PBXFileReference; lastKnownFileType = sourcecode.swift; path = ListeningTimeTileTests.swift; sourceTree = "<group>"; };
		D3B744CC2E368D790042A427 /* Prize.swift */ = {isa = PBXFileReference; lastKnownFileType = sourcecode.swift; path = Prize.swift; sourceTree = "<group>"; };
		D3BECAC32E2017DE0009E618 /* PlayolaTokenProviderTests.swift */ = {isa = PBXFileReference; lastKnownFileType = sourcecode.swift; path = PlayolaTokenProviderTests.swift; sourceTree = "<group>"; };
		D3BECAC52E201A380009E618 /* PlayolaTokenProvider.swift */ = {isa = PBXFileReference; lastKnownFileType = sourcecode.swift; path = PlayolaTokenProvider.swift; sourceTree = "<group>"; };
		D3CE19042D3CA6150091B888 /* SharedUserDefaults.swift */ = {isa = PBXFileReference; lastKnownFileType = sourcecode.swift; path = SharedUserDefaults.swift; sourceTree = "<group>"; };
		D3D6CE5E2D5ECECB0059BDCA /* UrlStreamListeningSessionReporter.swift */ = {isa = PBXFileReference; lastKnownFileType = sourcecode.swift; path = UrlStreamListeningSessionReporter.swift; sourceTree = "<group>"; };
		D3FA61292E00583F00E9DF49 /* PlayerPageModel.swift */ = {isa = PBXFileReference; lastKnownFileType = sourcecode.swift; path = PlayerPageModel.swift; sourceTree = "<group>"; };
		D3FE88832E37EF24009AE7B7 /* PrizeTier.swift */ = {isa = PBXFileReference; lastKnownFileType = sourcecode.swift; path = PrizeTier.swift; sourceTree = "<group>"; };
/* End PBXFileReference section */

/* Begin PBXFrameworksBuildPhase section */
		D35369FE2BFA4F49006942D6 /* Frameworks */ = {
			isa = PBXFrameworksBuildPhase;
			buildActionMask = 2147483647;
			files = (
				D3CE19032D3C825C0091B888 /* PlayolaPlayer in Frameworks */,
				D35673B72D3DC6EC00E4E926 /* Mixpanel in Frameworks */,
				D3B744A32E2ED6AC0042A427 /* DependenciesMacros in Frameworks */,
				D39591122E3808A900720CF8 /* SDWebImageSVGCoder in Frameworks */,
				D31C43D42D3C783B0021AAE4 /* PlayolaPlayer in Frameworks */,
				D3B744A12E2ED6AC0042A427 /* Dependencies in Frameworks */,
				D3A276202D43C747006055AF /* GoogleSignInSwift in Frameworks */,
				D3B662702D40352500975D2F /* Alamofire in Frameworks */,
				D3536A302BFA5523006942D6 /* ComposableArchitecture in Frameworks */,
				D395910F2E38069200720CF8 /* SDWebImageSwiftUI in Frameworks */,
				D3B662682D3F58E700975D2F /* FRadioPlayer in Frameworks */,
				D3A2761E2D43C747006055AF /* GoogleSignIn in Frameworks */,
			);
			runOnlyForDeploymentPostprocessing = 0;
		};
		D3536A0E2BFA4F4A006942D6 /* Frameworks */ = {
			isa = PBXFrameworksBuildPhase;
			buildActionMask = 2147483647;
			files = (
				D3BEE95D2D49A3BD00469CDC /* Testing in Frameworks */,
			);
			runOnlyForDeploymentPostprocessing = 0;
		};
/* End PBXFrameworksBuildPhase section */

/* Begin PBXGroup section */
		D3137DBE2D3981750070033A /* Mocks */ = {
			isa = PBXGroup;
			children = (
				D34D5C382D7106CA00148048 /* AuthServiceMock.swift */,
				D31C43AB2D3C657F0021AAE4 /* NavigationCoordinatorMock.swift */,
				D31C43A92D3C390C0021AAE4 /* StationPlayerMock.swift */,
				D3137DC52D39BEDD0070033A /* URLStreamPlayerMock.swift */,
				D3137DBF2D3981880070033A /* MailServiceMock.swift */,
			);
			path = Mocks;
			sourceTree = "<group>";
		};
		D3137DCC2D3A9FAA0070033A /* StationListPage */ = {
			isa = PBXGroup;
			children = (
				D35905EB2DFCDA110064A9C1 /* StationListModel.swift */,
				D339E5662BFD10AE00B9E35B /* StationListPage.swift */,
				D3137DC12D39B4FC0070033A /* StationListPageTests.swift */,
			);
			path = StationListPage;
			sourceTree = "<group>";
		};
		D3137DD02D3ABB490070033A /* Models */ = {
			isa = PBXGroup;
			children = (
				D3FE88832E37EF24009AE7B7 /* PrizeTier.swift */,
				D3B744CC2E368D790042A427 /* Prize.swift */,
				D3B744B32E2FECC80042A427 /* LocalListeningSession.swift */,
				D3B744AF2E2FE6F80042A427 /* RewardsProfile.swift */,
				D3B662732D419C3100975D2F /* LoggedInUser.swift */,
				D3B662712D41618500975D2F /* AppleSignInInfo.swift */,
				D35673B12D3DC59100E4E926 /* RadioStation.swift */,
				D3137DD12D3ABB4F0070033A /* GenericNowPlaying.swift */,
				D3536A312BFA64AB006942D6 /* StationList.swift */,
			);
			path = Models;
			sourceTree = "<group>";
		};
		D339E55B2BFD0CEE00B9E35B /* Views */ = {
			isa = PBXGroup;
			children = (
				D339E55C2BFD0FB000B9E35B /* Pages */,
				D339E55D2BFD0FC200B9E35B /* Reusable Components */,
			);
			path = Views;
			sourceTree = "<group>";
		};
		D339E55C2BFD0FB000B9E35B /* Pages */ = {
			isa = PBXGroup;
			children = (
				D3A08A362E53A761002468E0 /* InvitationCodePage */,
				D39591242E3BB6F400720CF8 /* EditProfilePage */,
				D39591132E39930500720CF8 /* ContactPage */,
				D3B744BE2E3131630042A427 /* RewardsPage */,
				D37257CE2DFB4358001BC6F9 /* PlayerPage */,
				D37257C72DFA2470001BC6F9 /* MainContainer */,
				D37257AC2DF88B89001BC6F9 /* HomePage */,
				D3B662772D41B10600975D2F /* SignInPage */,
				D3536A062BFA4F49006942D6 /* ContentView.swift */,
				D3137DCC2D3A9FAA0070033A /* StationListPage */,
			);
			path = Pages;
			sourceTree = "<group>";
		};
		D339E55D2BFD0FC200B9E35B /* Reusable Components */ = {
			isa = PBXGroup;
			children = (
				D37257C22DF8F875001BC6F9 /* SwiftUI Modifiers */,
				D3B744C62E3139860042A427 /* ListeningTimeTile */,
				D31CD5222DFBA1EC009B9780 /* ViewModel.swift */,
				D3137DCE2D3AA1E10070033A /* PlayolaSheet.swift */,
				D3137DBA2D3976550070033A /* PlayolaAlert.swift */,
				D3B744A92E2F18690042A427 /* SmallPlayer */,
				D378CCCF2E57947800497A4A /* ShareSheet.swift */,
			);
			path = "Reusable Components";
			sourceTree = "<group>";
		};
		D35369F82BFA4F49006942D6 = {
			isa = PBXGroup;
			children = (
				D3536A032BFA4F49006942D6 /* PlayolaRadio */,
				D3536A142BFA4F4A006942D6 /* PlayolaRadioTests */,
				D3536A022BFA4F49006942D6 /* Products */,
			);
			sourceTree = "<group>";
		};
		D3536A022BFA4F49006942D6 /* Products */ = {
			isa = PBXGroup;
			children = (
				D3536A012BFA4F49006942D6 /* PlayolaRadio.app */,
				D3536A112BFA4F4A006942D6 /* PlayolaRadioTests.xctest */,
			);
			name = Products;
			sourceTree = "<group>";
		};
		D3536A032BFA4F49006942D6 /* PlayolaRadio */ = {
			isa = PBXGroup;
			children = (
				D3536A082BFA4F4A006942D6 /* Assets.xcassets */,
				D35673AE2D3DC54300E4E926 /* CarPlay */,
				D35673B82D3DC9DE00E4E926 /* Config */,
				D378CCD12E58C37D00497A4A /* Core */,
				D3536A392BFA6520006942D6 /* Extensions */,
				D3137DD02D3ABB490070033A /* Models */,
				D378CCD72E58C5F300497A4A /* State */,
				D339E55B2BFD0CEE00B9E35B /* Views */,
				D3536A0A2BFA4F4A006942D6 /* Preview Content */,
				D35673C42D3E8E1E00E4E926 /* PlayolaRadio.entitlements */,
				D35673C12D3DCF6000E4E926 /* Info.plist */,
				D3536A042BFA4F49006942D6 /* PlayolaRadioApp.swift */,
			);
			path = PlayolaRadio;
			sourceTree = "<group>";
		};
		D3536A0A2BFA4F4A006942D6 /* Preview Content */ = {
			isa = PBXGroup;
			children = (
				D3536A0B2BFA4F4A006942D6 /* Preview Assets.xcassets */,
			);
			path = "Preview Content";
			sourceTree = "<group>";
		};
		D3536A142BFA4F4A006942D6 /* PlayolaRadioTests */ = {
			isa = PBXGroup;
			children = (
				D3137DBE2D3981750070033A /* Mocks */,
			);
			path = PlayolaRadioTests;
			sourceTree = "<group>";
		};
		D3536A392BFA6520006942D6 /* Extensions */ = {
			isa = PBXGroup;
			children = (
				D37257CB2DFA3F7F001BC6F9 /* FontNames.swift */,
				D37257BC2DF893BB001BC6F9 /* View+ListInstalledFonts.swift */,
				D3A276682D496282006055AF /* UIApplication+keyWindow.swift */,
				D35673C22D3E871800E4E926 /* CPListItem+InitWithRemoteUrl.swift */,
				D3137DD32D3AC9B40070033A /* EnumTypeEquatableProtocol.swift */,
				D3536A362BFA6520006942D6 /* Bundle+Misc.swift */,
				D3536A372BFA6520006942D6 /* Color+Hex.swift */,
				D3536A382BFA6520006942D6 /* UIImage+Cache.swift */,
				D339E56E2BFD306600B9E35B /* FRadioPlayerMetadata+Equatable.swift */,
			);
			path = Extensions;
			sourceTree = "<group>";
		};
		D35673AE2D3DC54300E4E926 /* CarPlay */ = {
			isa = PBXGroup;
			children = (
				D35673C52D3E91B900E4E926 /* MainSceneDelegate.swift */,
				D35673AF2D3DC54F00E4E926 /* CarPlaySceneDelegate.swift */,
			);
			path = CarPlay;
			sourceTree = "<group>";
		};
		D35673B82D3DC9DE00E4E926 /* Config */ = {
			isa = PBXGroup;
			children = (
				D37257B92DF891C8001BC6F9 /* Fonts */,
				D3B662C22D4272ED00975D2F /* Secrets-Local.xcconfig */,
				D35673CA2D3EE5E100E4E926 /* Secrets-Development.xcconfig */,
				D35673BF2D3DCA3600E4E926 /* Secrets-Example.xcconfig */,
				D35673BD2D3DCA1E00E4E926 /* Secrets.xcconfig */,
				D35673B92D3DC9ED00E4E926 /* Config.swift */,
				D37257AA2DF87C72001BC6F9 /* LaunchScreen.storyboard */,
			);
			path = Config;
			sourceTree = "<group>";
		};
		D37257AC2DF88B89001BC6F9 /* HomePage */ = {
			isa = PBXGroup;
			children = (
				D37257B52DF88DB3001BC6F9 /* UI Components */,
				D37257B32DF88BD9001BC6F9 /* HomePageTests.swift */,
				D37257B12DF88BBD001BC6F9 /* HomePageModel.swift */,
				D37257AF2DF88BB2001BC6F9 /* HomePageView.swift */,
			);
			path = HomePage;
			sourceTree = "<group>";
		};
		D37257B52DF88DB3001BC6F9 /* UI Components */ = {
			isa = PBXGroup;
			children = (
				D37257C52DF9EF8D001BC6F9 /* HomePageStationList.swift */,
				D37257B62DF88DBF001BC6F9 /* CircleSection.swift */,
			);
			path = "UI Components";
			sourceTree = "<group>";
		};
		D37257B92DF891C8001BC6F9 /* Fonts */ = {
			isa = PBXGroup;
			children = (
				D37257BA2DF891D5001BC6F9 /* SpaceGrotesk.ttf */,
				D37257BE2DF8E407001BC6F9 /* Inter.ttf */,
				D37257BF2DF8E407001BC6F9 /* Inter-Italic.ttf */,
			);
			path = Fonts;
			sourceTree = "<group>";
		};
		D37257C22DF8F875001BC6F9 /* SwiftUI Modifiers */ = {
			isa = PBXGroup;
			children = (
				D37257C32DF8F87F001BC6F9 /* circleBackground.swift */,
			);
			path = "SwiftUI Modifiers";
			sourceTree = "<group>";
		};
		D37257C72DFA2470001BC6F9 /* MainContainer */ = {
			isa = PBXGroup;
			children = (
				D3B744AC2E2FCD8E0042A427 /* MainContainerModel.swift */,
				D31CD5252DFBB47D009B9780 /* MainContainerTests.swift */,
				D37257C82DFA247A001BC6F9 /* MainContainer.swift */,
			);
			path = MainContainer;
			sourceTree = "<group>";
		};
		D37257CE2DFB4358001BC6F9 /* PlayerPage */ = {
			isa = PBXGroup;
			children = (
				D38031332E00AD9F0011DD64 /* PlayerPageTests.swift */,
				D3FA61292E00583F00E9DF49 /* PlayerPageModel.swift */,
				D37257CF2DFB4364001BC6F9 /* PlayerPage.swift */,
			);
			path = PlayerPage;
			sourceTree = "<group>";
		};
		D378CCD12E58C37D00497A4A /* Core */ = {
			isa = PBXGroup;
			children = (
				D378CCD22E58C38D00497A4A /* Analytics */,
				D378CCD32E58C3B100497A4A /* API */,
				D378CCD42E58C3DC00497A4A /* Audio */,
				D378CCD62E58C49F00497A4A /* Auth */,
				D3B744B52E2FED6E0042A427 /* ListeningTracker */,
				D378CCD52E58C42D00497A4A /* Navigation */,
				D378CCD82E58C6CE00497A4A /* Mail */,
			);
			path = Core;
			sourceTree = "<group>";
		};
		D378CCD22E58C38D00497A4A /* Analytics */ = {
			isa = PBXGroup;
			children = (
				D3A08A302E4E2E0F002468E0 /* AnalyticsEvent.swift */,
				D3A08A2E2E4E2A31002468E0 /* AnalyticsClient.swift */,
			);
			path = Analytics;
			sourceTree = "<group>";
		};
		D378CCD32E58C3B100497A4A /* API */ = {
			isa = PBXGroup;
			children = (
				D339E5682BFD1C0800B9E35B /* APIClient.swift */,
			);
			path = API;
			sourceTree = "<group>";
		};
		D378CCD42E58C3DC00497A4A /* Audio */ = {
			isa = PBXGroup;
			children = (
				D31C43A72D3C195B0021AAE4 /* StationPlayer.swift */,
				D3D6CE5E2D5ECECB0059BDCA /* UrlStreamListeningSessionReporter.swift */,
				D339E56C2BFD2FAB00B9E35B /* URLStreamPlayer.swift */,
				D3A08A322E4E6F57002468E0 /* NowPlayingUpdater */,
			);
			path = Audio;
			sourceTree = "<group>";
		};
		D378CCD52E58C42D00497A4A /* Navigation */ = {
			isa = PBXGroup;
			children = (
				D3B6626C2D4016BF00975D2F /* NavigationCoordinator.swift */,
				D39591292E3BD02300720CF8 /* MainContainerNavigationCoordinator.swift */,
			);
			path = Navigation;
			sourceTree = "<group>";
		};
		D378CCD62E58C49F00497A4A /* Auth */ = {
			isa = PBXGroup;
			children = (
				D3BECAC22E2017CB0009E618 /* PlayolaTokenProvider */,
			);
			path = Auth;
			sourceTree = "<group>";
		};
		D378CCD72E58C5F300497A4A /* State */ = {
			isa = PBXGroup;
			children = (
				D3CE19042D3CA6150091B888 /* SharedUserDefaults.swift */,
			);
			path = State;
			sourceTree = "<group>";
		};
		D378CCD82E58C6CE00497A4A /* Mail */ = {
			isa = PBXGroup;
			children = (
				D339E57B2BFD698600B9E35B /* Mail.swift */,
				D339E57D2BFD750700B9E35B /* MailService.swift */,
			);
			path = Mail;
			sourceTree = "<group>";
		};
		D39591132E39930500720CF8 /* ContactPage */ = {
			isa = PBXGroup;
			children = (
				D39591182E39932800720CF8 /* ContactPageTests.swift */,
				D39591162E39932300720CF8 /* ContactPageModel.swift */,
				D39591142E39931D00720CF8 /* ContactPageView.swift */,
			);
			path = ContactPage;
			sourceTree = "<group>";
		};
		D39591242E3BB6F400720CF8 /* EditProfilePage */ = {
			isa = PBXGroup;
			children = (
				D395912B2E3D1E0F00720CF8 /* EditProfilePageTests.swift */,
				D39591272E3BB70500720CF8 /* EditProfilePageModel.swift */,
				D39591252E3BB6FC00720CF8 /* EditProfilePageView.swift */,
			);
			path = EditProfilePage;
			sourceTree = "<group>";
		};
		D3A08A322E4E6F57002468E0 /* NowPlayingUpdater */ = {
			isa = PBXGroup;
			children = (
				D3A08A332E4E6F5D002468E0 /* NowPlayingUpdaterTests.swift */,
				D35673C72D3EBFB000E4E926 /* NowPlayingUpdater.swift */,
			);
			path = NowPlayingUpdater;
			sourceTree = "<group>";
		};
		D3A08A362E53A761002468E0 /* InvitationCodePage */ = {
			isa = PBXGroup;
			children = (
				D3A08A3B2E53A78C002468E0 /* InvitationCodePageTests.swift */,
				D3A08A392E53A784002468E0 /* InvitationCodePageView.swift */,
				D3A08A372E53A771002468E0 /* InvitationCodePageModel.swift */,
			);
			path = InvitationCodePage;
			sourceTree = "<group>";
		};
		D3B662772D41B10600975D2F /* SignInPage */ = {
			isa = PBXGroup;
			children = (
				D378CCCD2E56011500497A4A /* SignInPageModel.swift */,
				D3B662692D40103800975D2F /* SignInPageView.swift */,
				D3B662752D41B0C700975D2F /* SignInPageTests.swift */,
			);
			path = SignInPage;
			sourceTree = "<group>";
		};
		D3B744A92E2F18690042A427 /* SmallPlayer */ = {
			isa = PBXGroup;
			children = (
				D382671B2E00C13E0006BAC2 /* SmallPlayer.swift */,
				D3B744A62E2F18530042A427 /* SmallPlayerTests.swift */,
			);
			path = SmallPlayer;
			sourceTree = "<group>";
		};
		D3B744B52E2FED6E0042A427 /* ListeningTracker */ = {
			isa = PBXGroup;
			children = (
				D3B744BA2E312FA80042A427 /* ListeningTrackerTests.swift */,
				D3B744B62E2FED8D0042A427 /* ListeningTracker.swift */,
			);
			path = ListeningTracker;
			sourceTree = "<group>";
		};
		D3B744BE2E3131630042A427 /* RewardsPage */ = {
			isa = PBXGroup;
			children = (
				D36FBCBF2E37FC7800D1241C /* PrizeTierRow.swift */,
				D3B744C32E31317F0042A427 /* RewardsPageTests.swift */,
				D3B744C12E3131770042A427 /* RewardsPageView.swift */,
				D3B744BF2E31316D0042A427 /* RewardsPageModel.swift */,
			);
			path = RewardsPage;
			sourceTree = "<group>";
		};
		D3B744C62E3139860042A427 /* ListeningTimeTile */ = {
			isa = PBXGroup;
			children = (
				D3B744C92E313B170042A427 /* ListeningTimeTileTests.swift */,
				D3B744C72E3139960042A427 /* ListeningTimeTileModel.swift */,
				D3B744B82E2FF1600042A427 /* ListeningTimeTile.swift */,
			);
			path = ListeningTimeTile;
			sourceTree = "<group>";
		};
		D3BECAC22E2017CB0009E618 /* PlayolaTokenProvider */ = {
			isa = PBXGroup;
			children = (
				D3BECAC52E201A380009E618 /* PlayolaTokenProvider.swift */,
				D3BECAC32E2017DE0009E618 /* PlayolaTokenProviderTests.swift */,
			);
			path = PlayolaTokenProvider;
			sourceTree = "<group>";
		};
/* End PBXGroup section */

/* Begin PBXNativeTarget section */
		D3536A002BFA4F49006942D6 /* PlayolaRadio */ = {
			isa = PBXNativeTarget;
			buildConfigurationList = D3536A252BFA4F4A006942D6 /* Build configuration list for PBXNativeTarget "PlayolaRadio" */;
			buildPhases = (
				D35369FD2BFA4F49006942D6 /* Sources */,
				D35369FE2BFA4F49006942D6 /* Frameworks */,
				D35369FF2BFA4F49006942D6 /* Resources */,
			);
			buildRules = (
			);
			dependencies = (
				D384837B2E242DB5008676BB /* PBXTargetDependency */,
			);
			name = PlayolaRadio;
			packageProductDependencies = (
				D3536A2F2BFA5523006942D6 /* ComposableArchitecture */,
				D31C43D32D3C783B0021AAE4 /* PlayolaPlayer */,
				D3CE19022D3C825C0091B888 /* PlayolaPlayer */,
				D35673B62D3DC6EC00E4E926 /* Mixpanel */,
				D3B662672D3F58E700975D2F /* FRadioPlayer */,
				D3B6626F2D40352500975D2F /* Alamofire */,
				D3A2761D2D43C747006055AF /* GoogleSignIn */,
				D3A2761F2D43C747006055AF /* GoogleSignInSwift */,
				D3B744A02E2ED6AC0042A427 /* Dependencies */,
				D3B744A22E2ED6AC0042A427 /* DependenciesMacros */,
				D395910E2E38069200720CF8 /* SDWebImageSwiftUI */,
				D39591112E3808A900720CF8 /* SDWebImageSVGCoder */,
			);
			productName = PlayolaRadio;
			productReference = D3536A012BFA4F49006942D6 /* PlayolaRadio.app */;
			productType = "com.apple.product-type.application";
		};
		D3536A102BFA4F4A006942D6 /* PlayolaRadioTests */ = {
			isa = PBXNativeTarget;
			buildConfigurationList = D3536A282BFA4F4A006942D6 /* Build configuration list for PBXNativeTarget "PlayolaRadioTests" */;
			buildPhases = (
				D3536A0D2BFA4F4A006942D6 /* Sources */,
				D3536A0E2BFA4F4A006942D6 /* Frameworks */,
				D3536A0F2BFA4F4A006942D6 /* Resources */,
			);
			buildRules = (
			);
			dependencies = (
				D351296B2E2546E400209795 /* PBXTargetDependency */,
				D3536A132BFA4F4A006942D6 /* PBXTargetDependency */,
			);
			name = PlayolaRadioTests;
			packageProductDependencies = (
				D3BEE95C2D49A3BD00469CDC /* Testing */,
			);
			productName = PlayolaRadioTests;
			productReference = D3536A112BFA4F4A006942D6 /* PlayolaRadioTests.xctest */;
			productType = "com.apple.product-type.bundle.unit-test";
		};
/* End PBXNativeTarget section */

/* Begin PBXProject section */
		D35369F92BFA4F49006942D6 /* Project object */ = {
			isa = PBXProject;
			attributes = {
				BuildIndependentTargetsInParallel = 1;
				LastSwiftUpdateCheck = 1530;
				LastUpgradeCheck = 1530;
				TargetAttributes = {
					D3536A002BFA4F49006942D6 = {
						CreatedOnToolsVersion = 15.3;
					};
					D3536A102BFA4F4A006942D6 = {
						CreatedOnToolsVersion = 15.3;
						TestTargetID = D3536A002BFA4F49006942D6;
					};
				};
			};
			buildConfigurationList = D35369FC2BFA4F49006942D6 /* Build configuration list for PBXProject "PlayolaRadio" */;
			developmentRegion = en;
			hasScannedForEncodings = 0;
			knownRegions = (
				en,
				Base,
			);
			mainGroup = D35369F82BFA4F49006942D6;
			packageReferences = (
				D3536A2E2BFA5523006942D6 /* XCRemoteSwiftPackageReference "swift-composable-architecture" */,
				D3CE19012D3C825C0091B888 /* XCRemoteSwiftPackageReference "PlayolaPlayer" */,
				D35673B52D3DC6EC00E4E926 /* XCRemoteSwiftPackageReference "mixpanel-swift" */,
				D3B662662D3F58E700975D2F /* XCRemoteSwiftPackageReference "FRadioPlayer" */,
				D3B6626E2D40352500975D2F /* XCRemoteSwiftPackageReference "Alamofire" */,
				D3A2761C2D43C747006055AF /* XCRemoteSwiftPackageReference "GoogleSignIn-iOS" */,
				D3BEE95B2D49A3BD00469CDC /* XCRemoteSwiftPackageReference "swift-testing" */,
				D38483792E242D61008676BB /* XCRemoteSwiftPackageReference "SwiftLintPlugins" */,
				D3B7449F2E2ED6AC0042A427 /* XCRemoteSwiftPackageReference "swift-dependencies" */,
				D395910D2E38069200720CF8 /* XCRemoteSwiftPackageReference "SDWebImageSwiftUI" */,
				D39591102E3808A900720CF8 /* XCRemoteSwiftPackageReference "SDWebImageSVGCoder" */,
			);
			preferredProjectObjectVersion = 77;
			productRefGroup = D3536A022BFA4F49006942D6 /* Products */;
			projectDirPath = "";
			projectRoot = "";
			targets = (
				D3536A002BFA4F49006942D6 /* PlayolaRadio */,
				D3536A102BFA4F4A006942D6 /* PlayolaRadioTests */,
			);
		};
/* End PBXProject section */

/* Begin PBXResourcesBuildPhase section */
		D35369FF2BFA4F49006942D6 /* Resources */ = {
			isa = PBXResourcesBuildPhase;
			buildActionMask = 2147483647;
			files = (
				D37257C02DF8E407001BC6F9 /* Inter-Italic.ttf in Resources */,
				D37257C12DF8E407001BC6F9 /* Inter.ttf in Resources */,
				D3B662C32D4272F900975D2F /* Secrets-Local.xcconfig in Resources */,
				D3536A0C2BFA4F4A006942D6 /* Preview Assets.xcassets in Resources */,
				D37257BB2DF891D5001BC6F9 /* SpaceGrotesk.ttf in Resources */,
				D35673C02D3DCA3F00E4E926 /* Secrets-Example.xcconfig in Resources */,
				D3536A092BFA4F4A006942D6 /* Assets.xcassets in Resources */,
				D37257AB2DF87C72001BC6F9 /* LaunchScreen.storyboard in Resources */,
				D35673CB2D3EE5E900E4E926 /* Secrets-Development.xcconfig in Resources */,
				D35673BE2D3DCA2600E4E926 /* Secrets.xcconfig in Resources */,
			);
			runOnlyForDeploymentPostprocessing = 0;
		};
		D3536A0F2BFA4F4A006942D6 /* Resources */ = {
			isa = PBXResourcesBuildPhase;
			buildActionMask = 2147483647;
			files = (
			);
			runOnlyForDeploymentPostprocessing = 0;
		};
/* End PBXResourcesBuildPhase section */

/* Begin PBXSourcesBuildPhase section */
		D35369FD2BFA4F49006942D6 /* Sources */ = {
			isa = PBXSourcesBuildPhase;
			buildActionMask = 2147483647;
			files = (
				D3D6CE5F2D5ECED50059BDCA /* UrlStreamListeningSessionReporter.swift in Sources */,
				D37257B02DF88BB7001BC6F9 /* HomePageView.swift in Sources */,
				D35673C62D3E91BD00E4E926 /* MainSceneDelegate.swift in Sources */,
				D35673B22D3DC59300E4E926 /* RadioStation.swift in Sources */,
				D3B744C22E31317B0042A427 /* RewardsPageView.swift in Sources */,
				D37257B22DF88BC1001BC6F9 /* HomePageModel.swift in Sources */,
				D35673BA2D3DC9EE00E4E926 /* Config.swift in Sources */,
				D3B744B72E2FED940042A427 /* ListeningTracker.swift in Sources */,
				D31CD5232DFBA1F2009B9780 /* ViewModel.swift in Sources */,
				D3B6626A2D40103C00975D2F /* SignInPageView.swift in Sources */,
				D3536A3B2BFA6520006942D6 /* Color+Hex.swift in Sources */,
				D3137DBB2D3976580070033A /* PlayolaAlert.swift in Sources */,
				D39591262E3BB70000720CF8 /* EditProfilePageView.swift in Sources */,
				D37257BD2DF893C6001BC6F9 /* View+ListInstalledFonts.swift in Sources */,
				D37257CC2DFA3F83001BC6F9 /* FontNames.swift in Sources */,
				D35673B02D3DC55900E4E926 /* CarPlaySceneDelegate.swift in Sources */,
				D35673C32D3E872600E4E926 /* CPListItem+InitWithRemoteUrl.swift in Sources */,
				D3B744AD2E2FCD930042A427 /* MainContainerModel.swift in Sources */,
				D39591172E39932600720CF8 /* ContactPageModel.swift in Sources */,
				D339E57E2BFD750700B9E35B /* MailService.swift in Sources */,
				D339E56F2BFD306600B9E35B /* FRadioPlayerMetadata+Equatable.swift in Sources */,
				D3FE88842E37EF29009AE7B7 /* PrizeTier.swift in Sources */,
				D3137DCF2D3AA1E40070033A /* PlayolaSheet.swift in Sources */,
				D3FA612A2E00584200E9DF49 /* PlayerPageModel.swift in Sources */,
				D3A08A2F2E4E2A35002468E0 /* AnalyticsClient.swift in Sources */,
				D31C43A82D3C19640021AAE4 /* StationPlayer.swift in Sources */,
				D36FBCC02E37FC8100D1241C /* PrizeTierRow.swift in Sources */,
				D3B744B42E2FECE10042A427 /* LocalListeningSession.swift in Sources */,
				D37257D02DFB4368001BC6F9 /* PlayerPage.swift in Sources */,
				D3B744C82E31399E0042A427 /* ListeningTimeTileModel.swift in Sources */,
				D3A08A382E53A774002468E0 /* InvitationCodePageModel.swift in Sources */,
				D39591282E3BB70B00720CF8 /* EditProfilePageModel.swift in Sources */,
				D339E57C2BFD698600B9E35B /* Mail.swift in Sources */,
				D3B662742D419C3300975D2F /* LoggedInUser.swift in Sources */,
				D3536A322BFA64AB006942D6 /* StationList.swift in Sources */,
				D37257B72DF88DCD001BC6F9 /* CircleSection.swift in Sources */,
				D3B744B92E2FF16F0042A427 /* ListeningTimeTile.swift in Sources */,
				D3137DD22D3ABB520070033A /* GenericNowPlaying.swift in Sources */,
				D3536A3C2BFA6520006942D6 /* UIImage+Cache.swift in Sources */,
				D39591152E39932000720CF8 /* ContactPageView.swift in Sources */,
				D3BECAC62E201A380009E618 /* PlayolaTokenProvider.swift in Sources */,
				D37257C42DF8F885001BC6F9 /* circleBackground.swift in Sources */,
				D3B6626D2D4016C200975D2F /* NavigationCoordinator.swift in Sources */,
				D378CCD02E57947800497A4A /* ShareSheet.swift in Sources */,
				D3B744C02E3131730042A427 /* RewardsPageModel.swift in Sources */,
				D3B744B02E2FE6FB0042A427 /* RewardsProfile.swift in Sources */,
				D3137DD42D3AC9BE0070033A /* EnumTypeEquatableProtocol.swift in Sources */,
				D3A08A3A2E53A788002468E0 /* InvitationCodePageView.swift in Sources */,
				D3A276692D49628C006055AF /* UIApplication+keyWindow.swift in Sources */,
				D3B744CD2E368DB50042A427 /* Prize.swift in Sources */,
				D35673C82D3EBFBA00E4E926 /* NowPlayingUpdater.swift in Sources */,
				D3536A3A2BFA6520006942D6 /* Bundle+Misc.swift in Sources */,
				D3CE19052D3CA6180091B888 /* SharedUserDefaults.swift in Sources */,
				D3B662722D4161E100975D2F /* AppleSignInInfo.swift in Sources */,
				D3536A072BFA4F49006942D6 /* ContentView.swift in Sources */,
				D37257C62DF9F064001BC6F9 /* HomePageStationList.swift in Sources */,
				D35905EC2DFCDA140064A9C1 /* StationListModel.swift in Sources */,
				D3A08A312E4E2E2A002468E0 /* AnalyticsEvent.swift in Sources */,
				D339E56D2BFD2FAB00B9E35B /* URLStreamPlayer.swift in Sources */,
				D339E5672BFD10AE00B9E35B /* StationListPage.swift in Sources */,
				D37257C92DFA247D001BC6F9 /* MainContainer.swift in Sources */,
				D339E5692BFD1C0800B9E35B /* APIClient.swift in Sources */,
				D382671C2E00C1460006BAC2 /* SmallPlayer.swift in Sources */,
				D3536A052BFA4F49006942D6 /* PlayolaRadioApp.swift in Sources */,
				D378CCCE2E56011A00497A4A /* SignInPageModel.swift in Sources */,
				D395912A2E3BD02B00720CF8 /* MainContainerNavigationCoordinator.swift in Sources */,
			);
			runOnlyForDeploymentPostprocessing = 0;
		};
		D3536A0D2BFA4F4A006942D6 /* Sources */ = {
			isa = PBXSourcesBuildPhase;
			buildActionMask = 2147483647;
			files = (
				D38031352E00AFD20011DD64 /* PlayerPageTests.swift in Sources */,
				D3137DC02D39818E0070033A /* MailServiceMock.swift in Sources */,
				D3137DC62D39BEE00070033A /* URLStreamPlayerMock.swift in Sources */,
				D3B744CB2E313B230042A427 /* ListeningTimeTileTests.swift in Sources */,
				D3B744C52E31318A0042A427 /* RewardsPageTests.swift in Sources */,
				D3A08A352E4E6F66002468E0 /* NowPlayingUpdaterTests.swift in Sources */,
				D31C43AA2D3C39110021AAE4 /* StationPlayerMock.swift in Sources */,
				D3B662762D41B0D200975D2F /* SignInPageTests.swift in Sources */,
				D3137DC22D39B5070070033A /* StationListPageTests.swift in Sources */,
				D395912D2E3D1E1E00720CF8 /* EditProfilePageTests.swift in Sources */,
				D31C43AC2D3C65840021AAE4 /* NavigationCoordinatorMock.swift in Sources */,
				D34D5C392D7106CD00148048 /* AuthServiceMock.swift in Sources */,
				D3BECAC42E2017DE0009E618 /* PlayolaTokenProviderTests.swift in Sources */,
				D342A0C72DFCB368002BAC30 /* HomePageTests.swift in Sources */,
				D31CD5272DFBB4DF009B9780 /* MainContainerTests.swift in Sources */,
				D395911A2E39933800720CF8 /* ContactPageTests.swift in Sources */,
				D3B744BC2E312FB60042A427 /* ListeningTrackerTests.swift in Sources */,
				D3A08A3D2E53A7C6002468E0 /* InvitationCodePageTests.swift in Sources */,
				D3B744A82E2F185F0042A427 /* SmallPlayerTests.swift in Sources */,
			);
			runOnlyForDeploymentPostprocessing = 0;
		};
/* End PBXSourcesBuildPhase section */

/* Begin PBXTargetDependency section */
		D351296B2E2546E400209795 /* PBXTargetDependency */ = {
			isa = PBXTargetDependency;
			productRef = D351296A2E2546E400209795 /* SwiftLintBuildToolPlugin */;
		};
		D3536A132BFA4F4A006942D6 /* PBXTargetDependency */ = {
			isa = PBXTargetDependency;
			target = D3536A002BFA4F49006942D6 /* PlayolaRadio */;
			targetProxy = D3536A122BFA4F4A006942D6 /* PBXContainerItemProxy */;
		};
		D384837B2E242DB5008676BB /* PBXTargetDependency */ = {
			isa = PBXTargetDependency;
			productRef = D384837A2E242DB5008676BB /* SwiftLintBuildToolPlugin */;
		};
/* End PBXTargetDependency section */

/* Begin XCBuildConfiguration section */
		D3536A232BFA4F4A006942D6 /* Debug */ = {
			isa = XCBuildConfiguration;
			buildSettings = {
				ALWAYS_SEARCH_USER_PATHS = NO;
				ASSETCATALOG_COMPILER_GENERATE_SWIFT_ASSET_SYMBOL_EXTENSIONS = YES;
				CLANG_ANALYZER_NONNULL = YES;
				CLANG_ANALYZER_NUMBER_OBJECT_CONVERSION = YES_AGGRESSIVE;
				CLANG_CXX_LANGUAGE_STANDARD = "gnu++20";
				CLANG_ENABLE_MODULES = YES;
				CLANG_ENABLE_OBJC_ARC = YES;
				CLANG_ENABLE_OBJC_WEAK = YES;
				CLANG_WARN_BLOCK_CAPTURE_AUTORELEASING = YES;
				CLANG_WARN_BOOL_CONVERSION = YES;
				CLANG_WARN_COMMA = YES;
				CLANG_WARN_CONSTANT_CONVERSION = YES;
				CLANG_WARN_DEPRECATED_OBJC_IMPLEMENTATIONS = YES;
				CLANG_WARN_DIRECT_OBJC_ISA_USAGE = YES_ERROR;
				CLANG_WARN_DOCUMENTATION_COMMENTS = YES;
				CLANG_WARN_EMPTY_BODY = YES;
				CLANG_WARN_ENUM_CONVERSION = YES;
				CLANG_WARN_INFINITE_RECURSION = YES;
				CLANG_WARN_INT_CONVERSION = YES;
				CLANG_WARN_NON_LITERAL_NULL_CONVERSION = YES;
				CLANG_WARN_OBJC_IMPLICIT_RETAIN_SELF = YES;
				CLANG_WARN_OBJC_LITERAL_CONVERSION = YES;
				CLANG_WARN_OBJC_ROOT_CLASS = YES_ERROR;
				CLANG_WARN_QUOTED_INCLUDE_IN_FRAMEWORK_HEADER = YES;
				CLANG_WARN_RANGE_LOOP_ANALYSIS = YES;
				CLANG_WARN_STRICT_PROTOTYPES = YES;
				CLANG_WARN_SUSPICIOUS_MOVE = YES;
				CLANG_WARN_UNGUARDED_AVAILABILITY = YES_AGGRESSIVE;
				CLANG_WARN_UNREACHABLE_CODE = YES;
				CLANG_WARN__DUPLICATE_METHOD_MATCH = YES;
				COPY_PHASE_STRIP = NO;
				DEBUG_INFORMATION_FORMAT = dwarf;
				ENABLE_STRICT_OBJC_MSGSEND = YES;
				ENABLE_TESTABILITY = YES;
				ENABLE_USER_SCRIPT_SANDBOXING = YES;
				GCC_C_LANGUAGE_STANDARD = gnu17;
				GCC_DYNAMIC_NO_PIC = NO;
				GCC_NO_COMMON_BLOCKS = YES;
				GCC_OPTIMIZATION_LEVEL = 0;
				GCC_PREPROCESSOR_DEFINITIONS = (
					"DEBUG=1",
					"$(inherited)",
				);
				GCC_WARN_64_TO_32_BIT_CONVERSION = YES;
				GCC_WARN_ABOUT_RETURN_TYPE = YES_ERROR;
				GCC_WARN_UNDECLARED_SELECTOR = YES;
				GCC_WARN_UNINITIALIZED_AUTOS = YES_AGGRESSIVE;
				GCC_WARN_UNUSED_FUNCTION = YES;
				GCC_WARN_UNUSED_VARIABLE = YES;
				IPHONEOS_DEPLOYMENT_TARGET = 18.0;
				LOCALIZATION_PREFERS_STRING_CATALOGS = YES;
				MTL_ENABLE_DEBUG_INFO = INCLUDE_SOURCE;
				MTL_FAST_MATH = YES;
				ONLY_ACTIVE_ARCH = YES;
				SDKROOT = iphoneos;
				SWIFT_ACTIVE_COMPILATION_CONDITIONS = "DEBUG $(inherited)";
				SWIFT_OPTIMIZATION_LEVEL = "-Onone";
			};
			name = Debug;
		};
		D3536A242BFA4F4A006942D6 /* Release */ = {
			isa = XCBuildConfiguration;
			buildSettings = {
				ALWAYS_SEARCH_USER_PATHS = NO;
				ASSETCATALOG_COMPILER_GENERATE_SWIFT_ASSET_SYMBOL_EXTENSIONS = YES;
				CLANG_ANALYZER_NONNULL = YES;
				CLANG_ANALYZER_NUMBER_OBJECT_CONVERSION = YES_AGGRESSIVE;
				CLANG_CXX_LANGUAGE_STANDARD = "gnu++20";
				CLANG_ENABLE_MODULES = YES;
				CLANG_ENABLE_OBJC_ARC = YES;
				CLANG_ENABLE_OBJC_WEAK = YES;
				CLANG_WARN_BLOCK_CAPTURE_AUTORELEASING = YES;
				CLANG_WARN_BOOL_CONVERSION = YES;
				CLANG_WARN_COMMA = YES;
				CLANG_WARN_CONSTANT_CONVERSION = YES;
				CLANG_WARN_DEPRECATED_OBJC_IMPLEMENTATIONS = YES;
				CLANG_WARN_DIRECT_OBJC_ISA_USAGE = YES_ERROR;
				CLANG_WARN_DOCUMENTATION_COMMENTS = YES;
				CLANG_WARN_EMPTY_BODY = YES;
				CLANG_WARN_ENUM_CONVERSION = YES;
				CLANG_WARN_INFINITE_RECURSION = YES;
				CLANG_WARN_INT_CONVERSION = YES;
				CLANG_WARN_NON_LITERAL_NULL_CONVERSION = YES;
				CLANG_WARN_OBJC_IMPLICIT_RETAIN_SELF = YES;
				CLANG_WARN_OBJC_LITERAL_CONVERSION = YES;
				CLANG_WARN_OBJC_ROOT_CLASS = YES_ERROR;
				CLANG_WARN_QUOTED_INCLUDE_IN_FRAMEWORK_HEADER = YES;
				CLANG_WARN_RANGE_LOOP_ANALYSIS = YES;
				CLANG_WARN_STRICT_PROTOTYPES = YES;
				CLANG_WARN_SUSPICIOUS_MOVE = YES;
				CLANG_WARN_UNGUARDED_AVAILABILITY = YES_AGGRESSIVE;
				CLANG_WARN_UNREACHABLE_CODE = YES;
				CLANG_WARN__DUPLICATE_METHOD_MATCH = YES;
				COPY_PHASE_STRIP = NO;
				DEBUG_INFORMATION_FORMAT = "dwarf-with-dsym";
				ENABLE_NS_ASSERTIONS = NO;
				ENABLE_STRICT_OBJC_MSGSEND = YES;
				ENABLE_USER_SCRIPT_SANDBOXING = YES;
				GCC_C_LANGUAGE_STANDARD = gnu17;
				GCC_NO_COMMON_BLOCKS = YES;
				GCC_WARN_64_TO_32_BIT_CONVERSION = YES;
				GCC_WARN_ABOUT_RETURN_TYPE = YES_ERROR;
				GCC_WARN_UNDECLARED_SELECTOR = YES;
				GCC_WARN_UNINITIALIZED_AUTOS = YES_AGGRESSIVE;
				GCC_WARN_UNUSED_FUNCTION = YES;
				GCC_WARN_UNUSED_VARIABLE = YES;
				IPHONEOS_DEPLOYMENT_TARGET = 18.0;
				LOCALIZATION_PREFERS_STRING_CATALOGS = YES;
				MTL_ENABLE_DEBUG_INFO = NO;
				MTL_FAST_MATH = YES;
				SDKROOT = iphoneos;
				SWIFT_COMPILATION_MODE = wholemodule;
				VALIDATE_PRODUCT = YES;
			};
			name = Release;
		};
		D3536A262BFA4F4A006942D6 /* Debug */ = {
			isa = XCBuildConfiguration;
			baseConfigurationReference = D35673CA2D3EE5E100E4E926 /* Secrets-Development.xcconfig */;
			buildSettings = {
				ASSETCATALOG_COMPILER_APPICON_NAME = AppIcon;
				ASSETCATALOG_COMPILER_GLOBAL_ACCENT_COLOR_NAME = AccentColor;
				ASSETCATALOG_COMPILER_INCLUDE_ALL_APPICON_ASSETS = NO;
				CODE_SIGN_ENTITLEMENTS = PlayolaRadio/PlayolaRadio.entitlements;
				CODE_SIGN_IDENTITY = "Apple Development";
				CODE_SIGN_STYLE = Automatic;
				CURRENT_PROJECT_VERSION = 33;
				DEVELOPMENT_ASSET_PATHS = "\"PlayolaRadio/Preview Content\"";
				DEVELOPMENT_TEAM = FSRSPV9N9Q;
				ENABLE_PREVIEWS = YES;
				GENERATE_INFOPLIST_FILE = YES;
				INFOPLIST_FILE = PlayolaRadio/Info.plist;
				INFOPLIST_KEY_CFBundleDisplayName = "";
				INFOPLIST_KEY_ITSAppUsesNonExemptEncryption = NO;
				INFOPLIST_KEY_LSApplicationCategoryType = "";
				INFOPLIST_KEY_UIApplicationSupportsIndirectInputEvents = YES;
				INFOPLIST_KEY_UILaunchScreen_Generation = YES;
				INFOPLIST_KEY_UILaunchStoryboardName = LaunchScreen.storyboard;
				INFOPLIST_KEY_UIRequiresFullScreen = YES;
				INFOPLIST_KEY_UISupportedInterfaceOrientations = UIInterfaceOrientationPortrait;
				IPHONEOS_DEPLOYMENT_TARGET = 18.0;
				LD_RUNPATH_SEARCH_PATHS = (
					"$(inherited)",
					"@executable_path/Frameworks",
				);
				MARKETING_VERSION = 4.4.1;
				PRODUCT_BUNDLE_IDENTIFIER = fm.playola.playolaradio;
				PRODUCT_NAME = "$(TARGET_NAME)";
				PROVISIONING_PROFILE_SPECIFIER = "";
				SWIFT_EMIT_LOC_STRINGS = YES;
				SWIFT_STRICT_CONCURRENCY = complete;
				SWIFT_VERSION = 5.0;
				TARGETED_DEVICE_FAMILY = "1,2";
			};
			name = Debug;
		};
		D3536A272BFA4F4A006942D6 /* Release */ = {
			isa = XCBuildConfiguration;
			baseConfigurationReference = D35673BD2D3DCA1E00E4E926 /* Secrets.xcconfig */;
			buildSettings = {
				ASSETCATALOG_COMPILER_APPICON_NAME = AppIcon;
				ASSETCATALOG_COMPILER_GLOBAL_ACCENT_COLOR_NAME = AccentColor;
				ASSETCATALOG_COMPILER_INCLUDE_ALL_APPICON_ASSETS = NO;
				CODE_SIGN_ENTITLEMENTS = PlayolaRadio/PlayolaRadio.entitlements;
				CODE_SIGN_IDENTITY = "Apple Development";
				CODE_SIGN_STYLE = Automatic;
				CURRENT_PROJECT_VERSION = 33;
				DEVELOPMENT_ASSET_PATHS = "\"PlayolaRadio/Preview Content\"";
				DEVELOPMENT_TEAM = FSRSPV9N9Q;
				ENABLE_PREVIEWS = YES;
				GENERATE_INFOPLIST_FILE = YES;
				INFOPLIST_FILE = PlayolaRadio/Info.plist;
				INFOPLIST_KEY_CFBundleDisplayName = "";
				INFOPLIST_KEY_ITSAppUsesNonExemptEncryption = NO;
				INFOPLIST_KEY_LSApplicationCategoryType = "";
				INFOPLIST_KEY_UIApplicationSupportsIndirectInputEvents = YES;
				INFOPLIST_KEY_UILaunchScreen_Generation = YES;
				INFOPLIST_KEY_UILaunchStoryboardName = LaunchScreen.storyboard;
				INFOPLIST_KEY_UIRequiresFullScreen = YES;
				INFOPLIST_KEY_UISupportedInterfaceOrientations = UIInterfaceOrientationPortrait;
				IPHONEOS_DEPLOYMENT_TARGET = 18.0;
				LD_RUNPATH_SEARCH_PATHS = (
					"$(inherited)",
					"@executable_path/Frameworks",
				);
				MARKETING_VERSION = 4.4.1;
				PRODUCT_BUNDLE_IDENTIFIER = fm.playola.playolaradio;
				PRODUCT_NAME = "$(TARGET_NAME)";
				PROVISIONING_PROFILE_SPECIFIER = "";
				SWIFT_EMIT_LOC_STRINGS = YES;
				SWIFT_STRICT_CONCURRENCY = complete;
				SWIFT_VERSION = 5.0;
				TARGETED_DEVICE_FAMILY = "1,2";
			};
			name = Release;
		};
		D3536A292BFA4F4A006942D6 /* Debug */ = {
			isa = XCBuildConfiguration;
			buildSettings = {
				BUNDLE_LOADER = "$(TEST_HOST)";
				CODE_SIGN_STYLE = Automatic;
				CURRENT_PROJECT_VERSION = 1;
				DEVELOPMENT_TEAM = 896JR349G2;
				GENERATE_INFOPLIST_FILE = YES;
				IPHONEOS_DEPLOYMENT_TARGET = 18.0;
				MARKETING_VERSION = 1.0;
				PRODUCT_BUNDLE_IDENTIFIER = fm.playola.PlayolaRadioTests;
				PRODUCT_NAME = "$(TARGET_NAME)";
				SWIFT_EMIT_LOC_STRINGS = NO;
				SWIFT_VERSION = 5.0;
				TARGETED_DEVICE_FAMILY = "1,2";
				TEST_HOST = "$(BUILT_PRODUCTS_DIR)/PlayolaRadio.app/$(BUNDLE_EXECUTABLE_FOLDER_PATH)/PlayolaRadio";
			};
			name = Debug;
		};
		D3536A2A2BFA4F4A006942D6 /* Release */ = {
			isa = XCBuildConfiguration;
			buildSettings = {
				BUNDLE_LOADER = "$(TEST_HOST)";
				CODE_SIGN_STYLE = Automatic;
				CURRENT_PROJECT_VERSION = 1;
				DEVELOPMENT_TEAM = 896JR349G2;
				GENERATE_INFOPLIST_FILE = YES;
				IPHONEOS_DEPLOYMENT_TARGET = 18.0;
				MARKETING_VERSION = 1.0;
				PRODUCT_BUNDLE_IDENTIFIER = fm.playola.PlayolaRadioTests;
				PRODUCT_NAME = "$(TARGET_NAME)";
				SWIFT_EMIT_LOC_STRINGS = NO;
				SWIFT_VERSION = 5.0;
				TARGETED_DEVICE_FAMILY = "1,2";
				TEST_HOST = "$(BUILT_PRODUCTS_DIR)/PlayolaRadio.app/$(BUNDLE_EXECUTABLE_FOLDER_PATH)/PlayolaRadio";
			};
			name = Release;
		};
		D3B662BD2D4272BD00975D2F /* Local-Debug */ = {
			isa = XCBuildConfiguration;
			buildSettings = {
				ALWAYS_SEARCH_USER_PATHS = NO;
				ASSETCATALOG_COMPILER_GENERATE_SWIFT_ASSET_SYMBOL_EXTENSIONS = YES;
				CLANG_ANALYZER_NONNULL = YES;
				CLANG_ANALYZER_NUMBER_OBJECT_CONVERSION = YES_AGGRESSIVE;
				CLANG_CXX_LANGUAGE_STANDARD = "gnu++20";
				CLANG_ENABLE_MODULES = YES;
				CLANG_ENABLE_OBJC_ARC = YES;
				CLANG_ENABLE_OBJC_WEAK = YES;
				CLANG_WARN_BLOCK_CAPTURE_AUTORELEASING = YES;
				CLANG_WARN_BOOL_CONVERSION = YES;
				CLANG_WARN_COMMA = YES;
				CLANG_WARN_CONSTANT_CONVERSION = YES;
				CLANG_WARN_DEPRECATED_OBJC_IMPLEMENTATIONS = YES;
				CLANG_WARN_DIRECT_OBJC_ISA_USAGE = YES_ERROR;
				CLANG_WARN_DOCUMENTATION_COMMENTS = YES;
				CLANG_WARN_EMPTY_BODY = YES;
				CLANG_WARN_ENUM_CONVERSION = YES;
				CLANG_WARN_INFINITE_RECURSION = YES;
				CLANG_WARN_INT_CONVERSION = YES;
				CLANG_WARN_NON_LITERAL_NULL_CONVERSION = YES;
				CLANG_WARN_OBJC_IMPLICIT_RETAIN_SELF = YES;
				CLANG_WARN_OBJC_LITERAL_CONVERSION = YES;
				CLANG_WARN_OBJC_ROOT_CLASS = YES_ERROR;
				CLANG_WARN_QUOTED_INCLUDE_IN_FRAMEWORK_HEADER = YES;
				CLANG_WARN_RANGE_LOOP_ANALYSIS = YES;
				CLANG_WARN_STRICT_PROTOTYPES = YES;
				CLANG_WARN_SUSPICIOUS_MOVE = YES;
				CLANG_WARN_UNGUARDED_AVAILABILITY = YES_AGGRESSIVE;
				CLANG_WARN_UNREACHABLE_CODE = YES;
				CLANG_WARN__DUPLICATE_METHOD_MATCH = YES;
				COPY_PHASE_STRIP = NO;
				DEBUG_INFORMATION_FORMAT = dwarf;
				ENABLE_STRICT_OBJC_MSGSEND = YES;
				ENABLE_TESTABILITY = YES;
				ENABLE_USER_SCRIPT_SANDBOXING = YES;
				GCC_C_LANGUAGE_STANDARD = gnu17;
				GCC_DYNAMIC_NO_PIC = NO;
				GCC_NO_COMMON_BLOCKS = YES;
				GCC_OPTIMIZATION_LEVEL = 0;
				GCC_PREPROCESSOR_DEFINITIONS = (
					"DEBUG=1",
					"$(inherited)",
				);
				GCC_WARN_64_TO_32_BIT_CONVERSION = YES;
				GCC_WARN_ABOUT_RETURN_TYPE = YES_ERROR;
				GCC_WARN_UNDECLARED_SELECTOR = YES;
				GCC_WARN_UNINITIALIZED_AUTOS = YES_AGGRESSIVE;
				GCC_WARN_UNUSED_FUNCTION = YES;
				GCC_WARN_UNUSED_VARIABLE = YES;
				IPHONEOS_DEPLOYMENT_TARGET = 18.0;
				LOCALIZATION_PREFERS_STRING_CATALOGS = YES;
				MTL_ENABLE_DEBUG_INFO = INCLUDE_SOURCE;
				MTL_FAST_MATH = YES;
				ONLY_ACTIVE_ARCH = YES;
				SDKROOT = iphoneos;
				SWIFT_ACTIVE_COMPILATION_CONDITIONS = "DEBUG $(inherited)";
				SWIFT_OPTIMIZATION_LEVEL = "-Onone";
			};
			name = "Local-Debug";
		};
		D3B662BE2D4272BD00975D2F /* Local-Debug */ = {
			isa = XCBuildConfiguration;
			baseConfigurationReference = D3B662C22D4272ED00975D2F /* Secrets-Local.xcconfig */;
			buildSettings = {
				ASSETCATALOG_COMPILER_APPICON_NAME = AppIcon;
				ASSETCATALOG_COMPILER_GLOBAL_ACCENT_COLOR_NAME = AccentColor;
				ASSETCATALOG_COMPILER_INCLUDE_ALL_APPICON_ASSETS = NO;
				CODE_SIGN_ENTITLEMENTS = PlayolaRadio/PlayolaRadio.entitlements;
				CODE_SIGN_IDENTITY = "Apple Development";
				CODE_SIGN_STYLE = Automatic;
				CURRENT_PROJECT_VERSION = 33;
				DEVELOPMENT_ASSET_PATHS = "\"PlayolaRadio/Preview Content\"";
				DEVELOPMENT_TEAM = FSRSPV9N9Q;
				ENABLE_PREVIEWS = YES;
				GENERATE_INFOPLIST_FILE = YES;
				INFOPLIST_FILE = PlayolaRadio/Info.plist;
				INFOPLIST_KEY_CFBundleDisplayName = "";
				INFOPLIST_KEY_ITSAppUsesNonExemptEncryption = NO;
				INFOPLIST_KEY_LSApplicationCategoryType = "";
				INFOPLIST_KEY_UIApplicationSupportsIndirectInputEvents = YES;
				INFOPLIST_KEY_UILaunchScreen_Generation = YES;
				INFOPLIST_KEY_UILaunchStoryboardName = LaunchScreen.storyboard;
				INFOPLIST_KEY_UIRequiresFullScreen = YES;
				INFOPLIST_KEY_UISupportedInterfaceOrientations = UIInterfaceOrientationPortrait;
				IPHONEOS_DEPLOYMENT_TARGET = 18.0;
				LD_RUNPATH_SEARCH_PATHS = (
					"$(inherited)",
					"@executable_path/Frameworks",
				);
				MARKETING_VERSION = 4.4.1;
				PRODUCT_BUNDLE_IDENTIFIER = fm.playola.playolaradio;
				PRODUCT_NAME = "$(TARGET_NAME)";
				PROVISIONING_PROFILE_SPECIFIER = "";
				SWIFT_EMIT_LOC_STRINGS = YES;
				SWIFT_STRICT_CONCURRENCY = complete;
				SWIFT_VERSION = 5.0;
				TARGETED_DEVICE_FAMILY = "1,2";
			};
			name = "Local-Debug";
		};
		D3B662C02D4272BD00975D2F /* Local-Debug */ = {
			isa = XCBuildConfiguration;
			buildSettings = {
				BUNDLE_LOADER = "$(TEST_HOST)";
				CODE_SIGN_STYLE = Automatic;
				CURRENT_PROJECT_VERSION = 1;
				DEVELOPMENT_TEAM = 896JR349G2;
				GENERATE_INFOPLIST_FILE = YES;
				IPHONEOS_DEPLOYMENT_TARGET = 18.0;
				MARKETING_VERSION = 1.0;
				PRODUCT_BUNDLE_IDENTIFIER = fm.playola.PlayolaRadioTests;
				PRODUCT_NAME = "$(TARGET_NAME)";
				SWIFT_EMIT_LOC_STRINGS = NO;
				SWIFT_VERSION = 5.0;
				TARGETED_DEVICE_FAMILY = "1,2";
				TEST_HOST = "$(BUILT_PRODUCTS_DIR)/PlayolaRadio.app/$(BUNDLE_EXECUTABLE_FOLDER_PATH)/PlayolaRadio";
			};
			name = "Local-Debug";
		};
/* End XCBuildConfiguration section */

/* Begin XCConfigurationList section */
		D35369FC2BFA4F49006942D6 /* Build configuration list for PBXProject "PlayolaRadio" */ = {
			isa = XCConfigurationList;
			buildConfigurations = (
				D3536A232BFA4F4A006942D6 /* Debug */,
				D3B662BD2D4272BD00975D2F /* Local-Debug */,
				D3536A242BFA4F4A006942D6 /* Release */,
			);
			defaultConfigurationIsVisible = 0;
			defaultConfigurationName = Release;
		};
		D3536A252BFA4F4A006942D6 /* Build configuration list for PBXNativeTarget "PlayolaRadio" */ = {
			isa = XCConfigurationList;
			buildConfigurations = (
				D3536A262BFA4F4A006942D6 /* Debug */,
				D3B662BE2D4272BD00975D2F /* Local-Debug */,
				D3536A272BFA4F4A006942D6 /* Release */,
			);
			defaultConfigurationIsVisible = 0;
			defaultConfigurationName = Release;
		};
		D3536A282BFA4F4A006942D6 /* Build configuration list for PBXNativeTarget "PlayolaRadioTests" */ = {
			isa = XCConfigurationList;
			buildConfigurations = (
				D3536A292BFA4F4A006942D6 /* Debug */,
				D3B662C02D4272BD00975D2F /* Local-Debug */,
				D3536A2A2BFA4F4A006942D6 /* Release */,
			);
			defaultConfigurationIsVisible = 0;
			defaultConfigurationName = Release;
		};
/* End XCConfigurationList section */

/* Begin XCRemoteSwiftPackageReference section */
		D3536A2E2BFA5523006942D6 /* XCRemoteSwiftPackageReference "swift-composable-architecture" */ = {
			isa = XCRemoteSwiftPackageReference;
			repositoryURL = "https://github.com/pointfreeco/swift-composable-architecture";
			requirement = {
				kind = upToNextMajorVersion;
				minimumVersion = 1.10.4;
			};
		};
		D35673B52D3DC6EC00E4E926 /* XCRemoteSwiftPackageReference "mixpanel-swift" */ = {
			isa = XCRemoteSwiftPackageReference;
			repositoryURL = "https://github.com/mixpanel/mixpanel-swift";
			requirement = {
				branch = master;
				kind = branch;
			};
		};
		D38483792E242D61008676BB /* XCRemoteSwiftPackageReference "SwiftLintPlugins" */ = {
			isa = XCRemoteSwiftPackageReference;
			repositoryURL = "https://github.com/SimplyDanny/SwiftLintPlugins";
			requirement = {
				kind = upToNextMajorVersion;
				minimumVersion = 0.59.1;
			};
		};
		D395910D2E38069200720CF8 /* XCRemoteSwiftPackageReference "SDWebImageSwiftUI" */ = {
			isa = XCRemoteSwiftPackageReference;
			repositoryURL = "https://github.com/SDWebImage/SDWebImageSwiftUI";
			requirement = {
				kind = upToNextMajorVersion;
				minimumVersion = 3.1.3;
			};
		};
		D39591102E3808A900720CF8 /* XCRemoteSwiftPackageReference "SDWebImageSVGCoder" */ = {
			isa = XCRemoteSwiftPackageReference;
			repositoryURL = "https://github.com/SDWebImage/SDWebImageSVGCoder";
			requirement = {
				kind = upToNextMajorVersion;
				minimumVersion = 1.8.0;
			};
		};
		D3A2761C2D43C747006055AF /* XCRemoteSwiftPackageReference "GoogleSignIn-iOS" */ = {
			isa = XCRemoteSwiftPackageReference;
			repositoryURL = "https://github.com/google/GoogleSignIn-iOS";
			requirement = {
				kind = upToNextMajorVersion;
				minimumVersion = 8.0.0;
			};
		};
		D3B662662D3F58E700975D2F /* XCRemoteSwiftPackageReference "FRadioPlayer" */ = {
			isa = XCRemoteSwiftPackageReference;
			repositoryURL = "https://github.com/fethica/FRadioPlayer";
			requirement = {
				branch = v0.2.1;
				kind = branch;
			};
		};
		D3B6626E2D40352500975D2F /* XCRemoteSwiftPackageReference "Alamofire" */ = {
			isa = XCRemoteSwiftPackageReference;
			repositoryURL = "https://github.com/Alamofire/Alamofire.git";
			requirement = {
				kind = upToNextMajorVersion;
				minimumVersion = 5.10.2;
			};
		};
		D3B7449F2E2ED6AC0042A427 /* XCRemoteSwiftPackageReference "swift-dependencies" */ = {
			isa = XCRemoteSwiftPackageReference;
			repositoryURL = "https://github.com/pointfreeco/swift-dependencies";
			requirement = {
				kind = upToNextMajorVersion;
				minimumVersion = 1.9.2;
			};
		};
		D3BEE95B2D49A3BD00469CDC /* XCRemoteSwiftPackageReference "swift-testing" */ = {
			isa = XCRemoteSwiftPackageReference;
			repositoryURL = "https://github.com/swiftlang/swift-testing";
			requirement = {
				kind = exactVersion;
				version = 0.10.0;
			};
		};
		D3CE19012D3C825C0091B888 /* XCRemoteSwiftPackageReference "PlayolaPlayer" */ = {
			isa = XCRemoteSwiftPackageReference;
			repositoryURL = "https://github.com/briankeane/PlayolaPlayer";
			requirement = {
				kind = upToNextMajorVersion;
				minimumVersion = 0.8.0;
			};
		};
/* End XCRemoteSwiftPackageReference section */

/* Begin XCSwiftPackageProductDependency section */
		D31C43D32D3C783B0021AAE4 /* PlayolaPlayer */ = {
			isa = XCSwiftPackageProductDependency;
			productName = PlayolaPlayer;
		};
		D351296A2E2546E400209795 /* SwiftLintBuildToolPlugin */ = {
			isa = XCSwiftPackageProductDependency;
			package = D38483792E242D61008676BB /* XCRemoteSwiftPackageReference "SwiftLintPlugins" */;
			productName = "plugin:SwiftLintBuildToolPlugin";
		};
		D3536A2F2BFA5523006942D6 /* ComposableArchitecture */ = {
			isa = XCSwiftPackageProductDependency;
			package = D3536A2E2BFA5523006942D6 /* XCRemoteSwiftPackageReference "swift-composable-architecture" */;
			productName = ComposableArchitecture;
		};
		D35673B62D3DC6EC00E4E926 /* Mixpanel */ = {
			isa = XCSwiftPackageProductDependency;
			package = D35673B52D3DC6EC00E4E926 /* XCRemoteSwiftPackageReference "mixpanel-swift" */;
			productName = Mixpanel;
		};
		D384837A2E242DB5008676BB /* SwiftLintBuildToolPlugin */ = {
			isa = XCSwiftPackageProductDependency;
			package = D38483792E242D61008676BB /* XCRemoteSwiftPackageReference "SwiftLintPlugins" */;
			productName = "plugin:SwiftLintBuildToolPlugin";
		};
		D395910E2E38069200720CF8 /* SDWebImageSwiftUI */ = {
			isa = XCSwiftPackageProductDependency;
			package = D395910D2E38069200720CF8 /* XCRemoteSwiftPackageReference "SDWebImageSwiftUI" */;
			productName = SDWebImageSwiftUI;
		};
		D39591112E3808A900720CF8 /* SDWebImageSVGCoder */ = {
			isa = XCSwiftPackageProductDependency;
			package = D39591102E3808A900720CF8 /* XCRemoteSwiftPackageReference "SDWebImageSVGCoder" */;
			productName = SDWebImageSVGCoder;
		};
		D3A2761D2D43C747006055AF /* GoogleSignIn */ = {
			isa = XCSwiftPackageProductDependency;
			package = D3A2761C2D43C747006055AF /* XCRemoteSwiftPackageReference "GoogleSignIn-iOS" */;
			productName = GoogleSignIn;
		};
		D3A2761F2D43C747006055AF /* GoogleSignInSwift */ = {
			isa = XCSwiftPackageProductDependency;
			package = D3A2761C2D43C747006055AF /* XCRemoteSwiftPackageReference "GoogleSignIn-iOS" */;
			productName = GoogleSignInSwift;
		};
		D3B662672D3F58E700975D2F /* FRadioPlayer */ = {
			isa = XCSwiftPackageProductDependency;
			package = D3B662662D3F58E700975D2F /* XCRemoteSwiftPackageReference "FRadioPlayer" */;
			productName = FRadioPlayer;
		};
		D3B6626F2D40352500975D2F /* Alamofire */ = {
			isa = XCSwiftPackageProductDependency;
			package = D3B6626E2D40352500975D2F /* XCRemoteSwiftPackageReference "Alamofire" */;
			productName = Alamofire;
		};
		D3B744A02E2ED6AC0042A427 /* Dependencies */ = {
			isa = XCSwiftPackageProductDependency;
			package = D3B7449F2E2ED6AC0042A427 /* XCRemoteSwiftPackageReference "swift-dependencies" */;
			productName = Dependencies;
		};
		D3B744A22E2ED6AC0042A427 /* DependenciesMacros */ = {
			isa = XCSwiftPackageProductDependency;
			package = D3B7449F2E2ED6AC0042A427 /* XCRemoteSwiftPackageReference "swift-dependencies" */;
			productName = DependenciesMacros;
		};
		D3BEE95C2D49A3BD00469CDC /* Testing */ = {
			isa = XCSwiftPackageProductDependency;
			package = D3BEE95B2D49A3BD00469CDC /* XCRemoteSwiftPackageReference "swift-testing" */;
			productName = Testing;
		};
		D3CE19022D3C825C0091B888 /* PlayolaPlayer */ = {
			isa = XCSwiftPackageProductDependency;
			package = D3CE19012D3C825C0091B888 /* XCRemoteSwiftPackageReference "PlayolaPlayer" */;
			productName = PlayolaPlayer;
		};
/* End XCSwiftPackageProductDependency section */
	};
	rootObject = D35369F92BFA4F49006942D6 /* Project object */;
}
