// !$*UTF8*$!
{
	archiveVersion = 1;
	classes = {
	};
	objectVersion = 56;
	objects = {

/* Begin PBXBuildFile section */
		D339E5622BFD0FD800B9E35B /* NowPlayingSmallView.swift in Sources */ = {isa = PBXBuildFile; fileRef = D339E55E2BFD0FD800B9E35B /* NowPlayingSmallView.swift */; };
		D339E5632BFD0FD800B9E35B /* AirplayButton.swift in Sources */ = {isa = PBXBuildFile; fileRef = D339E55F2BFD0FD800B9E35B /* AirplayButton.swift */; };
		D339E5642BFD0FD800B9E35B /* StationListCellView.swift in Sources */ = {isa = PBXBuildFile; fileRef = D339E5602BFD0FD800B9E35B /* StationListCellView.swift */; };
		D339E5652BFD0FD800B9E35B /* NowPlayingEqAnimation.swift in Sources */ = {isa = PBXBuildFile; fileRef = D339E5612BFD0FD800B9E35B /* NowPlayingEqAnimation.swift */; };
		D339E5672BFD10AE00B9E35B /* StationListPage.swift in Sources */ = {isa = PBXBuildFile; fileRef = D339E5662BFD10AE00B9E35B /* StationListPage.swift */; };
		D339E5692BFD1C0800B9E35B /* API.swift in Sources */ = {isa = PBXBuildFile; fileRef = D339E5682BFD1C0800B9E35B /* API.swift */; };
		D339E56B2BFD296D00B9E35B /* StationListPageTests.swift in Sources */ = {isa = PBXBuildFile; fileRef = D339E56A2BFD296D00B9E35B /* StationListPageTests.swift */; };
		D339E56D2BFD2FAB00B9E35B /* StationPlayer.swift in Sources */ = {isa = PBXBuildFile; fileRef = D339E56C2BFD2FAB00B9E35B /* StationPlayer.swift */; };
		D339E56F2BFD306600B9E35B /* FRadioPlayerMetadata+Equatable.swift in Sources */ = {isa = PBXBuildFile; fileRef = D339E56E2BFD306600B9E35B /* FRadioPlayerMetadata+Equatable.swift */; };
		D339E5712BFD322F00B9E35B /* StationPlayerClient.swift in Sources */ = {isa = PBXBuildFile; fileRef = D339E5702BFD322F00B9E35B /* StationPlayerClient.swift */; };
		D339E5742BFD32C600B9E35B /* APIClient.swift in Sources */ = {isa = PBXBuildFile; fileRef = D339E5732BFD32C600B9E35B /* APIClient.swift */; };
		D339E5762BFD419400B9E35B /* AboutPage.swift in Sources */ = {isa = PBXBuildFile; fileRef = D339E5752BFD419400B9E35B /* AboutPage.swift */; };
		D339E57A2BFD662700B9E35B /* AboutPageTests.swift in Sources */ = {isa = PBXBuildFile; fileRef = D339E5792BFD662700B9E35B /* AboutPageTests.swift */; };
		D339E57C2BFD698600B9E35B /* Mail.swift in Sources */ = {isa = PBXBuildFile; fileRef = D339E57B2BFD698600B9E35B /* Mail.swift */; };
		D339E57E2BFD750700B9E35B /* MailClient.swift in Sources */ = {isa = PBXBuildFile; fileRef = D339E57D2BFD750700B9E35B /* MailClient.swift */; };
		D339E5802BFE57D600B9E35B /* NowPlayingPage.swift in Sources */ = {isa = PBXBuildFile; fileRef = D339E57F2BFE57D600B9E35B /* NowPlayingPage.swift */; };
		D339E5822BFE797200B9E35B /* NowPlayingPageTests.swift in Sources */ = {isa = PBXBuildFile; fileRef = D339E5812BFE797200B9E35B /* NowPlayingPageTests.swift */; };
		D339E5842BFE9B6000B9E35B /* StationDetailPage.swift in Sources */ = {isa = PBXBuildFile; fileRef = D339E5832BFE9B6000B9E35B /* StationDetailPage.swift */; };
		D3536A052BFA4F49006942D6 /* PlayolaRadioApp.swift in Sources */ = {isa = PBXBuildFile; fileRef = D3536A042BFA4F49006942D6 /* PlayolaRadioApp.swift */; };
		D3536A072BFA4F49006942D6 /* ContentView.swift in Sources */ = {isa = PBXBuildFile; fileRef = D3536A062BFA4F49006942D6 /* ContentView.swift */; };
		D3536A092BFA4F4A006942D6 /* Assets.xcassets in Resources */ = {isa = PBXBuildFile; fileRef = D3536A082BFA4F4A006942D6 /* Assets.xcassets */; };
		D3536A0C2BFA4F4A006942D6 /* Preview Assets.xcassets in Resources */ = {isa = PBXBuildFile; fileRef = D3536A0B2BFA4F4A006942D6 /* Preview Assets.xcassets */; };
		D3536A162BFA4F4A006942D6 /* PlayolaRadioTests.swift in Sources */ = {isa = PBXBuildFile; fileRef = D3536A152BFA4F4A006942D6 /* PlayolaRadioTests.swift */; };
		D3536A202BFA4F4A006942D6 /* PlayolaRadioUITests.swift in Sources */ = {isa = PBXBuildFile; fileRef = D3536A1F2BFA4F4A006942D6 /* PlayolaRadioUITests.swift */; };
		D3536A222BFA4F4A006942D6 /* PlayolaRadioUITestsLaunchTests.swift in Sources */ = {isa = PBXBuildFile; fileRef = D3536A212BFA4F4A006942D6 /* PlayolaRadioUITestsLaunchTests.swift */; };
		D3536A302BFA5523006942D6 /* ComposableArchitecture in Frameworks */ = {isa = PBXBuildFile; productRef = D3536A2F2BFA5523006942D6 /* ComposableArchitecture */; };
		D3536A322BFA64AB006942D6 /* Models.swift in Sources */ = {isa = PBXBuildFile; fileRef = D3536A312BFA64AB006942D6 /* Models.swift */; };
		D3536A352BFA64DC006942D6 /* FRadioPlayer in Frameworks */ = {isa = PBXBuildFile; productRef = D3536A342BFA64DC006942D6 /* FRadioPlayer */; };
		D3536A3A2BFA6520006942D6 /* Bundle+Misc.swift in Sources */ = {isa = PBXBuildFile; fileRef = D3536A362BFA6520006942D6 /* Bundle+Misc.swift */; };
		D3536A3B2BFA6520006942D6 /* Color+Hex.swift in Sources */ = {isa = PBXBuildFile; fileRef = D3536A372BFA6520006942D6 /* Color+Hex.swift */; };
		D3536A3C2BFA6520006942D6 /* UIImage+Cache.swift in Sources */ = {isa = PBXBuildFile; fileRef = D3536A382BFA6520006942D6 /* UIImage+Cache.swift */; };
		D3D687862D14BDD600881D2C /* PlayolaPlayerClient.swift in Sources */ = {isa = PBXBuildFile; fileRef = D3D687852D14BDD600881D2C /* PlayolaPlayerClient.swift */; };
		D3D6878A2D14BEC500881D2C /* RemoteFilePriorityLevel.swift in Sources */ = {isa = PBXBuildFile; fileRef = D3D687892D14BEC500881D2C /* RemoteFilePriorityLevel.swift */; };
		D3D6878C2D14BEE400881D2C /* RemoteFileDownloader.swift in Sources */ = {isa = PBXBuildFile; fileRef = D3D6878B2D14BEE400881D2C /* RemoteFileDownloader.swift */; };
		D3D6878F2D14BFB300881D2C /* Alamofire in Frameworks */ = {isa = PBXBuildFile; productRef = D3D6878E2D14BFB300881D2C /* Alamofire */; };
		D3D687912D14C20500881D2C /* RemoteFileCacheManager.swift in Sources */ = {isa = PBXBuildFile; fileRef = D3D687902D14C20500881D2C /* RemoteFileCacheManager.swift */; };
/* End PBXBuildFile section */

/* Begin PBXContainerItemProxy section */
		D3536A122BFA4F4A006942D6 /* PBXContainerItemProxy */ = {
			isa = PBXContainerItemProxy;
			containerPortal = D35369F92BFA4F49006942D6 /* Project object */;
			proxyType = 1;
			remoteGlobalIDString = D3536A002BFA4F49006942D6;
			remoteInfo = PlayolaRadio;
		};
		D3536A1C2BFA4F4A006942D6 /* PBXContainerItemProxy */ = {
			isa = PBXContainerItemProxy;
			containerPortal = D35369F92BFA4F49006942D6 /* Project object */;
			proxyType = 1;
			remoteGlobalIDString = D3536A002BFA4F49006942D6;
			remoteInfo = PlayolaRadio;
		};
/* End PBXContainerItemProxy section */

/* Begin PBXFileReference section */
		D3162F942C0526E7007BA25C /* Info.plist */ = {isa = PBXFileReference; lastKnownFileType = text.plist; path = Info.plist; sourceTree = "<group>"; };
		D339E55E2BFD0FD800B9E35B /* NowPlayingSmallView.swift */ = {isa = PBXFileReference; fileEncoding = 4; lastKnownFileType = sourcecode.swift; path = NowPlayingSmallView.swift; sourceTree = "<group>"; };
		D339E55F2BFD0FD800B9E35B /* AirplayButton.swift */ = {isa = PBXFileReference; fileEncoding = 4; lastKnownFileType = sourcecode.swift; path = AirplayButton.swift; sourceTree = "<group>"; };
		D339E5602BFD0FD800B9E35B /* StationListCellView.swift */ = {isa = PBXFileReference; fileEncoding = 4; lastKnownFileType = sourcecode.swift; path = StationListCellView.swift; sourceTree = "<group>"; };
		D339E5612BFD0FD800B9E35B /* NowPlayingEqAnimation.swift */ = {isa = PBXFileReference; fileEncoding = 4; lastKnownFileType = sourcecode.swift; path = NowPlayingEqAnimation.swift; sourceTree = "<group>"; };
		D339E5662BFD10AE00B9E35B /* StationListPage.swift */ = {isa = PBXFileReference; lastKnownFileType = sourcecode.swift; path = StationListPage.swift; sourceTree = "<group>"; };
		D339E5682BFD1C0800B9E35B /* API.swift */ = {isa = PBXFileReference; lastKnownFileType = sourcecode.swift; path = API.swift; sourceTree = "<group>"; };
		D339E56A2BFD296D00B9E35B /* StationListPageTests.swift */ = {isa = PBXFileReference; lastKnownFileType = sourcecode.swift; path = StationListPageTests.swift; sourceTree = "<group>"; };
		D339E56C2BFD2FAB00B9E35B /* StationPlayer.swift */ = {isa = PBXFileReference; lastKnownFileType = sourcecode.swift; path = StationPlayer.swift; sourceTree = "<group>"; };
		D339E56E2BFD306600B9E35B /* FRadioPlayerMetadata+Equatable.swift */ = {isa = PBXFileReference; lastKnownFileType = sourcecode.swift; path = "FRadioPlayerMetadata+Equatable.swift"; sourceTree = "<group>"; };
		D339E5702BFD322F00B9E35B /* StationPlayerClient.swift */ = {isa = PBXFileReference; lastKnownFileType = sourcecode.swift; path = StationPlayerClient.swift; sourceTree = "<group>"; };
		D339E5732BFD32C600B9E35B /* APIClient.swift */ = {isa = PBXFileReference; lastKnownFileType = sourcecode.swift; path = APIClient.swift; sourceTree = "<group>"; };
		D339E5752BFD419400B9E35B /* AboutPage.swift */ = {isa = PBXFileReference; lastKnownFileType = sourcecode.swift; path = AboutPage.swift; sourceTree = "<group>"; };
		D339E5792BFD662700B9E35B /* AboutPageTests.swift */ = {isa = PBXFileReference; lastKnownFileType = sourcecode.swift; path = AboutPageTests.swift; sourceTree = "<group>"; };
		D339E57B2BFD698600B9E35B /* Mail.swift */ = {isa = PBXFileReference; lastKnownFileType = sourcecode.swift; path = Mail.swift; sourceTree = "<group>"; };
		D339E57D2BFD750700B9E35B /* MailClient.swift */ = {isa = PBXFileReference; lastKnownFileType = sourcecode.swift; path = MailClient.swift; sourceTree = "<group>"; };
		D339E57F2BFE57D600B9E35B /* NowPlayingPage.swift */ = {isa = PBXFileReference; lastKnownFileType = sourcecode.swift; path = NowPlayingPage.swift; sourceTree = "<group>"; };
		D339E5812BFE797200B9E35B /* NowPlayingPageTests.swift */ = {isa = PBXFileReference; lastKnownFileType = sourcecode.swift; path = NowPlayingPageTests.swift; sourceTree = "<group>"; };
		D339E5832BFE9B6000B9E35B /* StationDetailPage.swift */ = {isa = PBXFileReference; lastKnownFileType = sourcecode.swift; path = StationDetailPage.swift; sourceTree = "<group>"; };
		D3536A012BFA4F49006942D6 /* PlayolaRadio.app */ = {isa = PBXFileReference; explicitFileType = wrapper.application; includeInIndex = 0; path = PlayolaRadio.app; sourceTree = BUILT_PRODUCTS_DIR; };
		D3536A042BFA4F49006942D6 /* PlayolaRadioApp.swift */ = {isa = PBXFileReference; lastKnownFileType = sourcecode.swift; path = PlayolaRadioApp.swift; sourceTree = "<group>"; };
		D3536A062BFA4F49006942D6 /* ContentView.swift */ = {isa = PBXFileReference; lastKnownFileType = sourcecode.swift; path = ContentView.swift; sourceTree = "<group>"; };
		D3536A082BFA4F4A006942D6 /* Assets.xcassets */ = {isa = PBXFileReference; lastKnownFileType = folder.assetcatalog; path = Assets.xcassets; sourceTree = "<group>"; };
		D3536A0B2BFA4F4A006942D6 /* Preview Assets.xcassets */ = {isa = PBXFileReference; lastKnownFileType = folder.assetcatalog; path = "Preview Assets.xcassets"; sourceTree = "<group>"; };
		D3536A112BFA4F4A006942D6 /* PlayolaRadioTests.xctest */ = {isa = PBXFileReference; explicitFileType = wrapper.cfbundle; includeInIndex = 0; path = PlayolaRadioTests.xctest; sourceTree = BUILT_PRODUCTS_DIR; };
		D3536A152BFA4F4A006942D6 /* PlayolaRadioTests.swift */ = {isa = PBXFileReference; lastKnownFileType = sourcecode.swift; path = PlayolaRadioTests.swift; sourceTree = "<group>"; };
		D3536A1B2BFA4F4A006942D6 /* PlayolaRadioUITests.xctest */ = {isa = PBXFileReference; explicitFileType = wrapper.cfbundle; includeInIndex = 0; path = PlayolaRadioUITests.xctest; sourceTree = BUILT_PRODUCTS_DIR; };
		D3536A1F2BFA4F4A006942D6 /* PlayolaRadioUITests.swift */ = {isa = PBXFileReference; lastKnownFileType = sourcecode.swift; path = PlayolaRadioUITests.swift; sourceTree = "<group>"; };
		D3536A212BFA4F4A006942D6 /* PlayolaRadioUITestsLaunchTests.swift */ = {isa = PBXFileReference; lastKnownFileType = sourcecode.swift; path = PlayolaRadioUITestsLaunchTests.swift; sourceTree = "<group>"; };
		D3536A312BFA64AB006942D6 /* Models.swift */ = {isa = PBXFileReference; lastKnownFileType = sourcecode.swift; path = Models.swift; sourceTree = "<group>"; };
		D3536A362BFA6520006942D6 /* Bundle+Misc.swift */ = {isa = PBXFileReference; fileEncoding = 4; lastKnownFileType = sourcecode.swift; path = "Bundle+Misc.swift"; sourceTree = "<group>"; };
		D3536A372BFA6520006942D6 /* Color+Hex.swift */ = {isa = PBXFileReference; fileEncoding = 4; lastKnownFileType = sourcecode.swift; path = "Color+Hex.swift"; sourceTree = "<group>"; };
		D3536A382BFA6520006942D6 /* UIImage+Cache.swift */ = {isa = PBXFileReference; fileEncoding = 4; lastKnownFileType = sourcecode.swift; path = "UIImage+Cache.swift"; sourceTree = "<group>"; };
		D3D687852D14BDD600881D2C /* PlayolaPlayerClient.swift */ = {isa = PBXFileReference; lastKnownFileType = sourcecode.swift; path = PlayolaPlayerClient.swift; sourceTree = "<group>"; };
		D3D687892D14BEC500881D2C /* RemoteFilePriorityLevel.swift */ = {isa = PBXFileReference; lastKnownFileType = sourcecode.swift; path = RemoteFilePriorityLevel.swift; sourceTree = "<group>"; };
		D3D6878B2D14BEE400881D2C /* RemoteFileDownloader.swift */ = {isa = PBXFileReference; lastKnownFileType = sourcecode.swift; path = RemoteFileDownloader.swift; sourceTree = "<group>"; };
		D3D687902D14C20500881D2C /* RemoteFileCacheManager.swift */ = {isa = PBXFileReference; lastKnownFileType = sourcecode.swift; path = RemoteFileCacheManager.swift; sourceTree = "<group>"; };
/* End PBXFileReference section */

/* Begin PBXFrameworksBuildPhase section */
		D35369FE2BFA4F49006942D6 /* Frameworks */ = {
			isa = PBXFrameworksBuildPhase;
			buildActionMask = 2147483647;
			files = (
				D3D6878F2D14BFB300881D2C /* Alamofire in Frameworks */,
				D3536A352BFA64DC006942D6 /* FRadioPlayer in Frameworks */,
				D3536A302BFA5523006942D6 /* ComposableArchitecture in Frameworks */,
			);
			runOnlyForDeploymentPostprocessing = 0;
		};
		D3536A0E2BFA4F4A006942D6 /* Frameworks */ = {
			isa = PBXFrameworksBuildPhase;
			buildActionMask = 2147483647;
			files = (
			);
			runOnlyForDeploymentPostprocessing = 0;
		};
		D3536A182BFA4F4A006942D6 /* Frameworks */ = {
			isa = PBXFrameworksBuildPhase;
			buildActionMask = 2147483647;
			files = (
			);
			runOnlyForDeploymentPostprocessing = 0;
		};
/* End PBXFrameworksBuildPhase section */

/* Begin PBXGroup section */
		D339E55A2BFD0CE200B9E35B /* Dependencies */ = {
			isa = PBXGroup;
			children = (
				D339E5722BFD32A100B9E35B /* Clients */,
				D339E5682BFD1C0800B9E35B /* API.swift */,
				D339E56C2BFD2FAB00B9E35B /* StationPlayer.swift */,
				D339E57B2BFD698600B9E35B /* Mail.swift */,
			);
			path = Dependencies;
			sourceTree = "<group>";
		};
		D339E55B2BFD0CEE00B9E35B /* Views */ = {
			isa = PBXGroup;
			children = (
				D339E55D2BFD0FC200B9E35B /* Components */,
				D339E55C2BFD0FB000B9E35B /* Pages */,
			);
			path = Views;
			sourceTree = "<group>";
		};
		D339E55C2BFD0FB000B9E35B /* Pages */ = {
			isa = PBXGroup;
			children = (
				D3536A062BFA4F49006942D6 /* ContentView.swift */,
				D339E5662BFD10AE00B9E35B /* StationListPage.swift */,
				D339E56A2BFD296D00B9E35B /* StationListPageTests.swift */,
				D339E5752BFD419400B9E35B /* AboutPage.swift */,
				D339E5792BFD662700B9E35B /* AboutPageTests.swift */,
				D339E57F2BFE57D600B9E35B /* NowPlayingPage.swift */,
				D339E5812BFE797200B9E35B /* NowPlayingPageTests.swift */,
				D339E5832BFE9B6000B9E35B /* StationDetailPage.swift */,
			);
			path = Pages;
			sourceTree = "<group>";
		};
		D339E55D2BFD0FC200B9E35B /* Components */ = {
			isa = PBXGroup;
			children = (
				D339E55F2BFD0FD800B9E35B /* AirplayButton.swift */,
				D339E5612BFD0FD800B9E35B /* NowPlayingEqAnimation.swift */,
				D339E55E2BFD0FD800B9E35B /* NowPlayingSmallView.swift */,
				D339E5602BFD0FD800B9E35B /* StationListCellView.swift */,
			);
			path = Components;
			sourceTree = "<group>";
		};
		D339E5722BFD32A100B9E35B /* Clients */ = {
			isa = PBXGroup;
			children = (
				D339E5702BFD322F00B9E35B /* StationPlayerClient.swift */,
				D339E5732BFD32C600B9E35B /* APIClient.swift */,
				D339E57D2BFD750700B9E35B /* MailClient.swift */,
				D3D687852D14BDD600881D2C /* PlayolaPlayerClient.swift */,
			);
			path = Clients;
			sourceTree = "<group>";
		};
		D35369F82BFA4F49006942D6 = {
			isa = PBXGroup;
			children = (
				D3536A032BFA4F49006942D6 /* PlayolaRadio */,
				D3536A142BFA4F4A006942D6 /* PlayolaRadioTests */,
				D3536A1E2BFA4F4A006942D6 /* PlayolaRadioUITests */,
				D3536A022BFA4F49006942D6 /* Products */,
			);
			sourceTree = "<group>";
		};
		D3536A022BFA4F49006942D6 /* Products */ = {
			isa = PBXGroup;
			children = (
				D3536A012BFA4F49006942D6 /* PlayolaRadio.app */,
				D3536A112BFA4F4A006942D6 /* PlayolaRadioTests.xctest */,
				D3536A1B2BFA4F4A006942D6 /* PlayolaRadioUITests.xctest */,
			);
			name = Products;
			sourceTree = "<group>";
		};
		D3536A032BFA4F49006942D6 /* PlayolaRadio */ = {
			isa = PBXGroup;
			children = (
				D3D687872D14BDEF00881D2C /* Libraries */,
				D3162F942C0526E7007BA25C /* Info.plist */,
				D339E55A2BFD0CE200B9E35B /* Dependencies */,
				D3536A392BFA6520006942D6 /* Extensions */,
				D339E55B2BFD0CEE00B9E35B /* Views */,
				D3536A082BFA4F4A006942D6 /* Assets.xcassets */,
				D3536A0A2BFA4F4A006942D6 /* Preview Content */,
				D3536A312BFA64AB006942D6 /* Models.swift */,
				D3536A042BFA4F49006942D6 /* PlayolaRadioApp.swift */,
			);
			path = PlayolaRadio;
			sourceTree = "<group>";
		};
		D3536A0A2BFA4F4A006942D6 /* Preview Content */ = {
			isa = PBXGroup;
			children = (
				D3536A0B2BFA4F4A006942D6 /* Preview Assets.xcassets */,
			);
			path = "Preview Content";
			sourceTree = "<group>";
		};
		D3536A142BFA4F4A006942D6 /* PlayolaRadioTests */ = {
			isa = PBXGroup;
			children = (
				D3536A152BFA4F4A006942D6 /* PlayolaRadioTests.swift */,
			);
			path = PlayolaRadioTests;
			sourceTree = "<group>";
		};
		D3536A1E2BFA4F4A006942D6 /* PlayolaRadioUITests */ = {
			isa = PBXGroup;
			children = (
				D3536A1F2BFA4F4A006942D6 /* PlayolaRadioUITests.swift */,
				D3536A212BFA4F4A006942D6 /* PlayolaRadioUITestsLaunchTests.swift */,
			);
			path = PlayolaRadioUITests;
			sourceTree = "<group>";
		};
		D3536A392BFA6520006942D6 /* Extensions */ = {
			isa = PBXGroup;
			children = (
				D3536A362BFA6520006942D6 /* Bundle+Misc.swift */,
				D3536A372BFA6520006942D6 /* Color+Hex.swift */,
				D3536A382BFA6520006942D6 /* UIImage+Cache.swift */,
				D339E56E2BFD306600B9E35B /* FRadioPlayerMetadata+Equatable.swift */,
			);
			path = Extensions;
			sourceTree = "<group>";
		};
		D3D687872D14BDEF00881D2C /* Libraries */ = {
			isa = PBXGroup;
			children = (
				D3D687882D14BEA700881D2C /* SwiftRemoteFileCache */,
			);
			path = Libraries;
			sourceTree = "<group>";
		};
		D3D687882D14BEA700881D2C /* SwiftRemoteFileCache */ = {
			isa = PBXGroup;
			children = (
				D3D687892D14BEC500881D2C /* RemoteFilePriorityLevel.swift */,
				D3D6878B2D14BEE400881D2C /* RemoteFileDownloader.swift */,
				D3D687902D14C20500881D2C /* RemoteFileCacheManager.swift */,
			);
			path = SwiftRemoteFileCache;
			sourceTree = "<group>";
		};
/* End PBXGroup section */

/* Begin PBXNativeTarget section */
		D3536A002BFA4F49006942D6 /* PlayolaRadio */ = {
			isa = PBXNativeTarget;
			buildConfigurationList = D3536A252BFA4F4A006942D6 /* Build configuration list for PBXNativeTarget "PlayolaRadio" */;
			buildPhases = (
				D35369FD2BFA4F49006942D6 /* Sources */,
				D35369FE2BFA4F49006942D6 /* Frameworks */,
				D35369FF2BFA4F49006942D6 /* Resources */,
			);
			buildRules = (
			);
			dependencies = (
			);
			name = PlayolaRadio;
			packageProductDependencies = (
				D3536A2F2BFA5523006942D6 /* ComposableArchitecture */,
				D3536A342BFA64DC006942D6 /* FRadioPlayer */,
				D3D6878E2D14BFB300881D2C /* Alamofire */,
			);
			productName = PlayolaRadio;
			productReference = D3536A012BFA4F49006942D6 /* PlayolaRadio.app */;
			productType = "com.apple.product-type.application";
		};
		D3536A102BFA4F4A006942D6 /* PlayolaRadioTests */ = {
			isa = PBXNativeTarget;
			buildConfigurationList = D3536A282BFA4F4A006942D6 /* Build configuration list for PBXNativeTarget "PlayolaRadioTests" */;
			buildPhases = (
				D3536A0D2BFA4F4A006942D6 /* Sources */,
				D3536A0E2BFA4F4A006942D6 /* Frameworks */,
				D3536A0F2BFA4F4A006942D6 /* Resources */,
			);
			buildRules = (
			);
			dependencies = (
				D3536A132BFA4F4A006942D6 /* PBXTargetDependency */,
			);
			name = PlayolaRadioTests;
			productName = PlayolaRadioTests;
			productReference = D3536A112BFA4F4A006942D6 /* PlayolaRadioTests.xctest */;
			productType = "com.apple.product-type.bundle.unit-test";
		};
		D3536A1A2BFA4F4A006942D6 /* PlayolaRadioUITests */ = {
			isa = PBXNativeTarget;
			buildConfigurationList = D3536A2B2BFA4F4A006942D6 /* Build configuration list for PBXNativeTarget "PlayolaRadioUITests" */;
			buildPhases = (
				D3536A172BFA4F4A006942D6 /* Sources */,
				D3536A182BFA4F4A006942D6 /* Frameworks */,
				D3536A192BFA4F4A006942D6 /* Resources */,
			);
			buildRules = (
			);
			dependencies = (
				D3536A1D2BFA4F4A006942D6 /* PBXTargetDependency */,
			);
			name = PlayolaRadioUITests;
			productName = PlayolaRadioUITests;
			productReference = D3536A1B2BFA4F4A006942D6 /* PlayolaRadioUITests.xctest */;
			productType = "com.apple.product-type.bundle.ui-testing";
		};
/* End PBXNativeTarget section */

/* Begin PBXProject section */
		D35369F92BFA4F49006942D6 /* Project object */ = {
			isa = PBXProject;
			attributes = {
				BuildIndependentTargetsInParallel = 1;
				LastSwiftUpdateCheck = 1530;
				LastUpgradeCheck = 1530;
				TargetAttributes = {
					D3536A002BFA4F49006942D6 = {
						CreatedOnToolsVersion = 15.3;
					};
					D3536A102BFA4F4A006942D6 = {
						CreatedOnToolsVersion = 15.3;
						TestTargetID = D3536A002BFA4F49006942D6;
					};
					D3536A1A2BFA4F4A006942D6 = {
						CreatedOnToolsVersion = 15.3;
						TestTargetID = D3536A002BFA4F49006942D6;
					};
				};
			};
			buildConfigurationList = D35369FC2BFA4F49006942D6 /* Build configuration list for PBXProject "PlayolaRadio" */;
			compatibilityVersion = "Xcode 14.0";
			developmentRegion = en;
			hasScannedForEncodings = 0;
			knownRegions = (
				en,
				Base,
			);
			mainGroup = D35369F82BFA4F49006942D6;
			packageReferences = (
				D3536A2E2BFA5523006942D6 /* XCRemoteSwiftPackageReference "swift-composable-architecture" */,
				D3536A332BFA64DC006942D6 /* XCRemoteSwiftPackageReference "FRadioPlayer" */,
				D3D6878D2D14BFB300881D2C /* XCRemoteSwiftPackageReference "Alamofire" */,
			);
			productRefGroup = D3536A022BFA4F49006942D6 /* Products */;
			projectDirPath = "";
			projectRoot = "";
			targets = (
				D3536A002BFA4F49006942D6 /* PlayolaRadio */,
				D3536A102BFA4F4A006942D6 /* PlayolaRadioTests */,
				D3536A1A2BFA4F4A006942D6 /* PlayolaRadioUITests */,
			);
		};
/* End PBXProject section */

/* Begin PBXResourcesBuildPhase section */
		D35369FF2BFA4F49006942D6 /* Resources */ = {
			isa = PBXResourcesBuildPhase;
			buildActionMask = 2147483647;
			files = (
				D3536A0C2BFA4F4A006942D6 /* Preview Assets.xcassets in Resources */,
				D3536A092BFA4F4A006942D6 /* Assets.xcassets in Resources */,
			);
			runOnlyForDeploymentPostprocessing = 0;
		};
		D3536A0F2BFA4F4A006942D6 /* Resources */ = {
			isa = PBXResourcesBuildPhase;
			buildActionMask = 2147483647;
			files = (
			);
			runOnlyForDeploymentPostprocessing = 0;
		};
		D3536A192BFA4F4A006942D6 /* Resources */ = {
			isa = PBXResourcesBuildPhase;
			buildActionMask = 2147483647;
			files = (
			);
			runOnlyForDeploymentPostprocessing = 0;
		};
/* End PBXResourcesBuildPhase section */

/* Begin PBXSourcesBuildPhase section */
		D35369FD2BFA4F49006942D6 /* Sources */ = {
			isa = PBXSourcesBuildPhase;
			buildActionMask = 2147483647;
			files = (
				D3D6878C2D14BEE400881D2C /* RemoteFileDownloader.swift in Sources */,
				D339E5712BFD322F00B9E35B /* StationPlayerClient.swift in Sources */,
				D3D6878A2D14BEC500881D2C /* RemoteFilePriorityLevel.swift in Sources */,
				D3536A3B2BFA6520006942D6 /* Color+Hex.swift in Sources */,
				D339E5622BFD0FD800B9E35B /* NowPlayingSmallView.swift in Sources */,
				D339E5742BFD32C600B9E35B /* APIClient.swift in Sources */,
				D3D687862D14BDD600881D2C /* PlayolaPlayerClient.swift in Sources */,
				D3D687912D14C20500881D2C /* RemoteFileCacheManager.swift in Sources */,
				D339E5802BFE57D600B9E35B /* NowPlayingPage.swift in Sources */,
				D339E5842BFE9B6000B9E35B /* StationDetailPage.swift in Sources */,
				D339E5652BFD0FD800B9E35B /* NowPlayingEqAnimation.swift in Sources */,
				D339E57E2BFD750700B9E35B /* MailClient.swift in Sources */,
				D339E56F2BFD306600B9E35B /* FRadioPlayerMetadata+Equatable.swift in Sources */,
				D339E5642BFD0FD800B9E35B /* StationListCellView.swift in Sources */,
				D339E57C2BFD698600B9E35B /* Mail.swift in Sources */,
				D3536A322BFA64AB006942D6 /* Models.swift in Sources */,
				D339E5762BFD419400B9E35B /* AboutPage.swift in Sources */,
				D3536A3C2BFA6520006942D6 /* UIImage+Cache.swift in Sources */,
				D339E5632BFD0FD800B9E35B /* AirplayButton.swift in Sources */,
				D3536A3A2BFA6520006942D6 /* Bundle+Misc.swift in Sources */,
				D3536A072BFA4F49006942D6 /* ContentView.swift in Sources */,
				D339E56D2BFD2FAB00B9E35B /* StationPlayer.swift in Sources */,
				D339E5672BFD10AE00B9E35B /* StationListPage.swift in Sources */,
				D339E5692BFD1C0800B9E35B /* API.swift in Sources */,
				D3536A052BFA4F49006942D6 /* PlayolaRadioApp.swift in Sources */,
			);
			runOnlyForDeploymentPostprocessing = 0;
		};
		D3536A0D2BFA4F4A006942D6 /* Sources */ = {
			isa = PBXSourcesBuildPhase;
			buildActionMask = 2147483647;
			files = (
				D339E5822BFE797200B9E35B /* NowPlayingPageTests.swift in Sources */,
				D3536A162BFA4F4A006942D6 /* PlayolaRadioTests.swift in Sources */,
				D339E57A2BFD662700B9E35B /* AboutPageTests.swift in Sources */,
				D339E56B2BFD296D00B9E35B /* StationListPageTests.swift in Sources */,
			);
			runOnlyForDeploymentPostprocessing = 0;
		};
		D3536A172BFA4F4A006942D6 /* Sources */ = {
			isa = PBXSourcesBuildPhase;
			buildActionMask = 2147483647;
			files = (
				D3536A202BFA4F4A006942D6 /* PlayolaRadioUITests.swift in Sources */,
				D3536A222BFA4F4A006942D6 /* PlayolaRadioUITestsLaunchTests.swift in Sources */,
			);
			runOnlyForDeploymentPostprocessing = 0;
		};
/* End PBXSourcesBuildPhase section */

/* Begin PBXTargetDependency section */
		D3536A132BFA4F4A006942D6 /* PBXTargetDependency */ = {
			isa = PBXTargetDependency;
			target = D3536A002BFA4F49006942D6 /* PlayolaRadio */;
			targetProxy = D3536A122BFA4F4A006942D6 /* PBXContainerItemProxy */;
		};
		D3536A1D2BFA4F4A006942D6 /* PBXTargetDependency */ = {
			isa = PBXTargetDependency;
			target = D3536A002BFA4F49006942D6 /* PlayolaRadio */;
			targetProxy = D3536A1C2BFA4F4A006942D6 /* PBXContainerItemProxy */;
		};
/* End PBXTargetDependency section */

/* Begin XCBuildConfiguration section */
		D3536A232BFA4F4A006942D6 /* Debug */ = {
			isa = XCBuildConfiguration;
			buildSettings = {
				ALWAYS_SEARCH_USER_PATHS = NO;
				ASSETCATALOG_COMPILER_GENERATE_SWIFT_ASSET_SYMBOL_EXTENSIONS = YES;
				CLANG_ANALYZER_NONNULL = YES;
				CLANG_ANALYZER_NUMBER_OBJECT_CONVERSION = YES_AGGRESSIVE;
				CLANG_CXX_LANGUAGE_STANDARD = "gnu++20";
				CLANG_ENABLE_MODULES = YES;
				CLANG_ENABLE_OBJC_ARC = YES;
				CLANG_ENABLE_OBJC_WEAK = YES;
				CLANG_WARN_BLOCK_CAPTURE_AUTORELEASING = YES;
				CLANG_WARN_BOOL_CONVERSION = YES;
				CLANG_WARN_COMMA = YES;
				CLANG_WARN_CONSTANT_CONVERSION = YES;
				CLANG_WARN_DEPRECATED_OBJC_IMPLEMENTATIONS = YES;
				CLANG_WARN_DIRECT_OBJC_ISA_USAGE = YES_ERROR;
				CLANG_WARN_DOCUMENTATION_COMMENTS = YES;
				CLANG_WARN_EMPTY_BODY = YES;
				CLANG_WARN_ENUM_CONVERSION = YES;
				CLANG_WARN_INFINITE_RECURSION = YES;
				CLANG_WARN_INT_CONVERSION = YES;
				CLANG_WARN_NON_LITERAL_NULL_CONVERSION = YES;
				CLANG_WARN_OBJC_IMPLICIT_RETAIN_SELF = YES;
				CLANG_WARN_OBJC_LITERAL_CONVERSION = YES;
				CLANG_WARN_OBJC_ROOT_CLASS = YES_ERROR;
				CLANG_WARN_QUOTED_INCLUDE_IN_FRAMEWORK_HEADER = YES;
				CLANG_WARN_RANGE_LOOP_ANALYSIS = YES;
				CLANG_WARN_STRICT_PROTOTYPES = YES;
				CLANG_WARN_SUSPICIOUS_MOVE = YES;
				CLANG_WARN_UNGUARDED_AVAILABILITY = YES_AGGRESSIVE;
				CLANG_WARN_UNREACHABLE_CODE = YES;
				CLANG_WARN__DUPLICATE_METHOD_MATCH = YES;
				COPY_PHASE_STRIP = NO;
				DEBUG_INFORMATION_FORMAT = dwarf;
				ENABLE_STRICT_OBJC_MSGSEND = YES;
				ENABLE_TESTABILITY = YES;
				ENABLE_USER_SCRIPT_SANDBOXING = YES;
				GCC_C_LANGUAGE_STANDARD = gnu17;
				GCC_DYNAMIC_NO_PIC = NO;
				GCC_NO_COMMON_BLOCKS = YES;
				GCC_OPTIMIZATION_LEVEL = 0;
				GCC_PREPROCESSOR_DEFINITIONS = (
					"DEBUG=1",
					"$(inherited)",
				);
				GCC_WARN_64_TO_32_BIT_CONVERSION = YES;
				GCC_WARN_ABOUT_RETURN_TYPE = YES_ERROR;
				GCC_WARN_UNDECLARED_SELECTOR = YES;
				GCC_WARN_UNINITIALIZED_AUTOS = YES_AGGRESSIVE;
				GCC_WARN_UNUSED_FUNCTION = YES;
				GCC_WARN_UNUSED_VARIABLE = YES;
				IPHONEOS_DEPLOYMENT_TARGET = 17.4;
				LOCALIZATION_PREFERS_STRING_CATALOGS = YES;
				MTL_ENABLE_DEBUG_INFO = INCLUDE_SOURCE;
				MTL_FAST_MATH = YES;
				ONLY_ACTIVE_ARCH = YES;
				SDKROOT = iphoneos;
				SWIFT_ACTIVE_COMPILATION_CONDITIONS = "DEBUG $(inherited)";
				SWIFT_OPTIMIZATION_LEVEL = "-Onone";
				SWIFT_STRICT_CONCURRENCY = complete;
			};
			name = Debug;
		};
		D3536A242BFA4F4A006942D6 /* Release */ = {
			isa = XCBuildConfiguration;
			buildSettings = {
				ALWAYS_SEARCH_USER_PATHS = NO;
				ASSETCATALOG_COMPILER_GENERATE_SWIFT_ASSET_SYMBOL_EXTENSIONS = YES;
				CLANG_ANALYZER_NONNULL = YES;
				CLANG_ANALYZER_NUMBER_OBJECT_CONVERSION = YES_AGGRESSIVE;
				CLANG_CXX_LANGUAGE_STANDARD = "gnu++20";
				CLANG_ENABLE_MODULES = YES;
				CLANG_ENABLE_OBJC_ARC = YES;
				CLANG_ENABLE_OBJC_WEAK = YES;
				CLANG_WARN_BLOCK_CAPTURE_AUTORELEASING = YES;
				CLANG_WARN_BOOL_CONVERSION = YES;
				CLANG_WARN_COMMA = YES;
				CLANG_WARN_CONSTANT_CONVERSION = YES;
				CLANG_WARN_DEPRECATED_OBJC_IMPLEMENTATIONS = YES;
				CLANG_WARN_DIRECT_OBJC_ISA_USAGE = YES_ERROR;
				CLANG_WARN_DOCUMENTATION_COMMENTS = YES;
				CLANG_WARN_EMPTY_BODY = YES;
				CLANG_WARN_ENUM_CONVERSION = YES;
				CLANG_WARN_INFINITE_RECURSION = YES;
				CLANG_WARN_INT_CONVERSION = YES;
				CLANG_WARN_NON_LITERAL_NULL_CONVERSION = YES;
				CLANG_WARN_OBJC_IMPLICIT_RETAIN_SELF = YES;
				CLANG_WARN_OBJC_LITERAL_CONVERSION = YES;
				CLANG_WARN_OBJC_ROOT_CLASS = YES_ERROR;
				CLANG_WARN_QUOTED_INCLUDE_IN_FRAMEWORK_HEADER = YES;
				CLANG_WARN_RANGE_LOOP_ANALYSIS = YES;
				CLANG_WARN_STRICT_PROTOTYPES = YES;
				CLANG_WARN_SUSPICIOUS_MOVE = YES;
				CLANG_WARN_UNGUARDED_AVAILABILITY = YES_AGGRESSIVE;
				CLANG_WARN_UNREACHABLE_CODE = YES;
				CLANG_WARN__DUPLICATE_METHOD_MATCH = YES;
				COPY_PHASE_STRIP = NO;
				DEBUG_INFORMATION_FORMAT = "dwarf-with-dsym";
				ENABLE_NS_ASSERTIONS = NO;
				ENABLE_STRICT_OBJC_MSGSEND = YES;
				ENABLE_USER_SCRIPT_SANDBOXING = YES;
				GCC_C_LANGUAGE_STANDARD = gnu17;
				GCC_NO_COMMON_BLOCKS = YES;
				GCC_WARN_64_TO_32_BIT_CONVERSION = YES;
				GCC_WARN_ABOUT_RETURN_TYPE = YES_ERROR;
				GCC_WARN_UNDECLARED_SELECTOR = YES;
				GCC_WARN_UNINITIALIZED_AUTOS = YES_AGGRESSIVE;
				GCC_WARN_UNUSED_FUNCTION = YES;
				GCC_WARN_UNUSED_VARIABLE = YES;
				IPHONEOS_DEPLOYMENT_TARGET = 17.4;
				LOCALIZATION_PREFERS_STRING_CATALOGS = YES;
				MTL_ENABLE_DEBUG_INFO = NO;
				MTL_FAST_MATH = YES;
				SDKROOT = iphoneos;
				SWIFT_COMPILATION_MODE = wholemodule;
				SWIFT_STRICT_CONCURRENCY = complete;
				VALIDATE_PRODUCT = YES;
			};
			name = Release;
		};
		D3536A262BFA4F4A006942D6 /* Debug */ = {
			isa = XCBuildConfiguration;
			buildSettings = {
				ASSETCATALOG_COMPILER_APPICON_NAME = AppIcon;
				ASSETCATALOG_COMPILER_GLOBAL_ACCENT_COLOR_NAME = AccentColor;
				"CODE_SIGN_IDENTITY[sdk=iphoneos*]" = "iPhone Developer";
				CODE_SIGN_STYLE = Manual;
				CURRENT_PROJECT_VERSION = 1;
				DEVELOPMENT_ASSET_PATHS = "\"PlayolaRadio/Preview Content\"";
				DEVELOPMENT_TEAM = "";
				"DEVELOPMENT_TEAM[sdk=iphoneos*]" = FSRSPV9N9Q;
				ENABLE_PREVIEWS = YES;
				GENERATE_INFOPLIST_FILE = YES;
				INFOPLIST_FILE = PlayolaRadio/Info.plist;
				INFOPLIST_KEY_UIApplicationSceneManifest_Generation = YES;
				INFOPLIST_KEY_UIApplicationSupportsIndirectInputEvents = YES;
				INFOPLIST_KEY_UILaunchScreen_Generation = YES;
				INFOPLIST_KEY_UISupportedInterfaceOrientations_iPad = "UIInterfaceOrientationPortrait UIInterfaceOrientationPortraitUpsideDown UIInterfaceOrientationLandscapeLeft UIInterfaceOrientationLandscapeRight";
				INFOPLIST_KEY_UISupportedInterfaceOrientations_iPhone = "UIInterfaceOrientationPortrait UIInterfaceOrientationLandscapeLeft UIInterfaceOrientationLandscapeRight";
				LD_RUNPATH_SEARCH_PATHS = (
					"$(inherited)",
					"@executable_path/Frameworks",
				);
				MARKETING_VERSION = 1.0;
				PRODUCT_BUNDLE_IDENTIFIER = fm.playola.playolaradio;
				PRODUCT_NAME = "$(TARGET_NAME)";
				PROVISIONING_PROFILE_SPECIFIER = "";
				"PROVISIONING_PROFILE_SPECIFIER[sdk=iphoneos*]" = "match Development fm.playola.playolaradio";
				SWIFT_EMIT_LOC_STRINGS = YES;
				SWIFT_VERSION = 5.0;
				TARGETED_DEVICE_FAMILY = "1,2";
			};
			name = Debug;
		};
		D3536A272BFA4F4A006942D6 /* Release */ = {
			isa = XCBuildConfiguration;
			buildSettings = {
				ASSETCATALOG_COMPILER_APPICON_NAME = AppIcon;
				ASSETCATALOG_COMPILER_GLOBAL_ACCENT_COLOR_NAME = AccentColor;
				"CODE_SIGN_IDENTITY[sdk=iphoneos*]" = "iPhone Developer";
				CODE_SIGN_STYLE = Manual;
				CURRENT_PROJECT_VERSION = 1;
				DEVELOPMENT_ASSET_PATHS = "\"PlayolaRadio/Preview Content\"";
				DEVELOPMENT_TEAM = "";
				"DEVELOPMENT_TEAM[sdk=iphoneos*]" = FSRSPV9N9Q;
				ENABLE_PREVIEWS = YES;
				GENERATE_INFOPLIST_FILE = YES;
				INFOPLIST_FILE = PlayolaRadio/Info.plist;
				INFOPLIST_KEY_UIApplicationSceneManifest_Generation = YES;
				INFOPLIST_KEY_UIApplicationSupportsIndirectInputEvents = YES;
				INFOPLIST_KEY_UILaunchScreen_Generation = YES;
				INFOPLIST_KEY_UISupportedInterfaceOrientations_iPad = "UIInterfaceOrientationPortrait UIInterfaceOrientationPortraitUpsideDown UIInterfaceOrientationLandscapeLeft UIInterfaceOrientationLandscapeRight";
				INFOPLIST_KEY_UISupportedInterfaceOrientations_iPhone = "UIInterfaceOrientationPortrait UIInterfaceOrientationLandscapeLeft UIInterfaceOrientationLandscapeRight";
				LD_RUNPATH_SEARCH_PATHS = (
					"$(inherited)",
					"@executable_path/Frameworks",
				);
				MARKETING_VERSION = 1.0;
				PRODUCT_BUNDLE_IDENTIFIER = fm.playola.playolaradio;
				PRODUCT_NAME = "$(TARGET_NAME)";
				PROVISIONING_PROFILE_SPECIFIER = "";
				"PROVISIONING_PROFILE_SPECIFIER[sdk=iphoneos*]" = "match Development fm.playola.playolaradio";
				SWIFT_EMIT_LOC_STRINGS = YES;
				SWIFT_VERSION = 5.0;
				TARGETED_DEVICE_FAMILY = "1,2";
			};
			name = Release;
		};
		D3536A292BFA4F4A006942D6 /* Debug */ = {
			isa = XCBuildConfiguration;
			buildSettings = {
				ALWAYS_EMBED_SWIFT_STANDARD_LIBRARIES = YES;
				BUNDLE_LOADER = "$(TEST_HOST)";
				CODE_SIGN_STYLE = Automatic;
				CURRENT_PROJECT_VERSION = 1;
				DEVELOPMENT_TEAM = 896JR349G2;
				GENERATE_INFOPLIST_FILE = YES;
				IPHONEOS_DEPLOYMENT_TARGET = 17.4;
				MARKETING_VERSION = 1.0;
				PRODUCT_BUNDLE_IDENTIFIER = fm.playola.PlayolaRadioTests;
				PRODUCT_NAME = "$(TARGET_NAME)";
				SWIFT_EMIT_LOC_STRINGS = NO;
				SWIFT_VERSION = 5.0;
				TARGETED_DEVICE_FAMILY = "1,2";
				TEST_HOST = "$(BUILT_PRODUCTS_DIR)/PlayolaRadio.app/$(BUNDLE_EXECUTABLE_FOLDER_PATH)/PlayolaRadio";
			};
			name = Debug;
		};
		D3536A2A2BFA4F4A006942D6 /* Release */ = {
			isa = XCBuildConfiguration;
			buildSettings = {
				ALWAYS_EMBED_SWIFT_STANDARD_LIBRARIES = YES;
				BUNDLE_LOADER = "$(TEST_HOST)";
				CODE_SIGN_STYLE = Automatic;
				CURRENT_PROJECT_VERSION = 1;
				DEVELOPMENT_TEAM = 896JR349G2;
				GENERATE_INFOPLIST_FILE = YES;
				IPHONEOS_DEPLOYMENT_TARGET = 17.4;
				MARKETING_VERSION = 1.0;
				PRODUCT_BUNDLE_IDENTIFIER = fm.playola.PlayolaRadioTests;
				PRODUCT_NAME = "$(TARGET_NAME)";
				SWIFT_EMIT_LOC_STRINGS = NO;
				SWIFT_VERSION = 5.0;
				TARGETED_DEVICE_FAMILY = "1,2";
				TEST_HOST = "$(BUILT_PRODUCTS_DIR)/PlayolaRadio.app/$(BUNDLE_EXECUTABLE_FOLDER_PATH)/PlayolaRadio";
			};
			name = Release;
		};
		D3536A2C2BFA4F4A006942D6 /* Debug */ = {
			isa = XCBuildConfiguration;
			buildSettings = {
				ALWAYS_EMBED_SWIFT_STANDARD_LIBRARIES = YES;
				CODE_SIGN_STYLE = Automatic;
				CURRENT_PROJECT_VERSION = 1;
				DEVELOPMENT_TEAM = 896JR349G2;
				GENERATE_INFOPLIST_FILE = YES;
				MARKETING_VERSION = 1.0;
				PRODUCT_BUNDLE_IDENTIFIER = fm.playola.PlayolaRadioUITests;
				PRODUCT_NAME = "$(TARGET_NAME)";
				SWIFT_EMIT_LOC_STRINGS = NO;
				SWIFT_VERSION = 5.0;
				TARGETED_DEVICE_FAMILY = "1,2";
				TEST_TARGET_NAME = PlayolaRadio;
			};
			name = Debug;
		};
		D3536A2D2BFA4F4A006942D6 /* Release */ = {
			isa = XCBuildConfiguration;
			buildSettings = {
				ALWAYS_EMBED_SWIFT_STANDARD_LIBRARIES = YES;
				CODE_SIGN_STYLE = Automatic;
				CURRENT_PROJECT_VERSION = 1;
				DEVELOPMENT_TEAM = 896JR349G2;
				GENERATE_INFOPLIST_FILE = YES;
				MARKETING_VERSION = 1.0;
				PRODUCT_BUNDLE_IDENTIFIER = fm.playola.PlayolaRadioUITests;
				PRODUCT_NAME = "$(TARGET_NAME)";
				SWIFT_EMIT_LOC_STRINGS = NO;
				SWIFT_VERSION = 5.0;
				TARGETED_DEVICE_FAMILY = "1,2";
				TEST_TARGET_NAME = PlayolaRadio;
			};
			name = Release;
		};
/* End XCBuildConfiguration section */

/* Begin XCConfigurationList section */
		D35369FC2BFA4F49006942D6 /* Build configuration list for PBXProject "PlayolaRadio" */ = {
			isa = XCConfigurationList;
			buildConfigurations = (
				D3536A232BFA4F4A006942D6 /* Debug */,
				D3536A242BFA4F4A006942D6 /* Release */,
			);
			defaultConfigurationIsVisible = 0;
			defaultConfigurationName = Release;
		};
		D3536A252BFA4F4A006942D6 /* Build configuration list for PBXNativeTarget "PlayolaRadio" */ = {
			isa = XCConfigurationList;
			buildConfigurations = (
				D3536A262BFA4F4A006942D6 /* Debug */,
				D3536A272BFA4F4A006942D6 /* Release */,
			);
			defaultConfigurationIsVisible = 0;
			defaultConfigurationName = Release;
		};
		D3536A282BFA4F4A006942D6 /* Build configuration list for PBXNativeTarget "PlayolaRadioTests" */ = {
			isa = XCConfigurationList;
			buildConfigurations = (
				D3536A292BFA4F4A006942D6 /* Debug */,
				D3536A2A2BFA4F4A006942D6 /* Release */,
			);
			defaultConfigurationIsVisible = 0;
			defaultConfigurationName = Release;
		};
		D3536A2B2BFA4F4A006942D6 /* Build configuration list for PBXNativeTarget "PlayolaRadioUITests" */ = {
			isa = XCConfigurationList;
			buildConfigurations = (
				D3536A2C2BFA4F4A006942D6 /* Debug */,
				D3536A2D2BFA4F4A006942D6 /* Release */,
			);
			defaultConfigurationIsVisible = 0;
			defaultConfigurationName = Release;
		};
/* End XCConfigurationList section */

/* Begin XCRemoteSwiftPackageReference section */
		D3536A2E2BFA5523006942D6 /* XCRemoteSwiftPackageReference "swift-composable-architecture" */ = {
			isa = XCRemoteSwiftPackageReference;
			repositoryURL = "https://github.com/pointfreeco/swift-composable-architecture";
			requirement = {
				kind = upToNextMajorVersion;
				minimumVersion = 1.10.4;
			};
		};
		D3536A332BFA64DC006942D6 /* XCRemoteSwiftPackageReference "FRadioPlayer" */ = {
			isa = XCRemoteSwiftPackageReference;
			repositoryURL = "https://github.com/fethica/FRadioPlayer";
			requirement = {
				branch = v0.2.1;
				kind = branch;
			};
		};
		D3D6878D2D14BFB300881D2C /* XCRemoteSwiftPackageReference "Alamofire" */ = {
			isa = XCRemoteSwiftPackageReference;
			repositoryURL = "https://github.com/Alamofire/Alamofire.git";
			requirement = {
				kind = upToNextMajorVersion;
				minimumVersion = 5.10.2;
			};
		};
/* End XCRemoteSwiftPackageReference section */

/* Begin XCSwiftPackageProductDependency section */
		D3536A2F2BFA5523006942D6 /* ComposableArchitecture */ = {
			isa = XCSwiftPackageProductDependency;
			package = D3536A2E2BFA5523006942D6 /* XCRemoteSwiftPackageReference "swift-composable-architecture" */;
			productName = ComposableArchitecture;
		};
		D3536A342BFA64DC006942D6 /* FRadioPlayer */ = {
			isa = XCSwiftPackageProductDependency;
			package = D3536A332BFA64DC006942D6 /* XCRemoteSwiftPackageReference "FRadioPlayer" */;
			productName = FRadioPlayer;
		};
		D3D6878E2D14BFB300881D2C /* Alamofire */ = {
			isa = XCSwiftPackageProductDependency;
			package = D3D6878D2D14BFB300881D2C /* XCRemoteSwiftPackageReference "Alamofire" */;
			productName = Alamofire;
		};
/* End XCSwiftPackageProductDependency section */
	};
	rootObject = D35369F92BFA4F49006942D6 /* Project object */;
}
