// !$*UTF8*$!
{
	archiveVersion = 1;
	classes = {
	};
	objectVersion = 56;
	objects = {

/* Begin PBXBuildFile section */
		D3137DBB2D3976580070033A /* PlayolaAlert.swift in Sources */ = {isa = PBXBuildFile; fileRef = D3137DBA2D3976550070033A /* PlayolaAlert.swift */; };
		D3137DBD2D397FD10070033A /* AboutPageTests.swift in Sources */ = {isa = PBXBuildFile; fileRef = D3137DBC2D397FBA0070033A /* AboutPageTests.swift */; };
		D3137DC02D39818E0070033A /* MailServiceMock.swift in Sources */ = {isa = PBXBuildFile; fileRef = D3137DBF2D3981880070033A /* MailServiceMock.swift */; };
		D3137DC22D39B5070070033A /* StationListPageTests.swift in Sources */ = {isa = PBXBuildFile; fileRef = D3137DC12D39B4FC0070033A /* StationListPageTests.swift */; };
		D3137DC42D39B5E60070033A /* APIMock.swift in Sources */ = {isa = PBXBuildFile; fileRef = D3137DC32D39B5E40070033A /* APIMock.swift */; };
		D3137DC62D39BEE00070033A /* URLStreamPlayerMock.swift in Sources */ = {isa = PBXBuildFile; fileRef = D3137DC52D39BEDD0070033A /* URLStreamPlayerMock.swift */; };
		D3137DC82D3A92EC0070033A /* NowPlayingPage.swift in Sources */ = {isa = PBXBuildFile; fileRef = D3137DC72D3A92E70070033A /* NowPlayingPage.swift */; };
		D3137DCA2D3A9F940070033A /* NowPlayingPageTests.swift in Sources */ = {isa = PBXBuildFile; fileRef = D3137DC92D3A9F8E0070033A /* NowPlayingPageTests.swift */; };
		D3137DCF2D3AA1E40070033A /* PlayolaSheet.swift in Sources */ = {isa = PBXBuildFile; fileRef = D3137DCE2D3AA1E10070033A /* PlayolaSheet.swift */; };
		D3137DD22D3ABB520070033A /* GenericNowPlaying.swift in Sources */ = {isa = PBXBuildFile; fileRef = D3137DD12D3ABB4F0070033A /* GenericNowPlaying.swift */; };
		D3137DD42D3AC9BE0070033A /* EnumTypeEquatableProtocol.swift in Sources */ = {isa = PBXBuildFile; fileRef = D3137DD32D3AC9B40070033A /* EnumTypeEquatableProtocol.swift */; };
		D3137DD62D3AD2CC0070033A /* AirPlayView.swift in Sources */ = {isa = PBXBuildFile; fileRef = D3137DD52D3AD2C90070033A /* AirPlayView.swift */; };
		D31C43A82D3C19640021AAE4 /* StationPlayer.swift in Sources */ = {isa = PBXBuildFile; fileRef = D31C43A72D3C195B0021AAE4 /* StationPlayer.swift */; };
		D31C43AA2D3C39110021AAE4 /* StationPlayerMock.swift in Sources */ = {isa = PBXBuildFile; fileRef = D31C43A92D3C390C0021AAE4 /* StationPlayerMock.swift */; };
		D31C43AC2D3C65840021AAE4 /* NavigationCoordinatorMock.swift in Sources */ = {isa = PBXBuildFile; fileRef = D31C43AB2D3C657F0021AAE4 /* NavigationCoordinatorMock.swift */; };
		D31C43D42D3C783B0021AAE4 /* PlayolaPlayer in Frameworks */ = {isa = PBXBuildFile; productRef = D31C43D32D3C783B0021AAE4 /* PlayolaPlayer */; };
		D339E5622BFD0FD800B9E35B /* NowPlayingSmallView.swift in Sources */ = {isa = PBXBuildFile; fileRef = D339E55E2BFD0FD800B9E35B /* NowPlayingSmallView.swift */; };
		D339E5632BFD0FD800B9E35B /* AirplayButton.swift in Sources */ = {isa = PBXBuildFile; fileRef = D339E55F2BFD0FD800B9E35B /* AirplayButton.swift */; };
		D339E5642BFD0FD800B9E35B /* StationListCellView.swift in Sources */ = {isa = PBXBuildFile; fileRef = D339E5602BFD0FD800B9E35B /* StationListCellView.swift */; };
		D339E5652BFD0FD800B9E35B /* NowPlayingEqAnimation.swift in Sources */ = {isa = PBXBuildFile; fileRef = D339E5612BFD0FD800B9E35B /* NowPlayingEqAnimation.swift */; };
		D339E5672BFD10AE00B9E35B /* StationListPage.swift in Sources */ = {isa = PBXBuildFile; fileRef = D339E5662BFD10AE00B9E35B /* StationListPage.swift */; };
		D339E5692BFD1C0800B9E35B /* API.swift in Sources */ = {isa = PBXBuildFile; fileRef = D339E5682BFD1C0800B9E35B /* API.swift */; };
		D339E56D2BFD2FAB00B9E35B /* URLStreamPlayer.swift in Sources */ = {isa = PBXBuildFile; fileRef = D339E56C2BFD2FAB00B9E35B /* URLStreamPlayer.swift */; };
		D339E56F2BFD306600B9E35B /* FRadioPlayerMetadata+Equatable.swift in Sources */ = {isa = PBXBuildFile; fileRef = D339E56E2BFD306600B9E35B /* FRadioPlayerMetadata+Equatable.swift */; };
		D339E5712BFD322F00B9E35B /* StationPlayerClient.swift in Sources */ = {isa = PBXBuildFile; fileRef = D339E5702BFD322F00B9E35B /* StationPlayerClient.swift */; };
		D339E5742BFD32C600B9E35B /* APIClient.swift in Sources */ = {isa = PBXBuildFile; fileRef = D339E5732BFD32C600B9E35B /* APIClient.swift */; };
		D339E5762BFD419400B9E35B /* AboutPage.swift in Sources */ = {isa = PBXBuildFile; fileRef = D339E5752BFD419400B9E35B /* AboutPage.swift */; };
		D339E57C2BFD698600B9E35B /* Mail.swift in Sources */ = {isa = PBXBuildFile; fileRef = D339E57B2BFD698600B9E35B /* Mail.swift */; };
		D339E57E2BFD750700B9E35B /* MailClient.swift in Sources */ = {isa = PBXBuildFile; fileRef = D339E57D2BFD750700B9E35B /* MailClient.swift */; };
		D3536A052BFA4F49006942D6 /* PlayolaRadioApp.swift in Sources */ = {isa = PBXBuildFile; fileRef = D3536A042BFA4F49006942D6 /* PlayolaRadioApp.swift */; };
		D3536A072BFA4F49006942D6 /* ContentView.swift in Sources */ = {isa = PBXBuildFile; fileRef = D3536A062BFA4F49006942D6 /* ContentView.swift */; };
		D3536A092BFA4F4A006942D6 /* Assets.xcassets in Resources */ = {isa = PBXBuildFile; fileRef = D3536A082BFA4F4A006942D6 /* Assets.xcassets */; };
		D3536A0C2BFA4F4A006942D6 /* Preview Assets.xcassets in Resources */ = {isa = PBXBuildFile; fileRef = D3536A0B2BFA4F4A006942D6 /* Preview Assets.xcassets */; };
		D3536A162BFA4F4A006942D6 /* PlayolaRadioTests.swift in Sources */ = {isa = PBXBuildFile; fileRef = D3536A152BFA4F4A006942D6 /* PlayolaRadioTests.swift */; };
		D3536A302BFA5523006942D6 /* ComposableArchitecture in Frameworks */ = {isa = PBXBuildFile; productRef = D3536A2F2BFA5523006942D6 /* ComposableArchitecture */; };
		D3536A322BFA64AB006942D6 /* StationList.swift in Sources */ = {isa = PBXBuildFile; fileRef = D3536A312BFA64AB006942D6 /* StationList.swift */; };
		D3536A3A2BFA6520006942D6 /* Bundle+Misc.swift in Sources */ = {isa = PBXBuildFile; fileRef = D3536A362BFA6520006942D6 /* Bundle+Misc.swift */; };
		D3536A3B2BFA6520006942D6 /* Color+Hex.swift in Sources */ = {isa = PBXBuildFile; fileRef = D3536A372BFA6520006942D6 /* Color+Hex.swift */; };
		D3536A3C2BFA6520006942D6 /* UIImage+Cache.swift in Sources */ = {isa = PBXBuildFile; fileRef = D3536A382BFA6520006942D6 /* UIImage+Cache.swift */; };
		D35673B02D3DC55900E4E926 /* CarPlaySceneDelegate.swift in Sources */ = {isa = PBXBuildFile; fileRef = D35673AF2D3DC54F00E4E926 /* CarPlaySceneDelegate.swift */; };
		D35673B22D3DC59300E4E926 /* RadioStation.swift in Sources */ = {isa = PBXBuildFile; fileRef = D35673B12D3DC59100E4E926 /* RadioStation.swift */; };
		D35673B42D3DC6D100E4E926 /* TrackingService.swift in Sources */ = {isa = PBXBuildFile; fileRef = D35673B32D3DC6CE00E4E926 /* TrackingService.swift */; };
		D35673B72D3DC6EC00E4E926 /* Mixpanel in Frameworks */ = {isa = PBXBuildFile; productRef = D35673B62D3DC6EC00E4E926 /* Mixpanel */; };
		D35673BA2D3DC9EE00E4E926 /* Config.swift in Sources */ = {isa = PBXBuildFile; fileRef = D35673B92D3DC9ED00E4E926 /* Config.swift */; };
		D35673BE2D3DCA2600E4E926 /* Secrets.xcconfig in Resources */ = {isa = PBXBuildFile; fileRef = D35673BD2D3DCA1E00E4E926 /* Secrets.xcconfig */; };
		D35673C02D3DCA3F00E4E926 /* Secrets-Example.xcconfig in Resources */ = {isa = PBXBuildFile; fileRef = D35673BF2D3DCA3600E4E926 /* Secrets-Example.xcconfig */; };
		D35673C32D3E872600E4E926 /* CPListItem+InitWithRemoteUrl.swift in Sources */ = {isa = PBXBuildFile; fileRef = D35673C22D3E871800E4E926 /* CPListItem+InitWithRemoteUrl.swift */; };
		D35673C62D3E91BD00E4E926 /* MainSceneDelegate.swift in Sources */ = {isa = PBXBuildFile; fileRef = D35673C52D3E91B900E4E926 /* MainSceneDelegate.swift */; };
		D35673C82D3EBFBA00E4E926 /* NowPlayingUpdater.swift in Sources */ = {isa = PBXBuildFile; fileRef = D35673C72D3EBFB000E4E926 /* NowPlayingUpdater.swift */; };
		D35673CB2D3EE5E900E4E926 /* Secrets-Development.xcconfig in Resources */ = {isa = PBXBuildFile; fileRef = D35673CA2D3EE5E100E4E926 /* Secrets-Development.xcconfig */; };
		D3B662682D3F58E700975D2F /* FRadioPlayer in Frameworks */ = {isa = PBXBuildFile; productRef = D3B662672D3F58E700975D2F /* FRadioPlayer */; };
		D3B6626A2D40103C00975D2F /* SignInPage.swift in Sources */ = {isa = PBXBuildFile; fileRef = D3B662692D40103800975D2F /* SignInPage.swift */; };
		D3B6626D2D4016C200975D2F /* NavigationCoordinator.swift in Sources */ = {isa = PBXBuildFile; fileRef = D3B6626C2D4016BF00975D2F /* NavigationCoordinator.swift */; };
		D3B662702D40352500975D2F /* Alamofire in Frameworks */ = {isa = PBXBuildFile; productRef = D3B6626F2D40352500975D2F /* Alamofire */; };
		D3B662722D4161E100975D2F /* AppleSignInInfo.swift in Sources */ = {isa = PBXBuildFile; fileRef = D3B662712D41618500975D2F /* AppleSignInInfo.swift */; };
		D3B662742D419C3300975D2F /* LoggedInUser.swift in Sources */ = {isa = PBXBuildFile; fileRef = D3B662732D419C3100975D2F /* LoggedInUser.swift */; };
		D3B662762D41B0D200975D2F /* SignInPageTests.swift in Sources */ = {isa = PBXBuildFile; fileRef = D3B662752D41B0C700975D2F /* SignInPageTests.swift */; };
		D3B662C32D4272F900975D2F /* Secrets-Local.xcconfig in Resources */ = {isa = PBXBuildFile; fileRef = D3B662C22D4272ED00975D2F /* Secrets-Local.xcconfig */; };
		D3CE19032D3C825C0091B888 /* PlayolaPlayer in Frameworks */ = {isa = PBXBuildFile; productRef = D3CE19022D3C825C0091B888 /* PlayolaPlayer */; };
		D3CE19052D3CA6180091B888 /* SharedUserDefaults.swift in Sources */ = {isa = PBXBuildFile; fileRef = D3CE19042D3CA6150091B888 /* SharedUserDefaults.swift */; };
/* End PBXBuildFile section */

/* Begin PBXContainerItemProxy section */
		D3536A122BFA4F4A006942D6 /* PBXContainerItemProxy */ = {
			isa = PBXContainerItemProxy;
			containerPortal = D35369F92BFA4F49006942D6 /* Project object */;
			proxyType = 1;
			remoteGlobalIDString = D3536A002BFA4F49006942D6;
			remoteInfo = PlayolaRadio;
		};
/* End PBXContainerItemProxy section */

/* Begin PBXFileReference section */
		D3137DBA2D3976550070033A /* PlayolaAlert.swift */ = {isa = PBXFileReference; lastKnownFileType = sourcecode.swift; path = PlayolaAlert.swift; sourceTree = "<group>"; };
		D3137DBC2D397FBA0070033A /* AboutPageTests.swift */ = {isa = PBXFileReference; lastKnownFileType = sourcecode.swift; path = AboutPageTests.swift; sourceTree = "<group>"; };
		D3137DBF2D3981880070033A /* MailServiceMock.swift */ = {isa = PBXFileReference; lastKnownFileType = sourcecode.swift; path = MailServiceMock.swift; sourceTree = "<group>"; };
		D3137DC12D39B4FC0070033A /* StationListPageTests.swift */ = {isa = PBXFileReference; lastKnownFileType = sourcecode.swift; path = StationListPageTests.swift; sourceTree = "<group>"; };
		D3137DC32D39B5E40070033A /* APIMock.swift */ = {isa = PBXFileReference; lastKnownFileType = sourcecode.swift; path = APIMock.swift; sourceTree = "<group>"; };
		D3137DC52D39BEDD0070033A /* URLStreamPlayerMock.swift */ = {isa = PBXFileReference; lastKnownFileType = sourcecode.swift; path = URLStreamPlayerMock.swift; sourceTree = "<group>"; };
		D3137DC72D3A92E70070033A /* NowPlayingPage.swift */ = {isa = PBXFileReference; lastKnownFileType = sourcecode.swift; path = NowPlayingPage.swift; sourceTree = "<group>"; };
		D3137DC92D3A9F8E0070033A /* NowPlayingPageTests.swift */ = {isa = PBXFileReference; lastKnownFileType = sourcecode.swift; path = NowPlayingPageTests.swift; sourceTree = "<group>"; };
		D3137DCE2D3AA1E10070033A /* PlayolaSheet.swift */ = {isa = PBXFileReference; lastKnownFileType = sourcecode.swift; path = PlayolaSheet.swift; sourceTree = "<group>"; };
		D3137DD12D3ABB4F0070033A /* GenericNowPlaying.swift */ = {isa = PBXFileReference; lastKnownFileType = sourcecode.swift; path = GenericNowPlaying.swift; sourceTree = "<group>"; };
		D3137DD32D3AC9B40070033A /* EnumTypeEquatableProtocol.swift */ = {isa = PBXFileReference; lastKnownFileType = sourcecode.swift; path = EnumTypeEquatableProtocol.swift; sourceTree = "<group>"; };
		D3137DD52D3AD2C90070033A /* AirPlayView.swift */ = {isa = PBXFileReference; lastKnownFileType = sourcecode.swift; path = AirPlayView.swift; sourceTree = "<group>"; };
		D31C43A72D3C195B0021AAE4 /* StationPlayer.swift */ = {isa = PBXFileReference; lastKnownFileType = sourcecode.swift; path = StationPlayer.swift; sourceTree = "<group>"; };
		D31C43A92D3C390C0021AAE4 /* StationPlayerMock.swift */ = {isa = PBXFileReference; lastKnownFileType = sourcecode.swift; path = StationPlayerMock.swift; sourceTree = "<group>"; };
		D31C43AB2D3C657F0021AAE4 /* NavigationCoordinatorMock.swift */ = {isa = PBXFileReference; lastKnownFileType = sourcecode.swift; path = NavigationCoordinatorMock.swift; sourceTree = "<group>"; };
		D339E55E2BFD0FD800B9E35B /* NowPlayingSmallView.swift */ = {isa = PBXFileReference; fileEncoding = 4; lastKnownFileType = sourcecode.swift; path = NowPlayingSmallView.swift; sourceTree = "<group>"; };
		D339E55F2BFD0FD800B9E35B /* AirplayButton.swift */ = {isa = PBXFileReference; fileEncoding = 4; lastKnownFileType = sourcecode.swift; path = AirplayButton.swift; sourceTree = "<group>"; };
		D339E5602BFD0FD800B9E35B /* StationListCellView.swift */ = {isa = PBXFileReference; fileEncoding = 4; lastKnownFileType = sourcecode.swift; path = StationListCellView.swift; sourceTree = "<group>"; };
		D339E5612BFD0FD800B9E35B /* NowPlayingEqAnimation.swift */ = {isa = PBXFileReference; fileEncoding = 4; lastKnownFileType = sourcecode.swift; path = NowPlayingEqAnimation.swift; sourceTree = "<group>"; };
		D339E5662BFD10AE00B9E35B /* StationListPage.swift */ = {isa = PBXFileReference; lastKnownFileType = sourcecode.swift; path = StationListPage.swift; sourceTree = "<group>"; };
		D339E5682BFD1C0800B9E35B /* API.swift */ = {isa = PBXFileReference; lastKnownFileType = sourcecode.swift; path = API.swift; sourceTree = "<group>"; };
		D339E56C2BFD2FAB00B9E35B /* URLStreamPlayer.swift */ = {isa = PBXFileReference; lastKnownFileType = sourcecode.swift; path = URLStreamPlayer.swift; sourceTree = "<group>"; };
		D339E56E2BFD306600B9E35B /* FRadioPlayerMetadata+Equatable.swift */ = {isa = PBXFileReference; lastKnownFileType = sourcecode.swift; path = "FRadioPlayerMetadata+Equatable.swift"; sourceTree = "<group>"; };
		D339E5702BFD322F00B9E35B /* StationPlayerClient.swift */ = {isa = PBXFileReference; lastKnownFileType = sourcecode.swift; path = StationPlayerClient.swift; sourceTree = "<group>"; };
		D339E5732BFD32C600B9E35B /* APIClient.swift */ = {isa = PBXFileReference; lastKnownFileType = sourcecode.swift; path = APIClient.swift; sourceTree = "<group>"; };
		D339E5752BFD419400B9E35B /* AboutPage.swift */ = {isa = PBXFileReference; lastKnownFileType = sourcecode.swift; path = AboutPage.swift; sourceTree = "<group>"; };
		D339E57B2BFD698600B9E35B /* Mail.swift */ = {isa = PBXFileReference; lastKnownFileType = sourcecode.swift; path = Mail.swift; sourceTree = "<group>"; };
		D339E57D2BFD750700B9E35B /* MailClient.swift */ = {isa = PBXFileReference; lastKnownFileType = sourcecode.swift; path = MailClient.swift; sourceTree = "<group>"; };
		D3536A012BFA4F49006942D6 /* PlayolaRadio.app */ = {isa = PBXFileReference; explicitFileType = wrapper.application; includeInIndex = 0; path = PlayolaRadio.app; sourceTree = BUILT_PRODUCTS_DIR; };
		D3536A042BFA4F49006942D6 /* PlayolaRadioApp.swift */ = {isa = PBXFileReference; lastKnownFileType = sourcecode.swift; path = PlayolaRadioApp.swift; sourceTree = "<group>"; };
		D3536A062BFA4F49006942D6 /* ContentView.swift */ = {isa = PBXFileReference; lastKnownFileType = sourcecode.swift; path = ContentView.swift; sourceTree = "<group>"; };
		D3536A082BFA4F4A006942D6 /* Assets.xcassets */ = {isa = PBXFileReference; lastKnownFileType = folder.assetcatalog; path = Assets.xcassets; sourceTree = "<group>"; };
		D3536A0B2BFA4F4A006942D6 /* Preview Assets.xcassets */ = {isa = PBXFileReference; lastKnownFileType = folder.assetcatalog; path = "Preview Assets.xcassets"; sourceTree = "<group>"; };
		D3536A112BFA4F4A006942D6 /* PlayolaRadioTests.xctest */ = {isa = PBXFileReference; explicitFileType = wrapper.cfbundle; includeInIndex = 0; path = PlayolaRadioTests.xctest; sourceTree = BUILT_PRODUCTS_DIR; };
		D3536A152BFA4F4A006942D6 /* PlayolaRadioTests.swift */ = {isa = PBXFileReference; lastKnownFileType = sourcecode.swift; path = PlayolaRadioTests.swift; sourceTree = "<group>"; };
		D3536A312BFA64AB006942D6 /* StationList.swift */ = {isa = PBXFileReference; lastKnownFileType = sourcecode.swift; path = StationList.swift; sourceTree = "<group>"; };
		D3536A362BFA6520006942D6 /* Bundle+Misc.swift */ = {isa = PBXFileReference; fileEncoding = 4; lastKnownFileType = sourcecode.swift; path = "Bundle+Misc.swift"; sourceTree = "<group>"; };
		D3536A372BFA6520006942D6 /* Color+Hex.swift */ = {isa = PBXFileReference; fileEncoding = 4; lastKnownFileType = sourcecode.swift; path = "Color+Hex.swift"; sourceTree = "<group>"; };
		D3536A382BFA6520006942D6 /* UIImage+Cache.swift */ = {isa = PBXFileReference; fileEncoding = 4; lastKnownFileType = sourcecode.swift; path = "UIImage+Cache.swift"; sourceTree = "<group>"; };
		D35673AF2D3DC54F00E4E926 /* CarPlaySceneDelegate.swift */ = {isa = PBXFileReference; lastKnownFileType = sourcecode.swift; path = CarPlaySceneDelegate.swift; sourceTree = "<group>"; };
		D35673B12D3DC59100E4E926 /* RadioStation.swift */ = {isa = PBXFileReference; lastKnownFileType = sourcecode.swift; path = RadioStation.swift; sourceTree = "<group>"; };
		D35673B32D3DC6CE00E4E926 /* TrackingService.swift */ = {isa = PBXFileReference; lastKnownFileType = sourcecode.swift; path = TrackingService.swift; sourceTree = "<group>"; };
		D35673B92D3DC9ED00E4E926 /* Config.swift */ = {isa = PBXFileReference; lastKnownFileType = sourcecode.swift; path = Config.swift; sourceTree = "<group>"; };
		D35673BD2D3DCA1E00E4E926 /* Secrets.xcconfig */ = {isa = PBXFileReference; lastKnownFileType = text.xcconfig; path = Secrets.xcconfig; sourceTree = "<group>"; };
		D35673BF2D3DCA3600E4E926 /* Secrets-Example.xcconfig */ = {isa = PBXFileReference; lastKnownFileType = text.xcconfig; path = "Secrets-Example.xcconfig"; sourceTree = "<group>"; };
		D35673C12D3DCF6000E4E926 /* Info.plist */ = {isa = PBXFileReference; lastKnownFileType = text.plist; path = Info.plist; sourceTree = "<group>"; };
		D35673C22D3E871800E4E926 /* CPListItem+InitWithRemoteUrl.swift */ = {isa = PBXFileReference; lastKnownFileType = sourcecode.swift; path = "CPListItem+InitWithRemoteUrl.swift"; sourceTree = "<group>"; };
		D35673C42D3E8E1E00E4E926 /* PlayolaRadio.entitlements */ = {isa = PBXFileReference; lastKnownFileType = text.plist.entitlements; path = PlayolaRadio.entitlements; sourceTree = "<group>"; };
		D35673C52D3E91B900E4E926 /* MainSceneDelegate.swift */ = {isa = PBXFileReference; lastKnownFileType = sourcecode.swift; path = MainSceneDelegate.swift; sourceTree = "<group>"; };
		D35673C72D3EBFB000E4E926 /* NowPlayingUpdater.swift */ = {isa = PBXFileReference; lastKnownFileType = sourcecode.swift; path = NowPlayingUpdater.swift; sourceTree = "<group>"; };
		D35673CA2D3EE5E100E4E926 /* Secrets-Development.xcconfig */ = {isa = PBXFileReference; lastKnownFileType = text.xcconfig; path = "Secrets-Development.xcconfig"; sourceTree = "<group>"; };
		D3B662692D40103800975D2F /* SignInPage.swift */ = {isa = PBXFileReference; lastKnownFileType = sourcecode.swift; path = SignInPage.swift; sourceTree = "<group>"; };
		D3B6626C2D4016BF00975D2F /* NavigationCoordinator.swift */ = {isa = PBXFileReference; lastKnownFileType = sourcecode.swift; path = NavigationCoordinator.swift; sourceTree = "<group>"; };
		D3B662712D41618500975D2F /* AppleSignInInfo.swift */ = {isa = PBXFileReference; lastKnownFileType = sourcecode.swift; path = AppleSignInInfo.swift; sourceTree = "<group>"; };
		D3B662732D419C3100975D2F /* LoggedInUser.swift */ = {isa = PBXFileReference; lastKnownFileType = sourcecode.swift; path = LoggedInUser.swift; sourceTree = "<group>"; };
		D3B662752D41B0C700975D2F /* SignInPageTests.swift */ = {isa = PBXFileReference; lastKnownFileType = sourcecode.swift; path = SignInPageTests.swift; sourceTree = "<group>"; };
		D3B662BC2D4270F700975D2F /* PlayolaRadio copy-Info.plist */ = {isa = PBXFileReference; lastKnownFileType = text.plist.xml; name = "PlayolaRadio copy-Info.plist"; path = "/Users/brian/code/playolaRadioVersions/composable-1/PlayolaRadio copy-Info.plist"; sourceTree = "<absolute>"; };
		D3B662C22D4272ED00975D2F /* Secrets-Local.xcconfig */ = {isa = PBXFileReference; lastKnownFileType = text.xcconfig; path = "Secrets-Local.xcconfig"; sourceTree = "<group>"; };
		D3CE19042D3CA6150091B888 /* SharedUserDefaults.swift */ = {isa = PBXFileReference; lastKnownFileType = sourcecode.swift; path = SharedUserDefaults.swift; sourceTree = "<group>"; };
/* End PBXFileReference section */

/* Begin PBXFrameworksBuildPhase section */
		D35369FE2BFA4F49006942D6 /* Frameworks */ = {
			isa = PBXFrameworksBuildPhase;
			buildActionMask = 2147483647;
			files = (
				D3CE19032D3C825C0091B888 /* PlayolaPlayer in Frameworks */,
				D35673B72D3DC6EC00E4E926 /* Mixpanel in Frameworks */,
				D31C43D42D3C783B0021AAE4 /* PlayolaPlayer in Frameworks */,
				D3B662702D40352500975D2F /* Alamofire in Frameworks */,
				D3536A302BFA5523006942D6 /* ComposableArchitecture in Frameworks */,
				D3B662682D3F58E700975D2F /* FRadioPlayer in Frameworks */,
			);
			runOnlyForDeploymentPostprocessing = 0;
		};
		D3536A0E2BFA4F4A006942D6 /* Frameworks */ = {
			isa = PBXFrameworksBuildPhase;
			buildActionMask = 2147483647;
			files = (
			);
			runOnlyForDeploymentPostprocessing = 0;
		};
/* End PBXFrameworksBuildPhase section */

/* Begin PBXGroup section */
		D3137DBE2D3981750070033A /* Mocks */ = {
			isa = PBXGroup;
			children = (
				D31C43AB2D3C657F0021AAE4 /* NavigationCoordinatorMock.swift */,
				D31C43A92D3C390C0021AAE4 /* StationPlayerMock.swift */,
				D3137DC52D39BEDD0070033A /* URLStreamPlayerMock.swift */,
				D3137DC32D39B5E40070033A /* APIMock.swift */,
				D3137DBF2D3981880070033A /* MailServiceMock.swift */,
			);
			path = Mocks;
			sourceTree = "<group>";
		};
		D3137DCB2D3A9F9E0070033A /* NowPlayingPage */ = {
			isa = PBXGroup;
			children = (
				D3137DC72D3A92E70070033A /* NowPlayingPage.swift */,
				D3137DC92D3A9F8E0070033A /* NowPlayingPageTests.swift */,
			);
			path = NowPlayingPage;
			sourceTree = "<group>";
		};
		D3137DCC2D3A9FAA0070033A /* StationListPage */ = {
			isa = PBXGroup;
			children = (
				D339E5662BFD10AE00B9E35B /* StationListPage.swift */,
				D3137DC12D39B4FC0070033A /* StationListPageTests.swift */,
			);
			path = StationListPage;
			sourceTree = "<group>";
		};
		D3137DCD2D3A9FD20070033A /* AboutPage */ = {
			isa = PBXGroup;
			children = (
				D339E5752BFD419400B9E35B /* AboutPage.swift */,
				D3137DBC2D397FBA0070033A /* AboutPageTests.swift */,
			);
			path = AboutPage;
			sourceTree = "<group>";
		};
		D3137DD02D3ABB490070033A /* Models */ = {
			isa = PBXGroup;
			children = (
				D3B662732D419C3100975D2F /* LoggedInUser.swift */,
				D3B662712D41618500975D2F /* AppleSignInInfo.swift */,
				D35673B12D3DC59100E4E926 /* RadioStation.swift */,
				D3137DD12D3ABB4F0070033A /* GenericNowPlaying.swift */,
				D3536A312BFA64AB006942D6 /* StationList.swift */,
			);
			path = Models;
			sourceTree = "<group>";
		};
		D339E55A2BFD0CE200B9E35B /* Dependencies */ = {
			isa = PBXGroup;
			children = (
				D35673B32D3DC6CE00E4E926 /* TrackingService.swift */,
				D31C43A72D3C195B0021AAE4 /* StationPlayer.swift */,
				D339E5722BFD32A100B9E35B /* Clients */,
				D339E5682BFD1C0800B9E35B /* API.swift */,
				D339E56C2BFD2FAB00B9E35B /* URLStreamPlayer.swift */,
				D339E57B2BFD698600B9E35B /* Mail.swift */,
			);
			path = Dependencies;
			sourceTree = "<group>";
		};
		D339E55B2BFD0CEE00B9E35B /* Views */ = {
			isa = PBXGroup;
			children = (
				D339E55D2BFD0FC200B9E35B /* Components */,
				D339E55C2BFD0FB000B9E35B /* Pages */,
			);
			path = Views;
			sourceTree = "<group>";
		};
		D339E55C2BFD0FB000B9E35B /* Pages */ = {
			isa = PBXGroup;
			children = (
				D3B662772D41B10600975D2F /* SignInPage */,
				D3137DCB2D3A9F9E0070033A /* NowPlayingPage */,
				D3536A062BFA4F49006942D6 /* ContentView.swift */,
				D3137DCC2D3A9FAA0070033A /* StationListPage */,
				D3137DCD2D3A9FD20070033A /* AboutPage */,
			);
			path = Pages;
			sourceTree = "<group>";
		};
		D339E55D2BFD0FC200B9E35B /* Components */ = {
			isa = PBXGroup;
			children = (
				D3137DD52D3AD2C90070033A /* AirPlayView.swift */,
				D3137DCE2D3AA1E10070033A /* PlayolaSheet.swift */,
				D3137DBA2D3976550070033A /* PlayolaAlert.swift */,
				D339E55F2BFD0FD800B9E35B /* AirplayButton.swift */,
				D339E5612BFD0FD800B9E35B /* NowPlayingEqAnimation.swift */,
				D339E55E2BFD0FD800B9E35B /* NowPlayingSmallView.swift */,
				D339E5602BFD0FD800B9E35B /* StationListCellView.swift */,
			);
			path = Components;
			sourceTree = "<group>";
		};
		D339E5722BFD32A100B9E35B /* Clients */ = {
			isa = PBXGroup;
			children = (
				D339E5702BFD322F00B9E35B /* StationPlayerClient.swift */,
				D339E5732BFD32C600B9E35B /* APIClient.swift */,
				D339E57D2BFD750700B9E35B /* MailClient.swift */,
			);
			path = Clients;
			sourceTree = "<group>";
		};
		D35369F82BFA4F49006942D6 = {
			isa = PBXGroup;
			children = (
				D3536A032BFA4F49006942D6 /* PlayolaRadio */,
				D3536A142BFA4F4A006942D6 /* PlayolaRadioTests */,
				D3B662BC2D4270F700975D2F /* PlayolaRadio copy-Info.plist */,
				D3536A022BFA4F49006942D6 /* Products */,
			);
			sourceTree = "<group>";
		};
		D3536A022BFA4F49006942D6 /* Products */ = {
			isa = PBXGroup;
			children = (
				D3536A012BFA4F49006942D6 /* PlayolaRadio.app */,
				D3536A112BFA4F4A006942D6 /* PlayolaRadioTests.xctest */,
			);
			name = Products;
			sourceTree = "<group>";
		};
		D3536A032BFA4F49006942D6 /* PlayolaRadio */ = {
			isa = PBXGroup;
			children = (
				D3B6626B2D4016B900975D2F /* Services */,
				D35673C72D3EBFB000E4E926 /* NowPlayingUpdater.swift */,
				D35673C42D3E8E1E00E4E926 /* PlayolaRadio.entitlements */,
				D35673C12D3DCF6000E4E926 /* Info.plist */,
				D35673B82D3DC9DE00E4E926 /* Config */,
				D35673AE2D3DC54300E4E926 /* CarPlay */,
				D339E55A2BFD0CE200B9E35B /* Dependencies */,
				D3536A392BFA6520006942D6 /* Extensions */,
				D339E55B2BFD0CEE00B9E35B /* Views */,
				D3536A082BFA4F4A006942D6 /* Assets.xcassets */,
				D3536A0A2BFA4F4A006942D6 /* Preview Content */,
				D3137DD02D3ABB490070033A /* Models */,
				D3536A042BFA4F49006942D6 /* PlayolaRadioApp.swift */,
			);
			path = PlayolaRadio;
			sourceTree = "<group>";
		};
		D3536A0A2BFA4F4A006942D6 /* Preview Content */ = {
			isa = PBXGroup;
			children = (
				D3536A0B2BFA4F4A006942D6 /* Preview Assets.xcassets */,
			);
			path = "Preview Content";
			sourceTree = "<group>";
		};
		D3536A142BFA4F4A006942D6 /* PlayolaRadioTests */ = {
			isa = PBXGroup;
			children = (
				D3137DBE2D3981750070033A /* Mocks */,
				D3536A152BFA4F4A006942D6 /* PlayolaRadioTests.swift */,
			);
			path = PlayolaRadioTests;
			sourceTree = "<group>";
		};
		D3536A392BFA6520006942D6 /* Extensions */ = {
			isa = PBXGroup;
			children = (
				D35673C22D3E871800E4E926 /* CPListItem+InitWithRemoteUrl.swift */,
				D3137DD32D3AC9B40070033A /* EnumTypeEquatableProtocol.swift */,
				D3536A362BFA6520006942D6 /* Bundle+Misc.swift */,
				D3536A372BFA6520006942D6 /* Color+Hex.swift */,
				D3536A382BFA6520006942D6 /* UIImage+Cache.swift */,
				D339E56E2BFD306600B9E35B /* FRadioPlayerMetadata+Equatable.swift */,
			);
			path = Extensions;
			sourceTree = "<group>";
		};
		D35673AE2D3DC54300E4E926 /* CarPlay */ = {
			isa = PBXGroup;
			children = (
				D35673C52D3E91B900E4E926 /* MainSceneDelegate.swift */,
				D35673AF2D3DC54F00E4E926 /* CarPlaySceneDelegate.swift */,
			);
			path = CarPlay;
			sourceTree = "<group>";
		};
		D35673B82D3DC9DE00E4E926 /* Config */ = {
			isa = PBXGroup;
			children = (
				D3B662C22D4272ED00975D2F /* Secrets-Local.xcconfig */,
				D35673CA2D3EE5E100E4E926 /* Secrets-Development.xcconfig */,
				D35673BF2D3DCA3600E4E926 /* Secrets-Example.xcconfig */,
				D35673BD2D3DCA1E00E4E926 /* Secrets.xcconfig */,
				D35673B92D3DC9ED00E4E926 /* Config.swift */,
			);
			path = Config;
			sourceTree = "<group>";
		};
		D3B6626B2D4016B900975D2F /* Services */ = {
			isa = PBXGroup;
			children = (
				D3CE19042D3CA6150091B888 /* SharedUserDefaults.swift */,
				D3B6626C2D4016BF00975D2F /* NavigationCoordinator.swift */,
			);
			path = Services;
			sourceTree = "<group>";
		};
		D3B662772D41B10600975D2F /* SignInPage */ = {
			isa = PBXGroup;
			children = (
				D3B662692D40103800975D2F /* SignInPage.swift */,
				D3B662752D41B0C700975D2F /* SignInPageTests.swift */,
			);
			path = SignInPage;
			sourceTree = "<group>";
		};
/* End PBXGroup section */

/* Begin PBXNativeTarget section */
		D3536A002BFA4F49006942D6 /* PlayolaRadio */ = {
			isa = PBXNativeTarget;
			buildConfigurationList = D3536A252BFA4F4A006942D6 /* Build configuration list for PBXNativeTarget "PlayolaRadio" */;
			buildPhases = (
				D35369FD2BFA4F49006942D6 /* Sources */,
				D35369FE2BFA4F49006942D6 /* Frameworks */,
				D35369FF2BFA4F49006942D6 /* Resources */,
			);
			buildRules = (
			);
			dependencies = (
			);
			name = PlayolaRadio;
			packageProductDependencies = (
				D3536A2F2BFA5523006942D6 /* ComposableArchitecture */,
				D31C43D32D3C783B0021AAE4 /* PlayolaPlayer */,
				D3CE19022D3C825C0091B888 /* PlayolaPlayer */,
				D35673B62D3DC6EC00E4E926 /* Mixpanel */,
				D3B662672D3F58E700975D2F /* FRadioPlayer */,
				D3B6626F2D40352500975D2F /* Alamofire */,
			);
			productName = PlayolaRadio;
			productReference = D3536A012BFA4F49006942D6 /* PlayolaRadio.app */;
			productType = "com.apple.product-type.application";
		};
		D3536A102BFA4F4A006942D6 /* PlayolaRadioTests */ = {
			isa = PBXNativeTarget;
			buildConfigurationList = D3536A282BFA4F4A006942D6 /* Build configuration list for PBXNativeTarget "PlayolaRadioTests" */;
			buildPhases = (
				D3536A0D2BFA4F4A006942D6 /* Sources */,
				D3536A0E2BFA4F4A006942D6 /* Frameworks */,
				D3536A0F2BFA4F4A006942D6 /* Resources */,
			);
			buildRules = (
			);
			dependencies = (
				D3536A132BFA4F4A006942D6 /* PBXTargetDependency */,
			);
			name = PlayolaRadioTests;
			productName = PlayolaRadioTests;
			productReference = D3536A112BFA4F4A006942D6 /* PlayolaRadioTests.xctest */;
			productType = "com.apple.product-type.bundle.unit-test";
		};
/* End PBXNativeTarget section */

/* Begin PBXProject section */
		D35369F92BFA4F49006942D6 /* Project object */ = {
			isa = PBXProject;
			attributes = {
				BuildIndependentTargetsInParallel = 1;
				LastSwiftUpdateCheck = 1530;
				LastUpgradeCheck = 1530;
				TargetAttributes = {
					D3536A002BFA4F49006942D6 = {
						CreatedOnToolsVersion = 15.3;
					};
					D3536A102BFA4F4A006942D6 = {
						CreatedOnToolsVersion = 15.3;
						TestTargetID = D3536A002BFA4F49006942D6;
					};
				};
			};
			buildConfigurationList = D35369FC2BFA4F49006942D6 /* Build configuration list for PBXProject "PlayolaRadio" */;
			compatibilityVersion = "Xcode 14.0";
			developmentRegion = en;
			hasScannedForEncodings = 0;
			knownRegions = (
				en,
				Base,
			);
			mainGroup = D35369F82BFA4F49006942D6;
			packageReferences = (
				D3536A2E2BFA5523006942D6 /* XCRemoteSwiftPackageReference "swift-composable-architecture" */,
				D3CE19012D3C825C0091B888 /* XCRemoteSwiftPackageReference "PlayolaPlayer" */,
				D35673B52D3DC6EC00E4E926 /* XCRemoteSwiftPackageReference "mixpanel-swift" */,
				D3B662662D3F58E700975D2F /* XCRemoteSwiftPackageReference "FRadioPlayer" */,
				D3B6626E2D40352500975D2F /* XCRemoteSwiftPackageReference "Alamofire" */,
			);
			productRefGroup = D3536A022BFA4F49006942D6 /* Products */;
			projectDirPath = "";
			projectRoot = "";
			targets = (
				D3536A002BFA4F49006942D6 /* PlayolaRadio */,
				D3536A102BFA4F4A006942D6 /* PlayolaRadioTests */,
			);
		};
/* End PBXProject section */

/* Begin PBXResourcesBuildPhase section */
		D35369FF2BFA4F49006942D6 /* Resources */ = {
			isa = PBXResourcesBuildPhase;
			buildActionMask = 2147483647;
			files = (
				D3B662C32D4272F900975D2F /* Secrets-Local.xcconfig in Resources */,
				D3536A0C2BFA4F4A006942D6 /* Preview Assets.xcassets in Resources */,
				D35673C02D3DCA3F00E4E926 /* Secrets-Example.xcconfig in Resources */,
				D3536A092BFA4F4A006942D6 /* Assets.xcassets in Resources */,
				D35673CB2D3EE5E900E4E926 /* Secrets-Development.xcconfig in Resources */,
				D35673BE2D3DCA2600E4E926 /* Secrets.xcconfig in Resources */,
			);
			runOnlyForDeploymentPostprocessing = 0;
		};
		D3536A0F2BFA4F4A006942D6 /* Resources */ = {
			isa = PBXResourcesBuildPhase;
			buildActionMask = 2147483647;
			files = (
			);
			runOnlyForDeploymentPostprocessing = 0;
		};
/* End PBXResourcesBuildPhase section */

/* Begin PBXSourcesBuildPhase section */
		D35369FD2BFA4F49006942D6 /* Sources */ = {
			isa = PBXSourcesBuildPhase;
			buildActionMask = 2147483647;
			files = (
				D35673C62D3E91BD00E4E926 /* MainSceneDelegate.swift in Sources */,
				D35673B22D3DC59300E4E926 /* RadioStation.swift in Sources */,
				D339E5712BFD322F00B9E35B /* StationPlayerClient.swift in Sources */,
				D35673BA2D3DC9EE00E4E926 /* Config.swift in Sources */,
				D3B6626A2D40103C00975D2F /* SignInPage.swift in Sources */,
				D3536A3B2BFA6520006942D6 /* Color+Hex.swift in Sources */,
				D339E5622BFD0FD800B9E35B /* NowPlayingSmallView.swift in Sources */,
				D3137DBB2D3976580070033A /* PlayolaAlert.swift in Sources */,
				D339E5742BFD32C600B9E35B /* APIClient.swift in Sources */,
				D339E5652BFD0FD800B9E35B /* NowPlayingEqAnimation.swift in Sources */,
				D35673B02D3DC55900E4E926 /* CarPlaySceneDelegate.swift in Sources */,
				D35673C32D3E872600E4E926 /* CPListItem+InitWithRemoteUrl.swift in Sources */,
				D339E57E2BFD750700B9E35B /* MailClient.swift in Sources */,
				D339E56F2BFD306600B9E35B /* FRadioPlayerMetadata+Equatable.swift in Sources */,
				D3137DCF2D3AA1E40070033A /* PlayolaSheet.swift in Sources */,
				D31C43A82D3C19640021AAE4 /* StationPlayer.swift in Sources */,
				D339E5642BFD0FD800B9E35B /* StationListCellView.swift in Sources */,
				D339E57C2BFD698600B9E35B /* Mail.swift in Sources */,
				D3B662742D419C3300975D2F /* LoggedInUser.swift in Sources */,
				D3536A322BFA64AB006942D6 /* StationList.swift in Sources */,
				D339E5762BFD419400B9E35B /* AboutPage.swift in Sources */,
				D3137DD22D3ABB520070033A /* GenericNowPlaying.swift in Sources */,
				D3536A3C2BFA6520006942D6 /* UIImage+Cache.swift in Sources */,
				D3B6626D2D4016C200975D2F /* NavigationCoordinator.swift in Sources */,
				D3137DD42D3AC9BE0070033A /* EnumTypeEquatableProtocol.swift in Sources */,
				D339E5632BFD0FD800B9E35B /* AirplayButton.swift in Sources */,
				D35673C82D3EBFBA00E4E926 /* NowPlayingUpdater.swift in Sources */,
				D3536A3A2BFA6520006942D6 /* Bundle+Misc.swift in Sources */,
				D3CE19052D3CA6180091B888 /* SharedUserDefaults.swift in Sources */,
				D3B662722D4161E100975D2F /* AppleSignInInfo.swift in Sources */,
				D3536A072BFA4F49006942D6 /* ContentView.swift in Sources */,
				D3137DC82D3A92EC0070033A /* NowPlayingPage.swift in Sources */,
				D339E56D2BFD2FAB00B9E35B /* URLStreamPlayer.swift in Sources */,
				D3137DD62D3AD2CC0070033A /* AirPlayView.swift in Sources */,
				D339E5672BFD10AE00B9E35B /* StationListPage.swift in Sources */,
				D339E5692BFD1C0800B9E35B /* API.swift in Sources */,
				D35673B42D3DC6D100E4E926 /* TrackingService.swift in Sources */,
				D3536A052BFA4F49006942D6 /* PlayolaRadioApp.swift in Sources */,
			);
			runOnlyForDeploymentPostprocessing = 0;
		};
		D3536A0D2BFA4F4A006942D6 /* Sources */ = {
			isa = PBXSourcesBuildPhase;
			buildActionMask = 2147483647;
			files = (
				D3137DC42D39B5E60070033A /* APIMock.swift in Sources */,
				D3137DC02D39818E0070033A /* MailServiceMock.swift in Sources */,
				D3137DC62D39BEE00070033A /* URLStreamPlayerMock.swift in Sources */,
				D31C43AA2D3C39110021AAE4 /* StationPlayerMock.swift in Sources */,
				D3B662762D41B0D200975D2F /* SignInPageTests.swift in Sources */,
				D3137DC22D39B5070070033A /* StationListPageTests.swift in Sources */,
				D31C43AC2D3C65840021AAE4 /* NavigationCoordinatorMock.swift in Sources */,
				D3137DCA2D3A9F940070033A /* NowPlayingPageTests.swift in Sources */,
				D3536A162BFA4F4A006942D6 /* PlayolaRadioTests.swift in Sources */,
				D3137DBD2D397FD10070033A /* AboutPageTests.swift in Sources */,
			);
			runOnlyForDeploymentPostprocessing = 0;
		};
/* End PBXSourcesBuildPhase section */

/* Begin PBXTargetDependency section */
		D3536A132BFA4F4A006942D6 /* PBXTargetDependency */ = {
			isa = PBXTargetDependency;
			target = D3536A002BFA4F49006942D6 /* PlayolaRadio */;
			targetProxy = D3536A122BFA4F4A006942D6 /* PBXContainerItemProxy */;
		};
/* End PBXTargetDependency section */

/* Begin XCBuildConfiguration section */
		D3536A232BFA4F4A006942D6 /* Debug */ = {
			isa = XCBuildConfiguration;
			buildSettings = {
				ALWAYS_SEARCH_USER_PATHS = NO;
				ASSETCATALOG_COMPILER_GENERATE_SWIFT_ASSET_SYMBOL_EXTENSIONS = YES;
				CLANG_ANALYZER_NONNULL = YES;
				CLANG_ANALYZER_NUMBER_OBJECT_CONVERSION = YES_AGGRESSIVE;
				CLANG_CXX_LANGUAGE_STANDARD = "gnu++20";
				CLANG_ENABLE_MODULES = YES;
				CLANG_ENABLE_OBJC_ARC = YES;
				CLANG_ENABLE_OBJC_WEAK = YES;
				CLANG_WARN_BLOCK_CAPTURE_AUTORELEASING = YES;
				CLANG_WARN_BOOL_CONVERSION = YES;
				CLANG_WARN_COMMA = YES;
				CLANG_WARN_CONSTANT_CONVERSION = YES;
				CLANG_WARN_DEPRECATED_OBJC_IMPLEMENTATIONS = YES;
				CLANG_WARN_DIRECT_OBJC_ISA_USAGE = YES_ERROR;
				CLANG_WARN_DOCUMENTATION_COMMENTS = YES;
				CLANG_WARN_EMPTY_BODY = YES;
				CLANG_WARN_ENUM_CONVERSION = YES;
				CLANG_WARN_INFINITE_RECURSION = YES;
				CLANG_WARN_INT_CONVERSION = YES;
				CLANG_WARN_NON_LITERAL_NULL_CONVERSION = YES;
				CLANG_WARN_OBJC_IMPLICIT_RETAIN_SELF = YES;
				CLANG_WARN_OBJC_LITERAL_CONVERSION = YES;
				CLANG_WARN_OBJC_ROOT_CLASS = YES_ERROR;
				CLANG_WARN_QUOTED_INCLUDE_IN_FRAMEWORK_HEADER = YES;
				CLANG_WARN_RANGE_LOOP_ANALYSIS = YES;
				CLANG_WARN_STRICT_PROTOTYPES = YES;
				CLANG_WARN_SUSPICIOUS_MOVE = YES;
				CLANG_WARN_UNGUARDED_AVAILABILITY = YES_AGGRESSIVE;
				CLANG_WARN_UNREACHABLE_CODE = YES;
				CLANG_WARN__DUPLICATE_METHOD_MATCH = YES;
				COPY_PHASE_STRIP = NO;
				DEBUG_INFORMATION_FORMAT = dwarf;
				ENABLE_STRICT_OBJC_MSGSEND = YES;
				ENABLE_TESTABILITY = YES;
				ENABLE_USER_SCRIPT_SANDBOXING = YES;
				GCC_C_LANGUAGE_STANDARD = gnu17;
				GCC_DYNAMIC_NO_PIC = NO;
				GCC_NO_COMMON_BLOCKS = YES;
				GCC_OPTIMIZATION_LEVEL = 0;
				GCC_PREPROCESSOR_DEFINITIONS = (
					"DEBUG=1",
					"$(inherited)",
				);
				GCC_WARN_64_TO_32_BIT_CONVERSION = YES;
				GCC_WARN_ABOUT_RETURN_TYPE = YES_ERROR;
				GCC_WARN_UNDECLARED_SELECTOR = YES;
				GCC_WARN_UNINITIALIZED_AUTOS = YES_AGGRESSIVE;
				GCC_WARN_UNUSED_FUNCTION = YES;
				GCC_WARN_UNUSED_VARIABLE = YES;
				IPHONEOS_DEPLOYMENT_TARGET = 18.0;
				LOCALIZATION_PREFERS_STRING_CATALOGS = YES;
				MTL_ENABLE_DEBUG_INFO = INCLUDE_SOURCE;
				MTL_FAST_MATH = YES;
				ONLY_ACTIVE_ARCH = YES;
				SDKROOT = iphoneos;
				SWIFT_ACTIVE_COMPILATION_CONDITIONS = "DEBUG $(inherited)";
				SWIFT_OPTIMIZATION_LEVEL = "-Onone";
			};
			name = Debug;
		};
		D3536A242BFA4F4A006942D6 /* Release */ = {
			isa = XCBuildConfiguration;
			buildSettings = {
				ALWAYS_SEARCH_USER_PATHS = NO;
				ASSETCATALOG_COMPILER_GENERATE_SWIFT_ASSET_SYMBOL_EXTENSIONS = YES;
				CLANG_ANALYZER_NONNULL = YES;
				CLANG_ANALYZER_NUMBER_OBJECT_CONVERSION = YES_AGGRESSIVE;
				CLANG_CXX_LANGUAGE_STANDARD = "gnu++20";
				CLANG_ENABLE_MODULES = YES;
				CLANG_ENABLE_OBJC_ARC = YES;
				CLANG_ENABLE_OBJC_WEAK = YES;
				CLANG_WARN_BLOCK_CAPTURE_AUTORELEASING = YES;
				CLANG_WARN_BOOL_CONVERSION = YES;
				CLANG_WARN_COMMA = YES;
				CLANG_WARN_CONSTANT_CONVERSION = YES;
				CLANG_WARN_DEPRECATED_OBJC_IMPLEMENTATIONS = YES;
				CLANG_WARN_DIRECT_OBJC_ISA_USAGE = YES_ERROR;
				CLANG_WARN_DOCUMENTATION_COMMENTS = YES;
				CLANG_WARN_EMPTY_BODY = YES;
				CLANG_WARN_ENUM_CONVERSION = YES;
				CLANG_WARN_INFINITE_RECURSION = YES;
				CLANG_WARN_INT_CONVERSION = YES;
				CLANG_WARN_NON_LITERAL_NULL_CONVERSION = YES;
				CLANG_WARN_OBJC_IMPLICIT_RETAIN_SELF = YES;
				CLANG_WARN_OBJC_LITERAL_CONVERSION = YES;
				CLANG_WARN_OBJC_ROOT_CLASS = YES_ERROR;
				CLANG_WARN_QUOTED_INCLUDE_IN_FRAMEWORK_HEADER = YES;
				CLANG_WARN_RANGE_LOOP_ANALYSIS = YES;
				CLANG_WARN_STRICT_PROTOTYPES = YES;
				CLANG_WARN_SUSPICIOUS_MOVE = YES;
				CLANG_WARN_UNGUARDED_AVAILABILITY = YES_AGGRESSIVE;
				CLANG_WARN_UNREACHABLE_CODE = YES;
				CLANG_WARN__DUPLICATE_METHOD_MATCH = YES;
				COPY_PHASE_STRIP = NO;
				DEBUG_INFORMATION_FORMAT = "dwarf-with-dsym";
				ENABLE_NS_ASSERTIONS = NO;
				ENABLE_STRICT_OBJC_MSGSEND = YES;
				ENABLE_USER_SCRIPT_SANDBOXING = YES;
				GCC_C_LANGUAGE_STANDARD = gnu17;
				GCC_NO_COMMON_BLOCKS = YES;
				GCC_WARN_64_TO_32_BIT_CONVERSION = YES;
				GCC_WARN_ABOUT_RETURN_TYPE = YES_ERROR;
				GCC_WARN_UNDECLARED_SELECTOR = YES;
				GCC_WARN_UNINITIALIZED_AUTOS = YES_AGGRESSIVE;
				GCC_WARN_UNUSED_FUNCTION = YES;
				GCC_WARN_UNUSED_VARIABLE = YES;
				IPHONEOS_DEPLOYMENT_TARGET = 18.0;
				LOCALIZATION_PREFERS_STRING_CATALOGS = YES;
				MTL_ENABLE_DEBUG_INFO = NO;
				MTL_FAST_MATH = YES;
				SDKROOT = iphoneos;
				SWIFT_COMPILATION_MODE = wholemodule;
				VALIDATE_PRODUCT = YES;
			};
			name = Release;
		};
		D3536A262BFA4F4A006942D6 /* Debug */ = {
			isa = XCBuildConfiguration;
			baseConfigurationReference = D35673CA2D3EE5E100E4E926 /* Secrets-Development.xcconfig */;
			buildSettings = {
				ASSETCATALOG_COMPILER_APPICON_NAME = AppIcon;
				ASSETCATALOG_COMPILER_GLOBAL_ACCENT_COLOR_NAME = AccentColor;
				CODE_SIGN_ENTITLEMENTS = PlayolaRadio/PlayolaRadio.entitlements;
				CODE_SIGN_IDENTITY = "Apple Development";
				CODE_SIGN_STYLE = Automatic;
				CURRENT_PROJECT_VERSION = 17;
				DEVELOPMENT_ASSET_PATHS = "\"PlayolaRadio/Preview Content\"";
				DEVELOPMENT_TEAM = FSRSPV9N9Q;
				ENABLE_PREVIEWS = YES;
				GENERATE_INFOPLIST_FILE = YES;
				INFOPLIST_FILE = PlayolaRadio/Info.plist;
				INFOPLIST_KEY_CFBundleDisplayName = "";
				INFOPLIST_KEY_LSApplicationCategoryType = "";
				INFOPLIST_KEY_UIApplicationSupportsIndirectInputEvents = YES;
				INFOPLIST_KEY_UILaunchScreen_Generation = YES;
				INFOPLIST_KEY_UISupportedInterfaceOrientations_iPad = "UIInterfaceOrientationPortrait UIInterfaceOrientationPortraitUpsideDown UIInterfaceOrientationLandscapeLeft UIInterfaceOrientationLandscapeRight";
				INFOPLIST_KEY_UISupportedInterfaceOrientations_iPhone = "UIInterfaceOrientationPortrait UIInterfaceOrientationLandscapeLeft UIInterfaceOrientationLandscapeRight";
				IPHONEOS_DEPLOYMENT_TARGET = 18.0;
				LD_RUNPATH_SEARCH_PATHS = (
					"$(inherited)",
					"@executable_path/Frameworks",
				);
				MARKETING_VERSION = 3.1.0;
				PRODUCT_BUNDLE_IDENTIFIER = fm.playola.playolaradio;
				PRODUCT_NAME = "$(TARGET_NAME)";
				PROVISIONING_PROFILE_SPECIFIER = "";
				SWIFT_EMIT_LOC_STRINGS = YES;
				SWIFT_VERSION = 5.0;
				TARGETED_DEVICE_FAMILY = "1,2";
			};
			name = Debug;
		};
		D3536A272BFA4F4A006942D6 /* Release */ = {
			isa = XCBuildConfiguration;
			baseConfigurationReference = D35673BD2D3DCA1E00E4E926 /* Secrets.xcconfig */;
			buildSettings = {
				ASSETCATALOG_COMPILER_APPICON_NAME = AppIcon;
				ASSETCATALOG_COMPILER_GLOBAL_ACCENT_COLOR_NAME = AccentColor;
				CODE_SIGN_ENTITLEMENTS = PlayolaRadio/PlayolaRadio.entitlements;
				CODE_SIGN_IDENTITY = "Apple Development";
				CODE_SIGN_STYLE = Automatic;
				CURRENT_PROJECT_VERSION = 17;
				DEVELOPMENT_ASSET_PATHS = "\"PlayolaRadio/Preview Content\"";
				DEVELOPMENT_TEAM = FSRSPV9N9Q;
				ENABLE_PREVIEWS = YES;
				GENERATE_INFOPLIST_FILE = YES;
				INFOPLIST_FILE = PlayolaRadio/Info.plist;
				INFOPLIST_KEY_CFBundleDisplayName = "";
				INFOPLIST_KEY_LSApplicationCategoryType = "";
				INFOPLIST_KEY_UIApplicationSupportsIndirectInputEvents = YES;
				INFOPLIST_KEY_UILaunchScreen_Generation = YES;
				INFOPLIST_KEY_UISupportedInterfaceOrientations_iPad = "UIInterfaceOrientationPortrait UIInterfaceOrientationPortraitUpsideDown UIInterfaceOrientationLandscapeLeft UIInterfaceOrientationLandscapeRight";
				INFOPLIST_KEY_UISupportedInterfaceOrientations_iPhone = "UIInterfaceOrientationPortrait UIInterfaceOrientationLandscapeLeft UIInterfaceOrientationLandscapeRight";
				IPHONEOS_DEPLOYMENT_TARGET = 18.0;
				LD_RUNPATH_SEARCH_PATHS = (
					"$(inherited)",
					"@executable_path/Frameworks",
				);
				MARKETING_VERSION = 3.1.0;
				PRODUCT_BUNDLE_IDENTIFIER = fm.playola.playolaradio;
				PRODUCT_NAME = "$(TARGET_NAME)";
				PROVISIONING_PROFILE_SPECIFIER = "";
				SWIFT_EMIT_LOC_STRINGS = YES;
				SWIFT_VERSION = 5.0;
				TARGETED_DEVICE_FAMILY = "1,2";
			};
			name = Release;
		};
		D3536A292BFA4F4A006942D6 /* Debug */ = {
			isa = XCBuildConfiguration;
			buildSettings = {
				BUNDLE_LOADER = "$(TEST_HOST)";
				CODE_SIGN_STYLE = Automatic;
				CURRENT_PROJECT_VERSION = 1;
				DEVELOPMENT_TEAM = 896JR349G2;
				GENERATE_INFOPLIST_FILE = YES;
				IPHONEOS_DEPLOYMENT_TARGET = 18.0;
				MARKETING_VERSION = 1.0;
				PRODUCT_BUNDLE_IDENTIFIER = fm.playola.PlayolaRadioTests;
				PRODUCT_NAME = "$(TARGET_NAME)";
				SWIFT_EMIT_LOC_STRINGS = NO;
				SWIFT_VERSION = 5.0;
				TARGETED_DEVICE_FAMILY = "1,2";
				TEST_HOST = "$(BUILT_PRODUCTS_DIR)/PlayolaRadio.app/$(BUNDLE_EXECUTABLE_FOLDER_PATH)/PlayolaRadio";
			};
			name = Debug;
		};
		D3536A2A2BFA4F4A006942D6 /* Release */ = {
			isa = XCBuildConfiguration;
			buildSettings = {
				BUNDLE_LOADER = "$(TEST_HOST)";
				CODE_SIGN_STYLE = Automatic;
				CURRENT_PROJECT_VERSION = 1;
				DEVELOPMENT_TEAM = 896JR349G2;
				GENERATE_INFOPLIST_FILE = YES;
				IPHONEOS_DEPLOYMENT_TARGET = 18.0;
				MARKETING_VERSION = 1.0;
				PRODUCT_BUNDLE_IDENTIFIER = fm.playola.PlayolaRadioTests;
				PRODUCT_NAME = "$(TARGET_NAME)";
				SWIFT_EMIT_LOC_STRINGS = NO;
				SWIFT_VERSION = 5.0;
				TARGETED_DEVICE_FAMILY = "1,2";
				TEST_HOST = "$(BUILT_PRODUCTS_DIR)/PlayolaRadio.app/$(BUNDLE_EXECUTABLE_FOLDER_PATH)/PlayolaRadio";
			};
			name = Release;
		};
		D3B662BD2D4272BD00975D2F /* Local-Debug */ = {
			isa = XCBuildConfiguration;
			buildSettings = {
				ALWAYS_SEARCH_USER_PATHS = NO;
				ASSETCATALOG_COMPILER_GENERATE_SWIFT_ASSET_SYMBOL_EXTENSIONS = YES;
				CLANG_ANALYZER_NONNULL = YES;
				CLANG_ANALYZER_NUMBER_OBJECT_CONVERSION = YES_AGGRESSIVE;
				CLANG_CXX_LANGUAGE_STANDARD = "gnu++20";
				CLANG_ENABLE_MODULES = YES;
				CLANG_ENABLE_OBJC_ARC = YES;
				CLANG_ENABLE_OBJC_WEAK = YES;
				CLANG_WARN_BLOCK_CAPTURE_AUTORELEASING = YES;
				CLANG_WARN_BOOL_CONVERSION = YES;
				CLANG_WARN_COMMA = YES;
				CLANG_WARN_CONSTANT_CONVERSION = YES;
				CLANG_WARN_DEPRECATED_OBJC_IMPLEMENTATIONS = YES;
				CLANG_WARN_DIRECT_OBJC_ISA_USAGE = YES_ERROR;
				CLANG_WARN_DOCUMENTATION_COMMENTS = YES;
				CLANG_WARN_EMPTY_BODY = YES;
				CLANG_WARN_ENUM_CONVERSION = YES;
				CLANG_WARN_INFINITE_RECURSION = YES;
				CLANG_WARN_INT_CONVERSION = YES;
				CLANG_WARN_NON_LITERAL_NULL_CONVERSION = YES;
				CLANG_WARN_OBJC_IMPLICIT_RETAIN_SELF = YES;
				CLANG_WARN_OBJC_LITERAL_CONVERSION = YES;
				CLANG_WARN_OBJC_ROOT_CLASS = YES_ERROR;
				CLANG_WARN_QUOTED_INCLUDE_IN_FRAMEWORK_HEADER = YES;
				CLANG_WARN_RANGE_LOOP_ANALYSIS = YES;
				CLANG_WARN_STRICT_PROTOTYPES = YES;
				CLANG_WARN_SUSPICIOUS_MOVE = YES;
				CLANG_WARN_UNGUARDED_AVAILABILITY = YES_AGGRESSIVE;
				CLANG_WARN_UNREACHABLE_CODE = YES;
				CLANG_WARN__DUPLICATE_METHOD_MATCH = YES;
				COPY_PHASE_STRIP = NO;
				DEBUG_INFORMATION_FORMAT = dwarf;
				ENABLE_STRICT_OBJC_MSGSEND = YES;
				ENABLE_TESTABILITY = YES;
				ENABLE_USER_SCRIPT_SANDBOXING = YES;
				GCC_C_LANGUAGE_STANDARD = gnu17;
				GCC_DYNAMIC_NO_PIC = NO;
				GCC_NO_COMMON_BLOCKS = YES;
				GCC_OPTIMIZATION_LEVEL = 0;
				GCC_PREPROCESSOR_DEFINITIONS = (
					"DEBUG=1",
					"$(inherited)",
				);
				GCC_WARN_64_TO_32_BIT_CONVERSION = YES;
				GCC_WARN_ABOUT_RETURN_TYPE = YES_ERROR;
				GCC_WARN_UNDECLARED_SELECTOR = YES;
				GCC_WARN_UNINITIALIZED_AUTOS = YES_AGGRESSIVE;
				GCC_WARN_UNUSED_FUNCTION = YES;
				GCC_WARN_UNUSED_VARIABLE = YES;
				IPHONEOS_DEPLOYMENT_TARGET = 18.0;
				LOCALIZATION_PREFERS_STRING_CATALOGS = YES;
				MTL_ENABLE_DEBUG_INFO = INCLUDE_SOURCE;
				MTL_FAST_MATH = YES;
				ONLY_ACTIVE_ARCH = YES;
				SDKROOT = iphoneos;
				SWIFT_ACTIVE_COMPILATION_CONDITIONS = "DEBUG $(inherited)";
				SWIFT_OPTIMIZATION_LEVEL = "-Onone";
			};
			name = "Local-Debug";
		};
		D3B662BE2D4272BD00975D2F /* Local-Debug */ = {
			isa = XCBuildConfiguration;
			baseConfigurationReference = D3B662C22D4272ED00975D2F /* Secrets-Local.xcconfig */;
			buildSettings = {
				ASSETCATALOG_COMPILER_APPICON_NAME = AppIcon;
				ASSETCATALOG_COMPILER_GLOBAL_ACCENT_COLOR_NAME = AccentColor;
				CODE_SIGN_ENTITLEMENTS = PlayolaRadio/PlayolaRadio.entitlements;
				CODE_SIGN_IDENTITY = "Apple Development";
				CODE_SIGN_STYLE = Automatic;
				CURRENT_PROJECT_VERSION = 17;
				DEVELOPMENT_ASSET_PATHS = "\"PlayolaRadio/Preview Content\"";
				DEVELOPMENT_TEAM = FSRSPV9N9Q;
				ENABLE_PREVIEWS = YES;
				GENERATE_INFOPLIST_FILE = YES;
				INFOPLIST_FILE = PlayolaRadio/Info.plist;
				INFOPLIST_KEY_CFBundleDisplayName = "";
				INFOPLIST_KEY_LSApplicationCategoryType = "";
				INFOPLIST_KEY_UIApplicationSupportsIndirectInputEvents = YES;
				INFOPLIST_KEY_UILaunchScreen_Generation = YES;
				INFOPLIST_KEY_UISupportedInterfaceOrientations_iPad = "UIInterfaceOrientationPortrait UIInterfaceOrientationPortraitUpsideDown UIInterfaceOrientationLandscapeLeft UIInterfaceOrientationLandscapeRight";
				INFOPLIST_KEY_UISupportedInterfaceOrientations_iPhone = "UIInterfaceOrientationPortrait UIInterfaceOrientationLandscapeLeft UIInterfaceOrientationLandscapeRight";
				IPHONEOS_DEPLOYMENT_TARGET = 18.0;
				LD_RUNPATH_SEARCH_PATHS = (
					"$(inherited)",
					"@executable_path/Frameworks",
				);
				MARKETING_VERSION = 3.1.0;
				PRODUCT_BUNDLE_IDENTIFIER = fm.playola.playolaradio;
				PRODUCT_NAME = "$(TARGET_NAME)";
				PROVISIONING_PROFILE_SPECIFIER = "";
				SWIFT_EMIT_LOC_STRINGS = YES;
				SWIFT_VERSION = 5.0;
				TARGETED_DEVICE_FAMILY = "1,2";
			};
			name = "Local-Debug";
		};
		D3B662C02D4272BD00975D2F /* Local-Debug */ = {
			isa = XCBuildConfiguration;
			buildSettings = {
				BUNDLE_LOADER = "$(TEST_HOST)";
				CODE_SIGN_STYLE = Automatic;
				CURRENT_PROJECT_VERSION = 1;
				DEVELOPMENT_TEAM = 896JR349G2;
				GENERATE_INFOPLIST_FILE = YES;
				IPHONEOS_DEPLOYMENT_TARGET = 18.0;
				MARKETING_VERSION = 1.0;
				PRODUCT_BUNDLE_IDENTIFIER = fm.playola.PlayolaRadioTests;
				PRODUCT_NAME = "$(TARGET_NAME)";
				SWIFT_EMIT_LOC_STRINGS = NO;
				SWIFT_VERSION = 5.0;
				TARGETED_DEVICE_FAMILY = "1,2";
				TEST_HOST = "$(BUILT_PRODUCTS_DIR)/PlayolaRadio.app/$(BUNDLE_EXECUTABLE_FOLDER_PATH)/PlayolaRadio";
			};
			name = "Local-Debug";
		};
/* End XCBuildConfiguration section */

/* Begin XCConfigurationList section */
		D35369FC2BFA4F49006942D6 /* Build configuration list for PBXProject "PlayolaRadio" */ = {
			isa = XCConfigurationList;
			buildConfigurations = (
				D3536A232BFA4F4A006942D6 /* Debug */,
				D3B662BD2D4272BD00975D2F /* Local-Debug */,
				D3536A242BFA4F4A006942D6 /* Release */,
			);
			defaultConfigurationIsVisible = 0;
			defaultConfigurationName = Release;
		};
		D3536A252BFA4F4A006942D6 /* Build configuration list for PBXNativeTarget "PlayolaRadio" */ = {
			isa = XCConfigurationList;
			buildConfigurations = (
				D3536A262BFA4F4A006942D6 /* Debug */,
				D3B662BE2D4272BD00975D2F /* Local-Debug */,
				D3536A272BFA4F4A006942D6 /* Release */,
			);
			defaultConfigurationIsVisible = 0;
			defaultConfigurationName = Release;
		};
		D3536A282BFA4F4A006942D6 /* Build configuration list for PBXNativeTarget "PlayolaRadioTests" */ = {
			isa = XCConfigurationList;
			buildConfigurations = (
				D3536A292BFA4F4A006942D6 /* Debug */,
				D3B662C02D4272BD00975D2F /* Local-Debug */,
				D3536A2A2BFA4F4A006942D6 /* Release */,
			);
			defaultConfigurationIsVisible = 0;
			defaultConfigurationName = Release;
		};
/* End XCConfigurationList section */

/* Begin XCRemoteSwiftPackageReference section */
		D3536A2E2BFA5523006942D6 /* XCRemoteSwiftPackageReference "swift-composable-architecture" */ = {
			isa = XCRemoteSwiftPackageReference;
			repositoryURL = "https://github.com/pointfreeco/swift-composable-architecture";
			requirement = {
				kind = upToNextMajorVersion;
				minimumVersion = 1.10.4;
			};
		};
		D35673B52D3DC6EC00E4E926 /* XCRemoteSwiftPackageReference "mixpanel-swift" */ = {
			isa = XCRemoteSwiftPackageReference;
			repositoryURL = "https://github.com/mixpanel/mixpanel-swift";
			requirement = {
				branch = master;
				kind = branch;
			};
		};
		D3B662662D3F58E700975D2F /* XCRemoteSwiftPackageReference "FRadioPlayer" */ = {
			isa = XCRemoteSwiftPackageReference;
			repositoryURL = "https://github.com/fethica/FRadioPlayer";
			requirement = {
				branch = v0.2.1;
				kind = branch;
			};
		};
		D3B6626E2D40352500975D2F /* XCRemoteSwiftPackageReference "Alamofire" */ = {
			isa = XCRemoteSwiftPackageReference;
			repositoryURL = "https://github.com/Alamofire/Alamofire.git";
			requirement = {
				kind = upToNextMajorVersion;
				minimumVersion = 5.10.2;
			};
		};
		D3CE19012D3C825C0091B888 /* XCRemoteSwiftPackageReference "PlayolaPlayer" */ = {
			isa = XCRemoteSwiftPackageReference;
			repositoryURL = "https://github.com/briankeane/PlayolaPlayer";
			requirement = {
				kind = upToNextMajorVersion;
				minimumVersion = 0.1.0;
			};
		};
/* End XCRemoteSwiftPackageReference section */

/* Begin XCSwiftPackageProductDependency section */
		D31C43D32D3C783B0021AAE4 /* PlayolaPlayer */ = {
			isa = XCSwiftPackageProductDependency;
			productName = PlayolaPlayer;
		};
		D3536A2F2BFA5523006942D6 /* ComposableArchitecture */ = {
			isa = XCSwiftPackageProductDependency;
			package = D3536A2E2BFA5523006942D6 /* XCRemoteSwiftPackageReference "swift-composable-architecture" */;
			productName = ComposableArchitecture;
		};
		D35673B62D3DC6EC00E4E926 /* Mixpanel */ = {
			isa = XCSwiftPackageProductDependency;
			package = D35673B52D3DC6EC00E4E926 /* XCRemoteSwiftPackageReference "mixpanel-swift" */;
			productName = Mixpanel;
		};
		D3B662672D3F58E700975D2F /* FRadioPlayer */ = {
			isa = XCSwiftPackageProductDependency;
			package = D3B662662D3F58E700975D2F /* XCRemoteSwiftPackageReference "FRadioPlayer" */;
			productName = FRadioPlayer;
		};
		D3B6626F2D40352500975D2F /* Alamofire */ = {
			isa = XCSwiftPackageProductDependency;
			package = D3B6626E2D40352500975D2F /* XCRemoteSwiftPackageReference "Alamofire" */;
			productName = Alamofire;
		};
		D3CE19022D3C825C0091B888 /* PlayolaPlayer */ = {
			isa = XCSwiftPackageProductDependency;
			package = D3CE19012D3C825C0091B888 /* XCRemoteSwiftPackageReference "PlayolaPlayer" */;
			productName = PlayolaPlayer;
		};
/* End XCSwiftPackageProductDependency section */
	};
	rootObject = D35369F92BFA4F49006942D6 /* Project object */;
}
